# Generated by conda-lock.
# platform: linux-64
# input_hash: c792822c8c18cb11dd1db0e07cdd939a55dabb6fe8ea8da7a0d967895c68b567
@EXPLICIT
https://conda.anaconda.org/conda-forge/linux-64/pandoc-2.16.2-h7f98852_0.tar.bz2#a33b21929f07f2d64f41a0e8593f16f0
https://conda.anaconda.org/bioconda/linux-64/vcfanno-0.3.3-h9ee0642_0.tar.bz2#82b981f73a437b6fe1bf9ce81a088633
https://conda.anaconda.org/conda-forge/linux-64/_libgcc_mutex-0.1-conda_forge.tar.bz2#d7c89558ba9fa0495403155b64376d81
https://conda.anaconda.org/conda-forge/linux-64/ca-certificates-2021.10.8-ha878542_0.tar.bz2#575611b8a84f45960e87722eeb51fa26
https://conda.anaconda.org/conda-forge/linux-64/ld_impl_linux-64-2.36.1-hea4e1c9_2.tar.bz2#bd4f2e711b39af170e7ff15163fe87ee
https://conda.anaconda.org/conda-forge/linux-64/libgfortran5-11.2.0-h5c6108e_11.tar.bz2#2dcb18a9a0fa31f4f29e5a9b3eade394
https://conda.anaconda.org/conda-forge/linux-64/libstdcxx-ng-11.2.0-he4da1e4_11.tar.bz2#0bf83958e788f1e75ba26154cb702afe
https://conda.anaconda.org/conda-forge/linux-64/libgfortran-ng-11.2.0-h69a702a_11.tar.bz2#4ea2f9f83b617a7682e8aa05dcb37c6a
https://conda.anaconda.org/conda-forge/linux-64/libgomp-11.2.0-h1d223b6_11.tar.bz2#1d16527c76842bf9c41e9399d39d8097
https://conda.anaconda.org/conda-forge/linux-64/_openmp_mutex-4.5-1_gnu.tar.bz2#561e277319a41d4f24f5c05a9ef63c04
https://conda.anaconda.org/conda-forge/linux-64/libgcc-ng-11.2.0-h1d223b6_11.tar.bz2#e3495f4f93cfd6b68021cbe2b5844cd5
https://conda.anaconda.org/conda-forge/linux-64/bzip2-1.0.8-h7f98852_4.tar.bz2#a1fd65c7ccbf10880423d82bca54eb54
https://conda.anaconda.org/conda-forge/linux-64/c-ares-1.18.1-h7f98852_0.tar.bz2#f26ef8098fab1f719c91eb760d63381a
https://conda.anaconda.org/bioconda/linux-64/clustalw-2.1-h7d875b9_6.tar.bz2#a37e307dfe34767e18ee983678d28c70
https://conda.anaconda.org/conda-forge/linux-64/expat-2.4.1-h9c3ff4c_0.tar.bz2#16054ef3cb3ec5d8d29d08772662f65d
https://conda.anaconda.org/conda-forge/linux-64/fribidi-1.0.10-h36c2ea0_0.tar.bz2#ac7bc6a654f8f41b352b38f4051135f8
https://conda.anaconda.org/conda-forge/linux-64/giflib-5.2.1-h36c2ea0_2.tar.bz2#626e68ae9cc5912d6adb79d318cf962d
https://conda.anaconda.org/conda-forge/linux-64/graphite2-1.3.13-h58526e2_1001.tar.bz2#8c54672728e8ec6aa6db90cf2806d220
https://conda.anaconda.org/conda-forge/linux-64/icu-68.2-h9c3ff4c_0.tar.bz2#6618c9b191638993f2a818c6529e1b49
https://conda.anaconda.org/conda-forge/linux-64/jpeg-9d-h36c2ea0_0.tar.bz2#ea02ce6037dbe81803ae6123e5ba1568
https://conda.anaconda.org/conda-forge/linux-64/libdb-6.2.32-h9c3ff4c_0.tar.bz2#3f3258d8f841fbac63b36b75bdac1afd
https://conda.anaconda.org/conda-forge/linux-64/libdeflate-1.6-h516909a_0.tar.bz2#e53e6f8cfc9deaa4b07e27e25e3371b0
https://conda.anaconda.org/conda-forge/linux-64/libev-4.33-h516909a_1.tar.bz2#6f8720dff19e17ce5d48cfe7f3d2f0a3
https://conda.anaconda.org/conda-forge/linux-64/libffi-3.4.2-h7f98852_5.tar.bz2#d645c6d2ac96843a2bfaccd2d62b3ac3
https://conda.anaconda.org/conda-forge/linux-64/libiconv-1.16-h516909a_0.tar.bz2#5c0f338a513a2943c659ae619fca9211
https://conda.anaconda.org/conda-forge/linux-64/libnsl-2.0.0-h7f98852_0.tar.bz2#39b1328babf85c7c3a61636d9cd50206
https://conda.anaconda.org/conda-forge/linux-64/libopenblas-0.3.18-pthreads_h8fe5266_0.tar.bz2#41532e4448c0cce086d6570f95e4e12e
https://conda.anaconda.org/conda-forge/linux-64/libtool-2.4.6-h9c3ff4c_1008.tar.bz2#16e143a1ed4b4fd169536373957f6fee
https://conda.anaconda.org/conda-forge/linux-64/libuuid-2.32.1-h7f98852_1000.tar.bz2#772d69f030955d9646d3d0eaf21d859d
https://conda.anaconda.org/conda-forge/linux-64/libzlib-1.2.11-h36c2ea0_1013.tar.bz2#dcddf696ff5dfcab567100d691678e18
https://conda.anaconda.org/conda-forge/linux-64/lz4-c-1.9.3-h9c3ff4c_1.tar.bz2#fbe97e8fa6f275d7c76a09e795adc3e6
https://conda.anaconda.org/conda-forge/linux-64/ncurses-6.2-h58526e2_4.tar.bz2#509f2a21c4a09214cd737a480dfd80c9
https://conda.anaconda.org/conda-forge/linux-64/openssl-1.1.1l-h7f98852_0.tar.bz2#de7b38a1542dbe6f41653a8ae71adc53
https://conda.anaconda.org/bioconda/linux-64/paml-4.9-h779adbc_6.tar.bz2#55ee983b74c38377b419ca91ab601fce
https://conda.anaconda.org/conda-forge/linux-64/pcre-8.45-h9c3ff4c_0.tar.bz2#c05d1820a6d34ff07aaaab7a9b7eddaa
https://conda.anaconda.org/conda-forge/linux-64/perl-5.26.2-h36c2ea0_1008.tar.bz2#880aa2aacfafa2bc69f7d42168fcee7d
https://conda.anaconda.org/conda-forge/linux-64/pixman-0.40.0-h36c2ea0_0.tar.bz2#660e72c82f2e75a6b3fe6a6e75c79f19
https://conda.anaconda.org/conda-forge/linux-64/pthread-stubs-0.4-h36c2ea0_1001.tar.bz2#22dad4df6e8630e8dff2428f6f6a7036
https://conda.anaconda.org/bioconda/linux-64/tidyp-1.04-h779adbc_3.tar.bz2#71ace33baf54641fbe19f283e9da0b12
https://conda.anaconda.org/conda-forge/linux-64/unzip-6.0-h7f98852_2.tar.bz2#24f72768ec2d6a6ac2706c85905beb29
https://conda.anaconda.org/conda-forge/linux-64/xorg-kbproto-1.0.7-h7f98852_1002.tar.bz2#4b230e8381279d76131116660f5a241a
https://conda.anaconda.org/conda-forge/linux-64/xorg-libice-1.0.10-h7f98852_0.tar.bz2#d6b0b50b49eccfe0be0373be628be0f3
https://conda.anaconda.org/conda-forge/linux-64/xorg-libxau-1.0.9-h7f98852_0.tar.bz2#bf6f803a544f26ebbdc3bfff272eb179
https://conda.anaconda.org/conda-forge/linux-64/xorg-libxdmcp-1.1.3-h7f98852_0.tar.bz2#be93aabceefa2fac576e971aef407908
https://conda.anaconda.org/conda-forge/linux-64/xorg-renderproto-0.11.1-h7f98852_1002.tar.bz2#06feff3d2634e3097ce2fe681474b534
https://conda.anaconda.org/conda-forge/linux-64/xorg-xextproto-7.3.0-h7f98852_1002.tar.bz2#1e15f6ad85a7d743a2ac68dae6c82b98
https://conda.anaconda.org/conda-forge/linux-64/xorg-xproto-7.0.31-h7f98852_1007.tar.bz2#b4a4381d54784606820704f7b5f05a15
https://conda.anaconda.org/conda-forge/linux-64/xz-5.2.5-h516909a_1.tar.bz2#33f601066901f3e1a85af3522a8113f9
https://conda.anaconda.org/conda-forge/linux-64/gettext-0.19.8.1-h73d1719_1008.tar.bz2#af49250eca8e139378f8ff0ae9e57251
https://conda.anaconda.org/conda-forge/linux-64/libblas-3.9.0-12_linux64_openblas.tar.bz2#4f93ba28c628a2c27cf39c055e6b219c
https://conda.anaconda.org/conda-forge/linux-64/libedit-3.1.20191231-he28a2e2_2.tar.bz2#4d331e44109e3f0e19b4cb8f9b82f3e1
https://conda.anaconda.org/conda-forge/linux-64/libxcb-1.13-h7f98852_1004.tar.bz2#b3653fdc58d03face9724f602218a904
https://conda.anaconda.org/conda-forge/linux-64/mysql-connector-c-6.1.11-h6eb9d5d_1007.tar.bz2#10300d974fbd414ed703be7ac9870c18
https://conda.anaconda.org/bioconda/linux-64/perl-algorithm-diff-1.1903-pl526_2.tar.bz2#4599aed943b7e8538a6eab5a9ad3f49f
https://conda.anaconda.org/bioconda/linux-64/perl-algorithm-munkres-0.08-pl526_1.tar.bz2#6b6f07a137705b8a11321c5d4f16bf38
https://conda.anaconda.org/bioconda/linux-64/perl-app-cpanminus-1.7044-pl526_1.tar.bz2#dcd34d99b75ca3feb8af1623a3859b20
https://conda.anaconda.org/bioconda/linux-64/perl-appconfig-1.71-pl526_1.tar.bz2#ce249bab46455b131908aa356c4b1277
https://conda.anaconda.org/bioconda/linux-64/perl-autoloader-5.74-pl526_2.tar.bz2#2db8980e46dbcbba3ecf62932d512087
https://conda.anaconda.org/bioconda/linux-64/perl-base-2.23-pl526_1.tar.bz2#03db12873cdeb00d4e8d02bcbf583a04
https://conda.anaconda.org/bioconda/linux-64/perl-capture-tiny-0.48-pl526_0.tar.bz2#8909e30032cdecdf407dd2eae7aff9dc
https://conda.anaconda.org/bioconda/linux-64/perl-class-data-inheritable-0.08-pl526_1.tar.bz2#e14ddc69cf2040a5e6578639a3cd4aa4
https://conda.anaconda.org/bioconda/linux-64/perl-class-inspector-1.34-pl526_0.tar.bz2#b530f218de761899c4d63759eadf28fc
https://conda.anaconda.org/bioconda/linux-64/perl-class-method-modifiers-2.12-pl526_0.tar.bz2#e395ece7e67b0f5e7ea2b2c0c628f2d5
https://conda.anaconda.org/bioconda/linux-64/perl-common-sense-3.74-pl526_2.tar.bz2#66f1c27dc24f6fc5d76d25cd9771f043
https://conda.anaconda.org/bioconda/linux-64/perl-compress-raw-bzip2-2.087-pl526he1b5a44_0.tar.bz2#452ca14d71cd5973a6db6998b50f30e3
https://conda.anaconda.org/bioconda/linux-64/perl-compress-raw-zlib-2.087-pl526hc9558a2_0.tar.bz2#6a7842c318054b9110268696ce2fe7be
https://conda.anaconda.org/bioconda/linux-64/perl-constant-1.33-pl526_1.tar.bz2#5037eea2bb962fab567d2d5ea43bc81a
https://conda.anaconda.org/bioconda/linux-64/perl-convert-binary-c-0.78-pl526h6bb024c_3.tar.bz2#4d3b23d40c53d03e38d777ea0c9a547b
https://conda.anaconda.org/bioconda/linux-64/perl-convert-binhex-1.125-pl526_1.tar.bz2#20f7f2f9158b5996c64f5747dcb1dbf2
https://conda.anaconda.org/bioconda/linux-64/perl-crypt-rc4-2.02-pl526_1.tar.bz2#bf0de5b85cc536e1293f2fc551feeccc
https://conda.anaconda.org/bioconda/linux-64/perl-data-dumper-2.173-pl526_0.tar.bz2#8057e13103637c6e8700c652d1b83682
https://conda.anaconda.org/bioconda/linux-64/perl-date-format-2.30-pl526_2.tar.bz2#68604a936e3f5241c5299ef1b37725dd
https://conda.anaconda.org/bioconda/linux-64/perl-db-file-1.855-pl526h516909a_0.tar.bz2#a234abd4c1aa57ef1f52f9b2d9be9b2c
https://conda.anaconda.org/bioconda/linux-64/perl-dbi-1.642-pl526_0.tar.bz2#539e75cef138499a204431ae72f3ade7
https://conda.anaconda.org/bioconda/noarch/perl-devel-stacktrace-2.04-pl526_0.tar.bz2#c26d7ca3e81c27cf6b1883fc16bc98eb
https://conda.anaconda.org/bioconda/linux-64/perl-digest-hmac-1.03-pl526_3.tar.bz2#8034b317d96bf32090e66ab8c6db9671
https://conda.anaconda.org/bioconda/linux-64/perl-digest-md5-2.55-pl526_0.tar.bz2#c10e244cdea0a2556c4a72111fa6ed38
https://conda.anaconda.org/bioconda/linux-64/perl-digest-perl-md5-1.9-pl526_1.tar.bz2#58e8ad466a0e7315a10be866f16f7b7d
https://conda.anaconda.org/bioconda/linux-64/perl-digest-sha1-2.13-pl526h6bb024c_1.tar.bz2#34f08c9ebc82b9357ff1a89712407e10
https://conda.anaconda.org/bioconda/linux-64/perl-dynaloader-1.25-pl526_1.tar.bz2#f8ef9b13d527c472a2a33a9218043f47
https://conda.anaconda.org/bioconda/linux-64/perl-email-date-format-1.005-pl526_2.tar.bz2#7c2c2c488712dd3ae36a829a9db2e3cf
https://conda.anaconda.org/bioconda/linux-64/perl-error-0.17027-pl526_1.tar.bz2#24dfde22ba84dd06eacafb8cb6acc989
https://conda.anaconda.org/bioconda/linux-64/perl-exporter-5.72-pl526_1.tar.bz2#5ecf4d143181f4a4d71349811ea29177
https://conda.anaconda.org/bioconda/linux-64/perl-exporter-tiny-1.002001-pl526_0.tar.bz2#b84ce6dbb823c77ddba901d1083c2e84
https://conda.anaconda.org/bioconda/linux-64/perl-extutils-makemaker-7.36-pl526_1.tar.bz2#32d1b791177a614aeae12e67bca620b0
https://conda.anaconda.org/bioconda/linux-64/perl-file-slurp-tiny-0.004-pl526_1.tar.bz2#1cf79bd3a86d7dbc00837771705beea3
https://conda.anaconda.org/bioconda/linux-64/perl-file-sort-1.01-pl526_2.tar.bz2#8b11f3a3337a6eeb69bed51180038954
https://conda.anaconda.org/bioconda/linux-64/perl-file-which-1.23-pl526_0.tar.bz2#46f24942ce35bdd275f905cfe93ac9e0
https://conda.anaconda.org/bioconda/linux-64/perl-font-afm-1.20-pl526_2.tar.bz2#abb160a30f5f6fd49ab1f5c9fcc6491e
https://conda.anaconda.org/bioconda/linux-64/perl-getopt-long-2.50-pl526_1.tar.bz2#3f11f5bb4d7fb82920bf1ffac2e49a0a
https://conda.anaconda.org/bioconda/linux-64/perl-graph-0.9704-pl526_1.tar.bz2#a65ac27d38caa1c9b9a9c50e57a7506e
https://conda.anaconda.org/bioconda/linux-64/perl-html-entities-numbered-0.04-pl526_1.tar.bz2#b94f3da1695f22440f7e6cbc3ccfff7a
https://conda.anaconda.org/bioconda/linux-64/perl-html-tagset-3.20-pl526_3.tar.bz2#169010ee892bae283dc8ae4c37ad268b
https://conda.anaconda.org/bioconda/linux-64/perl-image-size-3.300-pl526_2.tar.bz2#4fde2f534700c5db586857c1cb54a7fb
https://conda.anaconda.org/bioconda/linux-64/perl-io-html-1.001-pl526_2.tar.bz2#64455bdee28a81f80825a314a4044061
https://conda.anaconda.org/bioconda/linux-64/perl-io-sessiondata-1.03-pl526_1.tar.bz2#05a48ef984c5cd7d26f9a9f2cf6d2c4f
https://conda.anaconda.org/bioconda/linux-64/perl-io-string-1.08-pl526_3.tar.bz2#dad994f13fb037903c02f26b7ad3c63b
https://conda.anaconda.org/bioconda/linux-64/perl-io-stringy-2.111-pl526_1.tar.bz2#33ef4f37303997cd575f99337d50bf29
https://conda.anaconda.org/bioconda/linux-64/perl-io-tty-1.12-pl526_1.tar.bz2#a7a3013cf647487be217fa66d897430e
https://conda.anaconda.org/bioconda/linux-64/perl-ipc-sharelite-0.17-pl526h6bb024c_1.tar.bz2#b0aff1dbd06425229a77a1835a1e2fde
https://conda.anaconda.org/bioconda/linux-64/perl-jcode-2.07-pl526_2.tar.bz2#4c1c173719e0f29cca3f17ae9eeb92ab
https://conda.anaconda.org/bioconda/linux-64/perl-lib-0.63-pl526_1.tar.bz2#03381abd528ca5beab93d60bc93106d0
https://conda.anaconda.org/bioconda/linux-64/perl-math-cdf-0.1-pl526h14c3975_5.tar.bz2#0f96fd4f8528a673b2b7acf152745f39
https://conda.anaconda.org/bioconda/linux-64/perl-math-derivative-1.01-pl526_0.tar.bz2#5c33680301345795f36e328ab1326c92
https://conda.anaconda.org/bioconda/linux-64/perl-math-random-0.72-pl526h14c3975_2.tar.bz2#f243daa84687810c0d966295691f9a33
https://conda.anaconda.org/bioconda/linux-64/perl-mime-types-2.17-pl526_0.tar.bz2#a2b8a924ddd48c80098dcbc31f3fd789
https://conda.anaconda.org/bioconda/linux-64/perl-mldbm-2.05-pl526_1.tar.bz2#57b7a95f18db31d9a14be8821d78fb1c
https://conda.anaconda.org/bioconda/linux-64/perl-module-runtime-0.016-pl526_1.tar.bz2#e700baa2ca15df31a85a13626a37ad5b
https://conda.anaconda.org/bioconda/linux-64/perl-mozilla-ca-20180117-pl526_1.tar.bz2#33c797816376ee2a58fd4187848ced82
https://conda.anaconda.org/bioconda/linux-64/perl-mro-compat-0.13-pl526_0.tar.bz2#1a374860fe4735444128341b386b0661
https://conda.anaconda.org/bioconda/linux-64/perl-ole-storage_lite-0.19-pl526_3.tar.bz2#756163b36016abb477b2c9e711096f41
https://conda.anaconda.org/bioconda/linux-64/perl-params-util-1.07-pl526h6bb024c_4.tar.bz2#68de50e31b49b11e3c0041ce1f377adb
https://conda.anaconda.org/bioconda/linux-64/perl-parent-0.236-pl526_1.tar.bz2#389bb45e15d386db8e32613a2eb2e949
https://conda.anaconda.org/bioconda/linux-64/perl-parse-recdescent-1.967015-pl526_0.tar.bz2#433ebb11e56c7ef98a97b282838d0ba1
https://conda.anaconda.org/bioconda/linux-64/perl-postscript-0.06-pl526_2.tar.bz2#0275574a4df776cac13dec7b312a5b07
https://conda.anaconda.org/bioconda/linux-64/perl-scalar-list-utils-1.52-pl526h516909a_0.tar.bz2#8c78fca5814513924f9637a9211c0c77
https://conda.anaconda.org/bioconda/linux-64/perl-sereal-decoder-4.007-pl526h14c3975_0.tar.bz2#d4b97726c7ecff0774896aba2b92d619
https://conda.anaconda.org/bioconda/linux-64/perl-sereal-encoder-4.007-pl526h14c3975_0.tar.bz2#1b08ae8995416c682a5f70e23f32e48b
https://conda.anaconda.org/bioconda/linux-64/perl-set-intervaltree-0.12-pl526he1b5a44_0.tar.bz2#2f7dfc24b9b60d2dd5b8402f6317264b
https://conda.anaconda.org/bioconda/linux-64/perl-set-scalar-1.29-pl526_2.tar.bz2#2beb1c6e6ad43af7272c343e79338597
https://conda.anaconda.org/bioconda/linux-64/perl-socket-2.027-pl526_1.tar.bz2#bbce777723970c529b99e0beaa09ec1c
https://conda.anaconda.org/bioconda/linux-64/perl-sort-naturally-1.03-pl526_2.tar.bz2#fba3b30a0be6d23e9ba4ecb78545656d
https://conda.anaconda.org/bioconda/linux-64/perl-sub-exporter-progressive-0.001013-pl526_0.tar.bz2#4567f34432f3ef33788f1b36d0ba41e9
https://conda.anaconda.org/bioconda/linux-64/perl-sub-identify-0.14-pl526h14c3975_0.tar.bz2#17126c427ca6c885ce4836d69f3f4825
https://conda.anaconda.org/bioconda/linux-64/perl-sub-name-0.21-pl526_1.tar.bz2#21286d90bd5855726fdbf1c92c35ca8b
https://conda.anaconda.org/bioconda/linux-64/perl-sub-quote-2.006003-pl526_1.tar.bz2#68a77efdc965c77669e4cf24659a4c64
https://conda.anaconda.org/bioconda/linux-64/perl-sub-uplevel-0.2800-pl526h14c3975_2.tar.bz2#86e5aa3c24a698f26a5200dd5c39cf44
https://conda.anaconda.org/bioconda/linux-64/perl-svg-2.84-pl526_0.tar.bz2#88999f93f550ed7f4766f39c7616c1c3
https://conda.anaconda.org/bioconda/linux-64/perl-task-weaken-1.06-pl526_0.tar.bz2#9aa2fd2dae5a9e0adcd99ff8deade351
https://conda.anaconda.org/bioconda/linux-64/perl-test-deep-1.128-pl526_1.tar.bz2#463602fbe90af90f16b75abebced5bd1
https://conda.anaconda.org/bioconda/linux-64/perl-test-harness-3.42-pl526_0.tar.bz2#5a82f26d026ea1dec91ceb9d0ab55b21
https://conda.anaconda.org/bioconda/linux-64/perl-test-leaktrace-0.16-pl526h14c3975_2.tar.bz2#7fe075d24f9517b9f3a12402f16634af
https://conda.anaconda.org/bioconda/linux-64/perl-tie-ixhash-1.23-pl526_2.tar.bz2#285e63900d249ff468ea55603769a99d
https://conda.anaconda.org/bioconda/linux-64/perl-timedate-2.30-pl526_1.tar.bz2#8d00993e312e67b62a253ed3b2ee0360
https://conda.anaconda.org/bioconda/linux-64/perl-try-tiny-0.30-pl526_1.tar.bz2#cf04b17e5804be0615363036e37b9ca7
https://conda.anaconda.org/bioconda/linux-64/perl-unicode-map-0.112-pl526h6bb024c_3.tar.bz2#da4af750734feda730d4ec28ce40d9f9
https://conda.anaconda.org/conda-forge/linux-64/perl-xml-parser-2.44_01-pl5262hc3e0081_1002.tar.bz2#6fc166b7374e0317cc34bb6f5398748d
https://conda.anaconda.org/bioconda/linux-64/perl-xml-regexp-0.04-pl526_2.tar.bz2#622610ae70881fc769fae6c71e95d979
https://conda.anaconda.org/bioconda/linux-64/perl-xml-sax-base-1.09-pl526_0.tar.bz2#1a66227c893c9aa02e442019f8052374
https://conda.anaconda.org/bioconda/linux-64/perl-xml-writer-0.625-pl526_2.tar.bz2#b1d6525412fa858a778c6d72b8c62fb8
https://conda.anaconda.org/bioconda/linux-64/perl-xml-xpathengine-0.14-pl526_2.tar.bz2#d268cc26d463321abc01f107beaf2553
https://conda.anaconda.org/bioconda/linux-64/perl-xsloader-0.24-pl526_0.tar.bz2#878d48f2a6bdff58c7b9589e3b25ff6b
https://conda.anaconda.org/bioconda/noarch/perl-yaml-1.29-pl526_0.tar.bz2#9bf9b027106526977ff3efe2032c3ae5
https://conda.anaconda.org/conda-forge/linux-64/readline-8.1-h46c0cb4_0.tar.bz2#5788de3c8d7a7d64ac56c784c4ef48e6
https://conda.anaconda.org/conda-forge/linux-64/xorg-libsm-1.2.3-hd9c2040_1000.tar.bz2#9e856f78d5c80d5a78f61e72d1d473a3
https://conda.anaconda.org/conda-forge/linux-64/zlib-1.2.11-h36c2ea0_1013.tar.bz2#cf7190238072a41e9579e4476a6a60b8
https://conda.anaconda.org/bioconda/linux-64/bedtools-2.30.0-h7d7f7ad_2.tar.bz2#7ae50bfa652342afa61ea0861c81074e
https://conda.anaconda.org/conda-forge/linux-64/libcblas-3.9.0-12_linux64_openblas.tar.bz2#2e5082d4a9a18c21100e6ce5b6bcb4ec
https://conda.anaconda.org/conda-forge/linux-64/libglib-2.70.2-h174f98d_0.tar.bz2#76dc12f1c2366b02b9e21773fe122aeb
https://conda.anaconda.org/conda-forge/linux-64/liblapack-3.9.0-12_linux64_openblas.tar.bz2#9f401a6807a97e0c859d7522ae3d51ec
https://conda.anaconda.org/conda-forge/linux-64/libnghttp2-1.43.0-h812cca2_1.tar.bz2#d0a7846b7b3b8fb0d8b36904a53b8155
https://conda.anaconda.org/conda-forge/linux-64/libpng-1.6.37-h21135ba_2.tar.bz2#b6acf807307d033d4b7e758b4f44b036
https://conda.anaconda.org/conda-forge/linux-64/libssh2-1.10.0-ha56f1ee_2.tar.bz2#6ab4eaa11ff01801cffca0a27489dc04
https://conda.anaconda.org/conda-forge/linux-64/libxml2-2.9.12-h72842e0_0.tar.bz2#bd14fdf5b9ee5568056a40a6a2f41866
https://conda.anaconda.org/conda-forge/linux-64/pcre2-10.35-h032f7d1_2.tar.bz2#f62023096f15070e1469000060a781c1
https://conda.anaconda.org/bioconda/linux-64/perl-carp-1.38-pl526_3.tar.bz2#984c76663b1bd6e880683ce6fa58da4c
https://conda.anaconda.org/bioconda/linux-64/perl-clone-0.42-pl526h516909a_0.tar.bz2#2a940c5eac2973934e3d2b7d7da2a42c
https://conda.anaconda.org/bioconda/linux-64/perl-dbd-mysql-4.046-pl526h6bb024c_1.tar.bz2#274c880002cf08bc2ba779f8de51cc88
https://conda.anaconda.org/bioconda/linux-64/perl-dbd-sqlite-1.64-pl526h516909a_0.tar.bz2#e174559d63638b9b1ff18e063f0b3173
https://conda.anaconda.org/bioconda/linux-64/perl-devel-globaldestruction-0.14-pl526_0.tar.bz2#69d6adc91ae0495db3f7b1641a62fe72
https://conda.anaconda.org/bioconda/linux-64/perl-encode-2.88-pl526_1.tar.bz2#0db0d9088045596254fb8a88a9a37294
https://conda.anaconda.org/bioconda/linux-64/perl-exception-class-1.44-pl526_0.tar.bz2#0ad1976b098896c3914c4b6a71b2cc29
https://conda.anaconda.org/bioconda/linux-64/perl-file-path-2.16-pl526_0.tar.bz2#c58f86c77e01c9c62415ba917f7b651e
https://conda.anaconda.org/bioconda/linux-64/perl-font-ttf-1.06-pl526_0.tar.bz2#27f80e8d4202b360fbb0646fa31ee101
https://conda.anaconda.org/bioconda/linux-64/perl-html-parser-3.72-pl526h6bb024c_5.tar.bz2#9874aecaa5a6f19c55f32baa5cc7302e
https://conda.anaconda.org/bioconda/linux-64/perl-io-compress-2.087-pl526he1b5a44_0.tar.bz2#67679464cddb80ccc4692c6d76a439d5
https://conda.anaconda.org/bioconda/linux-64/perl-ipc-run-20180523.0-pl526_0.tar.bz2#8c4578f521fdeb854012141a98295526
https://conda.anaconda.org/bioconda/linux-64/perl-libxml-perl-0.08-pl526_2.tar.bz2#88024a4f468f99a79db70e461e546f84
https://conda.anaconda.org/bioconda/linux-64/perl-list-moreutils-xs-0.428-pl526_0.tar.bz2#65212b0ac443324d61e649d1752947c7
https://conda.anaconda.org/bioconda/noarch/perl-mailtools-2.21-pl526_0.tar.bz2#2e44b03f9ec0c8ab35f01612861f73da
https://conda.anaconda.org/bioconda/linux-64/perl-math-spline-0.02-pl526_2.tar.bz2#0981985687a311d7d2a0ad8551ae48fd
https://conda.anaconda.org/bioconda/linux-64/perl-mime-base64-3.15-pl526_1.tar.bz2#6ebc750ac3e57ca1f02d3f580ff281b3
https://conda.anaconda.org/bioconda/linux-64/perl-ntlm-1.09-pl526_4.tar.bz2#7863718bc88444211e686dc91dbf4292
https://conda.anaconda.org/bioconda/linux-64/perl-package-stash-xs-0.28-pl526hf484d3e_1.tar.bz2#38303819167b4ba65386a85f88a997a8
https://conda.anaconda.org/bioconda/linux-64/perl-perlio-gzip-0.20-pl526h84994c4_1.tar.bz2#7dd59002b832b5ca1406ada7991334eb
https://conda.anaconda.org/bioconda/linux-64/perl-pod-escapes-1.07-pl526_1.tar.bz2#e742de28b39935198dd942aae04335ea
https://conda.anaconda.org/bioconda/noarch/perl-role-tiny-2.000008-pl526_0.tar.bz2#ac07880e4a117a8c96b3eaf0dd545d40
https://conda.anaconda.org/bioconda/noarch/perl-sereal-4.007-pl526_0.tar.bz2#732dcdc25dd5baddb521f14d4afa4fde
https://conda.anaconda.org/bioconda/linux-64/perl-spreadsheet-writeexcel-2.40-pl526_2.tar.bz2#dbc71d9bfe4d0e81e9f1f36132728147
https://conda.anaconda.org/bioconda/linux-64/perl-storable-3.15-pl526h14c3975_0.tar.bz2#ad27b25076f3d76c10085d900bdf3a48
https://conda.anaconda.org/bioconda/linux-64/perl-test-1.26-pl526_1.tar.bz2#0d04bf8c5cde9cae87d9892633f0c17e
https://conda.anaconda.org/bioconda/linux-64/perl-test-exception-0.43-pl526_2.tar.bz2#245bc80913f1725d4aff7c12bb217d12
https://conda.anaconda.org/bioconda/linux-64/perl-test-requiresinternet-0.05-pl526_0.tar.bz2#47a9cfbedd72952aa493625692404a4e
https://conda.anaconda.org/bioconda/linux-64/perl-test-warn-0.36-pl526_1.tar.bz2#8805c991e44c05dd27e1c57aa86ed570
https://conda.anaconda.org/bioconda/noarch/perl-text-csv-2.00-pl526_0.tar.bz2#532059d71a08b060c6c837ea6b874c54
https://conda.anaconda.org/bioconda/linux-64/perl-text-diff-1.45-pl526_0.tar.bz2#98e32f19827755284e6d6e4c100b4108
https://conda.anaconda.org/bioconda/linux-64/perl-tree-dag_node-1.31-pl526_0.tar.bz2#de7717434961887f9c2cc16e7bd4e113
https://conda.anaconda.org/bioconda/linux-64/perl-type-tiny-1.004004-pl526_0.tar.bz2#5964382cfe9204ad562899023b7d559e
https://conda.anaconda.org/bioconda/linux-64/perl-types-serialiser-1.0-pl526_2.tar.bz2#77250c3feefab1e4a8f0fd482af07048
https://conda.anaconda.org/bioconda/linux-64/perl-xml-filter-buffertext-1.01-pl526_2.tar.bz2#b24d93bb57d72099dbaae9b7d442f932
https://conda.anaconda.org/bioconda/linux-64/perl-xml-namespacesupport-1.12-pl526_0.tar.bz2#14a68d6d3f08c2d64284919697a2a7ae
https://conda.anaconda.org/bioconda/linux-64/perl-xml-xpath-1.44-pl526_0.tar.bz2#166779d5aaca0eaf3074430e1afc4ebe
https://conda.anaconda.org/conda-forge/linux-64/sqlite-3.37.0-h9cd32fc_0.tar.bz2#eb66fc098824d25518a79e83d12a81d6
https://conda.anaconda.org/conda-forge/linux-64/tk-8.6.11-h27826a3_1.tar.bz2#84e76fb280e735fec1efd2d21fd9cb27
https://conda.anaconda.org/conda-forge/linux-64/xorg-libx11-1.7.2-h7f98852_0.tar.bz2#12a61e640b8894504326aadafccbb790
https://conda.anaconda.org/conda-forge/linux-64/zstd-1.4.9-ha95c52a_0.tar.bz2#b481dc9fda3af2a681d08a4d5cd1ea0b
https://conda.anaconda.org/conda-forge/linux-64/freetype-2.10.4-h0708190_1.tar.bz2#4a06f2ac2e5bfae7b6b245171c3f07aa
https://conda.anaconda.org/conda-forge/linux-64/krb5-1.19.2-hcc1bbae_3.tar.bz2#e29650992ae593bc05fc93722483e5c3
https://conda.anaconda.org/conda-forge/linux-64/libtiff-4.1.0-hc3755c2_3.tar.bz2#bf174e3e658e4a5067db29773cd8c7a4
https://conda.anaconda.org/conda-forge/linux-64/libxslt-1.1.33-h15afd5d_2.tar.bz2#811bb9f5437fc6a04ba30d10f7a0c3eb
https://conda.anaconda.org/bioconda/linux-64/perl-business-isbn-data-20140910.003-pl526_0.tar.bz2#a3388b8a93d46fd71c88675528c11570
https://conda.anaconda.org/bioconda/linux-64/perl-cache-cache-1.08-pl526_0.tar.bz2#595971547a722e805a9bc0f9f1979995
https://conda.anaconda.org/bioconda/linux-64/perl-dist-checkconflicts-0.11-pl526_2.tar.bz2#f3af49e2ec0ebc45c8eeed12212a295f
https://conda.anaconda.org/bioconda/linux-64/perl-encode-locale-1.05-pl526_6.tar.bz2#8b76e07f2ee0eb2a4429e517f1ae0bbd
https://conda.anaconda.org/bioconda/linux-64/perl-eval-closure-0.14-pl526h6bb024c_4.tar.bz2#156f357c5abfa8690d8591ac8724235b
https://conda.anaconda.org/bioconda/linux-64/perl-file-temp-0.2304-pl526_2.tar.bz2#1e7930ea1b3a6d93a55c6b316a60a891
https://conda.anaconda.org/bioconda/linux-64/perl-html-tidy-1.60-pl526_0.tar.bz2#17c81b9261089410fb17206b7998a2af
https://conda.anaconda.org/bioconda/linux-64/perl-html-tree-5.07-pl526_1.tar.bz2#ea8d27cb7cfc1a14cc6d168e2f394dec
https://conda.anaconda.org/bioconda/linux-64/perl-json-xs-2.34-pl526h6bb024c_3.tar.bz2#3a5b157d275eae1d3ba16de1ccae8241
https://conda.anaconda.org/bioconda/linux-64/perl-list-moreutils-0.428-pl526_1.tar.bz2#699e3399479d2b1aa1f675b476406e0d
https://conda.anaconda.org/bioconda/linux-64/perl-lwp-mediatypes-6.04-pl526_0.tar.bz2#39688aa6f280b77af17f539350fe1744
https://conda.anaconda.org/bioconda/linux-64/perl-mime-lite-3.030-pl526_1.tar.bz2#4496ad7bf37b103f30e600e9d263e4b1
https://conda.anaconda.org/bioconda/linux-64/perl-mime-tools-5.508-pl526_1.tar.bz2#203ba9f173d1835bab0115af8f0d142e
https://conda.anaconda.org/bioconda/linux-64/perl-module-implementation-0.09-pl526_2.tar.bz2#97f9a0c37978d25299f4f1434c7a12e9
https://conda.anaconda.org/bioconda/linux-64/perl-net-ssleay-1.88-pl526h90d6eec_0.tar.bz2#8b541f03a7629fd90f71a797599b6c51
https://conda.anaconda.org/bioconda/linux-64/perl-pathtools-3.75-pl526h14c3975_1.tar.bz2#4ac5eb7fe5450b7a28c9dc5423c7c293
https://conda.anaconda.org/bioconda/noarch/perl-pdf-api2-2.035-pl526_0.tar.bz2#e0ded5596488cddcf789cef00409eaf7
https://conda.anaconda.org/bioconda/linux-64/perl-pod-usage-1.69-pl526_1.tar.bz2#7b9be57b2eb879efe65d7672d35d630c
https://conda.anaconda.org/bioconda/linux-64/perl-spreadsheet-parseexcel-0.65-pl526_2.tar.bz2#b703e8b5c2f2ef3bcf0816a628e56211
https://conda.anaconda.org/bioconda/linux-64/perl-sub-install-0.928-pl526_2.tar.bz2#90f883f49150f297aa62f231e989ef45
https://conda.anaconda.org/bioconda/noarch/perl-test-differences-0.67-pl526_0.tar.bz2#256f0110145fa69a7c0ccf41a993fae5
https://conda.anaconda.org/bioconda/linux-64/perl-time-hires-1.9760-pl526h14c3975_1.tar.bz2#dbbf8390d9c47e977f57c29b04391101
https://conda.anaconda.org/bioconda/linux-64/perl-time-local-1.28-pl526_1.tar.bz2#d24b02d0c1a45310c46fb48c691f51ce
https://conda.anaconda.org/bioconda/linux-64/perl-xml-sax-writer-0.57-pl526_0.tar.bz2#cf16306ca30b6099dc0e39edd9587b4a
https://conda.anaconda.org/conda-forge/linux-64/python-3.7.12-hb7a2778_100_cpython.tar.bz2#2d94b3e6a9fdaf83f6955d008c8011a7
https://conda.anaconda.org/conda-forge/linux-64/xorg-libxext-1.3.4-h7f98852_1.tar.bz2#536cc5db4d0a3ba0630541aec064b5e4
https://conda.anaconda.org/conda-forge/linux-64/xorg-libxrender-0.9.10-h7f98852_1003.tar.bz2#f59c1242cc1dd93e72c2ee2b360979eb
https://conda.anaconda.org/conda-forge/linux-64/xorg-libxt-1.2.1-h7f98852_2.tar.bz2#60d6eec5273f1c9af096c10c268912e3
https://conda.anaconda.org/conda-forge/linux-64/fontconfig-2.13.1-hba837de_1005.tar.bz2#fd3611672eb91bc9d24fd6fb970037eb
https://conda.anaconda.org/conda-forge/linux-64/libcurl-7.80.0-h2574ce0_0.tar.bz2#5d0784b790350f7939bb5d3f2c32e700
https://conda.anaconda.org/conda-forge/linux-64/libwebp-1.0.2-h56121f0_5.tar.bz2#2544c4e158d8c2cde0e63c702028cfca
https://conda.anaconda.org/bioconda/linux-64/perl-aceperl-1.92-pl526_2.tar.bz2#8f0932e2e264bebf85619c4ef2f166a8
https://conda.anaconda.org/bioconda/linux-64/perl-apache-test-1.40-pl526_1.tar.bz2#c2f127c5de6f8fa7ae28fe2ac9b80b2f
https://conda.anaconda.org/bioconda/linux-64/perl-business-isbn-3.004-pl526_0.tar.bz2#982a9766a06c69ce335cbd8567e98e7a
https://conda.anaconda.org/bioconda/linux-64/perl-cgi-4.44-pl526h14c3975_1.tar.bz2#abf86df04595969e49c5ac3f295e2a20
https://conda.anaconda.org/bioconda/linux-64/perl-data-optlist-0.110-pl526_2.tar.bz2#75fa30de8891608438299a6f66c34014
https://conda.anaconda.org/bioconda/linux-64/perl-html-element-extended-1.18-pl526_1.tar.bz2#669cd8a0267b07a854c500c253313485
https://conda.anaconda.org/bioconda/linux-64/perl-html-formatter-2.16-pl526_0.tar.bz2#d6b3ce13b92712f81096c89ea8f454d3
https://conda.anaconda.org/bioconda/linux-64/perl-html-treebuilder-xpath-0.14-pl526_1.tar.bz2#55bd49ac3c4c1da46d5c0721ca3c9315
https://conda.anaconda.org/bioconda/linux-64/perl-http-date-6.02-pl526_3.tar.bz2#b1cc187d512357b0a68dc29a100ae1df
https://conda.anaconda.org/bioconda/linux-64/perl-io-socket-ssl-2.066-pl526_0.tar.bz2#16748c0ece26b643c259805c188b4114
https://conda.anaconda.org/bioconda/linux-64/perl-json-4.02-pl526_0.tar.bz2#14082a3e2b78deb9aa3ca880ab9eb854
https://conda.anaconda.org/bioconda/linux-64/perl-lwp-simple-6.15-pl526h470a237_4.tar.bz2#317554602ab7c16820944e7d75b36dd0
https://conda.anaconda.org/bioconda/linux-64/perl-module-runtime-conflicts-0.003-pl526_0.tar.bz2#b8eb3619137af69458c36fdc79b6a129
https://conda.anaconda.org/bioconda/linux-64/perl-statistics-descriptive-3.0702-pl526_0.tar.bz2#d30fe55f90cc24a85fa9a89a0a94c7b0
https://conda.anaconda.org/bioconda/linux-64/perl-test-most-0.35-pl526_0.tar.bz2#19ec7be21e08029005c2ff33b67c483f
https://conda.anaconda.org/bioconda/noarch/perl-xml-sax-1.02-pl526_0.tar.bz2#b4fda7e83376806d5eedbef2c3a3b356
https://conda.anaconda.org/conda-forge/linux-64/python_abi-3.7-2_cp37m.tar.bz2#afff88bf9a7048da740c70aeb8cdbb82
https://conda.anaconda.org/conda-forge/noarch/pytz-2021.3-pyhd8ed1ab_0.tar.bz2#7e4f811bff46a5a6a7e0094921389395
https://conda.anaconda.org/conda-forge/noarch/six-1.16.0-pyh6c4a22f_0.tar.bz2#e5f25f8dbc060e9a8d912e432202afc2
https://conda.anaconda.org/conda-forge/noarch/typing_extensions-4.0.1-pyha770c72_0.tar.bz2#1fc03816925d3cb7fdab9ab234e7fea7
https://conda.anaconda.org/conda-forge/linux-64/xorg-libxpm-3.5.13-h7f98852_0.tar.bz2#2bbe4b67a97c9d18a807598941fc3b4c
https://conda.anaconda.org/conda-forge/noarch/zipp-3.6.0-pyhd8ed1ab_0.tar.bz2#855e2c4622f5eb50a4f6f7167b9ba17a
https://conda.anaconda.org/conda-forge/linux-64/cairo-1.16.0-h6cf1ce9_1008.tar.bz2#a43fb47d15e116f8be4be7e6b17ab59f
https://conda.anaconda.org/conda-forge/linux-64/curl-7.80.0-h2574ce0_0.tar.bz2#4d8fd67e5ab7e00fde8ad085464f43b7
https://conda.anaconda.org/bioconda/linux-64/htslib-1.10.2-hd3b49d5_1.tar.bz2#9fd6a8d4f8f11589bed2c6a59d9ee451
https://conda.anaconda.org/conda-forge/linux-64/humanfriendly-10.0-py37h89c1867_1.tar.bz2#d32be351e30f2bbd4d3d8afb6dd770ad
https://conda.anaconda.org/conda-forge/linux-64/importlib-metadata-4.10.0-py37h89c1867_0.tar.bz2#5187ab9fedd67074b301ba81ae01fd45
https://repo.anaconda.com/pkgs/main/linux-64/libgd-2.2.5-h8e06009_4.conda#6a5d95a3a505c257d454f137f46e072b
https://conda.anaconda.org/conda-forge/linux-64/numpy-1.21.4-py37h31617e3_0.tar.bz2#332cef055880482fe23f6ac1e7ee6e57
https://conda.anaconda.org/bioconda/linux-64/perl-file-listing-6.04-pl526_1.tar.bz2#2a2f44c2b29a326f46abb72aea331845
https://conda.anaconda.org/bioconda/linux-64/perl-html-tableextract-2.13-pl526_2.tar.bz2#ce74a864c8e3af76921cb8645372de61
https://conda.anaconda.org/bioconda/linux-64/perl-package-stash-0.38-pl526hf484d3e_1.tar.bz2#cfceef3c9c95da229cccb715ddd11c18
https://conda.anaconda.org/bioconda/linux-64/perl-sub-exporter-0.987-pl526_2.tar.bz2#5c47be06a5776fa6f3b6fb4e799bc5a1
https://conda.anaconda.org/bioconda/linux-64/perl-svg-graph-0.02-pl526_3.tar.bz2#1463029642c6a4fdfda96965698088f1
https://conda.anaconda.org/bioconda/linux-64/perl-uri-1.76-pl526_0.tar.bz2#30afcde2552ea47cdb5420e5319f66ad
https://conda.anaconda.org/bioconda/linux-64/perl-xml-libxml-2.0132-pl526h7ec2d77_1.tar.bz2#a9501a6119c0b10f7d20e6d3c15f9714
https://conda.anaconda.org/bioconda/linux-64/perl-xml-sax-expat-0.51-pl526_3.tar.bz2#dd0420867f8efc417116567491cccffa
https://conda.anaconda.org/bioconda/linux-64/perl-xml-twig-3.52-pl526_2.tar.bz2#3c3238fa183ea240a2a5b08a615dfd79
https://conda.anaconda.org/conda-forge/noarch/python-dateutil-2.8.2-pyhd8ed1ab_0.tar.bz2#dd999d1cc9f79e67dbb855c8924c7984
https://conda.anaconda.org/conda-forge/linux-64/click-8.0.3-py37h89c1867_1.tar.bz2#2fadfe6ffa39e2520122134bd3e3a10b
https://conda.anaconda.org/conda-forge/linux-64/coloredlogs-15.0.1-py37h89c1867_2.tar.bz2#c73cb28225205edbf46f64455b8f0e07
https://conda.anaconda.org/conda-forge/linux-64/harfbuzz-2.9.1-h83ec7ef_1.tar.bz2#9a9e823b2e31e84e5ce06f54ffce9d70
https://conda.anaconda.org/conda-forge/linux-64/pandas-1.3.5-py37he8f5f7f_0.tar.bz2#6ebf1968b199a141a5cce6adaedb3651
https://conda.anaconda.org/bioconda/linux-64/perl-class-load-0.25-pl526_0.tar.bz2#03c73103dc5e4f7daabd6bb0931193b6
https://conda.anaconda.org/bioconda/linux-64/perl-devel-overloadinfo-0.005-pl526_0.tar.bz2#c3f198e3bc81f5f1af1aedff4dbd9167
https://conda.anaconda.org/bioconda/linux-64/perl-gd-2.71-pl526he860b03_0.tar.bz2#727bd472da433835978063c22b3f31c4
https://conda.anaconda.org/bioconda/linux-64/perl-http-message-6.18-pl526_0.tar.bz2#96eb00c7acca58e160fb34a41ea546c5
https://conda.anaconda.org/bioconda/linux-64/perl-image-info-1.38-pl526_1.tar.bz2#c317aa28d2ba5a73abb9a5d91ee7c988
https://conda.anaconda.org/bioconda/noarch/perl-net-http-6.19-pl526_0.tar.bz2#160f8e846ea37406d973acbf83b5a26b
https://conda.anaconda.org/bioconda/linux-64/perl-package-deprecationmanager-0.17-pl526_0.tar.bz2#b2f09a023ab3afe9f71a86776ee05e3b
https://conda.anaconda.org/bioconda/linux-64/perl-www-robotrules-6.02-pl526_3.tar.bz2#8b06331804b3b94eb99b3c1c4b7a4d72
https://conda.anaconda.org/bioconda/linux-64/perl-xml-libxslt-1.94-pl526_1.tar.bz2#d9e8421667819f405cba79dab4723bab
https://conda.anaconda.org/bioconda/linux-64/perl-xml-simple-2.25-pl526_1.tar.bz2#f410354a825d186da9f843f6ff9cd15e
https://conda.anaconda.org/bioconda/linux-64/samtools-1.10-h2e538c0_3.tar.bz2#259ef670bda6e30a5007e3fa30a8efdc
https://conda.anaconda.org/conda-forge/linux-64/scipy-1.7.3-py37hf2a6cf1_0.tar.bz2#129c613e1d0f09d9fd0473a0da6161a9
https://conda.anaconda.org/bioconda/linux-64/t_coffee-11.0.8-py37hea885bf_8.tar.bz2#eee20ab46d13f264a8957fed239d39b7
https://conda.anaconda.org/bioconda/linux-64/vt-2015.11.10-h5ef6573_4.tar.bz2#540c2f97ff7f75a2f83c3a642c50bd37
https://conda.anaconda.org/bioconda/linux-64/cyvcf2-0.30.11-py37hef46e3d_0.tar.bz2#655180d2a0eb478402e8c8389ba2e74d
https://conda.anaconda.org/conda-forge/linux-64/pango-1.42.4-h69149e4_5.tar.bz2#9e325ab71e743c57955e73172d1db615
https://conda.anaconda.org/pdiakumis/noarch/pcgr-0.10.1-py_0.tar.bz2#7a7358d459ead79ec75cab694e4e3fc6
https://conda.anaconda.org/bioconda/linux-64/perl-class-load-xs-0.10-pl526h6bb024c_2.tar.bz2#94e570466f327fdb7a83ed8e12523cfd
https://conda.anaconda.org/bioconda/linux-64/perl-data-stag-0.14-pl526_1.tar.bz2#3a50f48ef514466c9288b3151df08d8a
https://conda.anaconda.org/bioconda/linux-64/perl-http-cookies-6.04-pl526_0.tar.bz2#24c2429d0ac0467c11a34cae14f366ce
https://conda.anaconda.org/bioconda/linux-64/perl-http-daemon-6.01-pl526_1.tar.bz2#b6540672ea97f10b1088ece63b799177
https://conda.anaconda.org/bioconda/linux-64/perl-http-negotiate-6.01-pl526_3.tar.bz2#3be31b3d87352fdd54246212bae3ede9
https://conda.anaconda.org/bioconda/linux-64/perl-template-toolkit-2.26-pl526_1.tar.bz2#fa89ace236f54f558e7569b276338968
https://conda.anaconda.org/bioconda/noarch/vcf2maf-1.6.21-hdfd78af_0.tar.bz2#fcdafc2003f18fbd467bd79af254b8da
https://conda.anaconda.org/conda-forge/linux-64/graphviz-2.42.3-h0511662_0.tar.bz2#948953f31e65b438a1e520a741ccd9b4
https://conda.anaconda.org/bioconda/noarch/perl-bio-phylo-0.58-pl5262hdfd78af_3.tar.bz2#5c1d7067424e815dbb5642dd2bd3eaf5
https://conda.anaconda.org/bioconda/noarch/perl-libwww-perl-6.39-pl526_0.tar.bz2#54f96d7a0ea63cc4505f8cc653c831ee
https://conda.anaconda.org/bioconda/linux-64/perl-moose-2.2011-pl526hf484d3e_1.tar.bz2#3cbc780a48b996083b19cece0e7cdb2f
https://conda.anaconda.org/bioconda/linux-64/perl-graphviz-2.24-pl526h734ff71_0.tar.bz2#926d75742d73904e0f9b0eba0e2a11ec
https://conda.anaconda.org/bioconda/linux-64/perl-lwp-protocol-https-6.07-pl526_4.tar.bz2#890387d167b855b7ba31853e8a470030
https://conda.anaconda.org/bioconda/linux-64/perl-moo-2.003004-pl526_0.tar.bz2#95008534c8c436981eb84793459fd532
https://conda.anaconda.org/bioconda/linux-64/perl-xml-dom-1.46-pl526_0.tar.bz2#0be82b3d737f4412d9a11481f5e74e8b
https://conda.anaconda.org/bioconda/linux-64/perl-array-compare-3.0.1-pl526_1.tar.bz2#707a482cecc408d3574ac06c1d681211
https://conda.anaconda.org/bioconda/linux-64/perl-soap-lite-1.19-pl526_1.tar.bz2#5eff39fd516c8c8fbe1fe911150f38b2
https://conda.anaconda.org/bioconda/linux-64/perl-xml-dom-xpath-0.14-pl526_1.tar.bz2#c9bdd4aa6de4c1745ab959923beccb05
https://conda.anaconda.org/bioconda/noarch/perl-bioperl-core-1.007002-pl5262hdfd78af_3.tar.bz2#1bef0cfcd0294e17aeea44bfc397f610
https://conda.anaconda.org/bioconda/noarch/perl-bio-asn1-entrezgene-1.73-pl5262hdfd78af_2.tar.bz2#ae612dabb9d0b59ac2287f6eefa12b40
https://conda.anaconda.org/bioconda/noarch/perl-bio-coordinate-1.007001-pl5262hdfd78af_2.tar.bz2#e1bf5881c8ac82e19c8d24861a1f9d19
https://conda.anaconda.org/bioconda/noarch/perl-bio-featureio-1.6.905-pl5262hdfd78af_3.tar.bz2#1d30df60376fa0c79768d9f85313f207
https://conda.anaconda.org/bioconda/linux-64/perl-bio-samtools-1.43-pl526h1341992_1.tar.bz2#477fdf7fd3dcfb7dc9b755f48d7c9175
https://conda.anaconda.org/bioconda/noarch/perl-bioperl-run-1.007002-pl5262hdfd78af_5.tar.bz2#bf6e302bd62eaf7a95f53136d9e71234
https://conda.anaconda.org/bioconda/noarch/perl-bio-tools-phylo-paml-1.7.3-pl5262hdfd78af_2.tar.bz2#c3a180cae8b54afc4fc7e0b130fde0df
https://conda.anaconda.org/bioconda/noarch/perl-bio-tools-run-alignment-clustalw-1.7.4-pl5262hdfd78af_2.tar.bz2#85f4d7898fc7911ff5f71c24c082075e
https://conda.anaconda.org/bioconda/noarch/perl-bio-tools-run-alignment-tcoffee-1.7.4-pl5262hdfd78af_3.tar.bz2#3a929bb2e5d30052660674d5c0f1d862
https://conda.anaconda.org/bioconda/noarch/perl-bioperl-1.7.2-pl526_11.tar.bz2#2fe21b69efb39401d28f27f398f7d26e
https://conda.anaconda.org/bioconda/linux-64/perl-bio-db-hts-3.01-pl526hee625c5_1.tar.bz2#85d175106b0475d445223560f661fdf6
https://conda.anaconda.org/bioconda/noarch/ensembl-vep-104.3-pl5262h4a94de4_1.tar.bz2#0099161447d824d1b0f35fec6effdb89
