# Generated by conda-lock.
# platform: osx-64
# input_hash: 984dd35ed146656f4db8bc4dd3115042f0ca495178ec578ca7185577df2b41e1
@EXPLICIT
https://conda.anaconda.org/conda-forge/noarch/_r-mutex-1.0.1-anacondar_1.tar.bz2#19f9db5f4f1b7f5ef5f6d67207f25f38
https://conda.anaconda.org/conda-forge/osx-64/ca-certificates-2024.8.30-h8857fd0_0.conda#b7e5424e7f06547a903d28e4651dbb21
https://conda.anaconda.org/conda-forge/osx-64/dart-sass-1.58.3-h694c41f_1.conda#5151299fff69a62e792c79d1b726a470
https://conda.anaconda.org/conda-forge/osx-64/esbuild-0.24.0-h694c41f_0.conda#ed8675524721c7bfb14bb3d92e7ef9cb
https://conda.anaconda.org/conda-forge/noarch/font-ttf-dejavu-sans-mono-2.37-hab24e00_0.tar.bz2#0c96522c6bdaed4b1566d11387caaf45
https://conda.anaconda.org/conda-forge/noarch/font-ttf-inconsolata-3.000-h77eed37_0.tar.bz2#34893075a5c9e55cdafac56607368fc6
https://conda.anaconda.org/conda-forge/noarch/font-ttf-source-code-pro-2.038-h77eed37_0.tar.bz2#4d59c254e01d9cde7957100457e2d5fb
https://conda.anaconda.org/conda-forge/noarch/font-ttf-ubuntu-0.83-h77eed37_3.conda#49023d73832ef61042f6a237cb2687e7
https://conda.anaconda.org/conda-forge/osx-64/fribidi-1.0.10-hbcb3906_0.tar.bz2#f1c6b41e0f56998ecd9a3e210faa1dc0
https://conda.anaconda.org/conda-forge/osx-64/libev-4.33-h10d778d_2.conda#899db79329439820b7e8f8de41bca902
https://conda.anaconda.org/conda-forge/osx-64/libffi-3.4.2-h0d85af4_5.tar.bz2#ccb34fb14960ad8b125962d3d79b31a9
https://conda.anaconda.org/conda-forge/osx-64/libgcc-4.8.5-1.tar.bz2#954bdf42de0d03eac9aae517dd7ebcf9
https://conda.anaconda.org/conda-forge/noarch/libgfortran-devel_osx-64-13.2.0-h80d4556_3.conda#3a689f0d733e67828ad00eac5f3cf26e
https://conda.anaconda.org/conda-forge/osx-64/libiconv-1.17-hd75f5a5_2.conda#6c3628d047e151efba7cf08c5e54d1ca
https://conda.anaconda.org/conda-forge/osx-64/libjpeg-turbo-3.0.0-h0dc2134_1.conda#72507f8e3961bc968af17435060b6dd6
https://conda.anaconda.org/conda-forge/osx-64/libwebp-base-1.4.0-h10d778d_0.conda#b2c0047ea73819d992484faacbbe1c24
https://conda.anaconda.org/conda-forge/osx-64/pandoc-3.2-h694c41f_0.conda#e2c54cad9c955434dbfe89fc655e516d
https://conda.anaconda.org/conda-forge/osx-64/python_abi-3.13-5_cp313.conda#927a2186f1f997ac018d67c4eece90a6
https://conda.anaconda.org/conda-forge/osx-64/typst-0.11.0-h11a7dfb_0.conda#ec223d03456b9eedef3b2ee5af215904
https://conda.anaconda.org/conda-forge/noarch/tzdata-2024b-hc8b5060_0.conda#8ac3367aafb1cc0a068483c580af8015
https://conda.anaconda.org/conda-forge/osx-64/xz-5.2.6-h775f41a_0.tar.bz2#a72f9d4ea13d55d745ff1ed594747f10
https://conda.anaconda.org/conda-forge/osx-64/yaml-0.2.5-h0d85af4_2.tar.bz2#d7e08fcf8259d742156188e8762b4d20
https://conda.anaconda.org/conda-forge/osx-64/bzip2-1.0.8-hfdf4475_7.conda#7ed4301d437b59045be7e051a0308211
https://conda.anaconda.org/conda-forge/osx-64/c-ares-1.34.1-h44e7173_0.conda#611618b0b3949f947da65c96ff9c51fb
https://conda.anaconda.org/conda-forge/osx-64/deno-1.41.0-h86af993_0.conda#361c906c5c3c883956ebb7fa360908d0
https://conda.anaconda.org/conda-forge/noarch/fonts-conda-forge-1-0.tar.bz2#f766549260d6815b0c52253f1fb1bb29
https://conda.anaconda.org/conda-forge/osx-64/icu-75.1-h120a0e1_0.conda#d68d48a3060eb5abdc1cdc8e2a3a5966
https://conda.anaconda.org/bioconda/osx-64/jq-1.5-0.tar.bz2#ba074d94b6fcab0caffd3ab32d8c2757
https://conda.anaconda.org/conda-forge/osx-64/libcxx-19.1.1-hf95d169_0.conda#2b09d0f92cae6df4b1670adcaca9c38c
https://conda.anaconda.org/conda-forge/osx-64/libdeflate-1.22-h00291cd_0.conda#a15785ccc62ae2a8febd299424081efb
https://conda.anaconda.org/conda-forge/osx-64/libexpat-2.6.3-hac325c4_0.conda#c1db99b0a94a2f23bd6ce39e2d314e07
https://conda.anaconda.org/conda-forge/osx-64/libintl-0.22.5-hdfe23c8_3.conda#52d4d643ed26c07599736326c46bf12f
https://conda.anaconda.org/conda-forge/osx-64/libmpdec-4.0.0-hfdf4475_0.conda#ed625b2e59dff82859c23dd24774156b
https://conda.anaconda.org/conda-forge/osx-64/libuv-1.49.0-hee94a50_0.conda#7bf2331bb296918912506cc06fba82a0
https://conda.anaconda.org/conda-forge/osx-64/libzlib-1.3.1-hd23fc13_2.conda#003a54a4e32b02f7355b50a837e699da
https://conda.anaconda.org/conda-forge/osx-64/llvm-openmp-19.1.1-h545e0da_0.conda#3f3e4a599dd2638a945fc5821090db07
https://conda.anaconda.org/conda-forge/osx-64/make-4.4.1-h00291cd_2.conda#59b4ad97bbb36ef5315500d5bde4bcfc
https://conda.anaconda.org/conda-forge/osx-64/ncurses-6.5-hf036a51_1.conda#e102bbf8a6ceeaf429deab8032fc8977
https://conda.anaconda.org/conda-forge/osx-64/openssl-3.3.2-hd23fc13_0.conda#2ff47134c8e292868a4609519b1ea3b6
https://conda.anaconda.org/conda-forge/osx-64/deno-dom-0.1.35-h08cba0f_1.conda#a066a401b756000c623b09113f59f9c1
https://conda.anaconda.org/conda-forge/osx-64/expat-2.6.3-hac325c4_0.conda#474cd8746e9f896fc5ae84af3c951796
https://conda.anaconda.org/conda-forge/noarch/fonts-conda-ecosystem-1-0.tar.bz2#fee5683a3f04bd15cbd8318b096a27ab
https://conda.anaconda.org/conda-forge/osx-64/gmp-6.3.0-hf036a51_2.conda#427101d13f19c4974552a4e5b072eef1
https://conda.anaconda.org/conda-forge/osx-64/graphite2-1.3.13-h73e2aa4_1003.conda#fc7124f86e1d359fc5d878accd9e814c
https://conda.anaconda.org/conda-forge/osx-64/isl-0.26-imath32_h2e86a7b_101.conda#d06222822a9144918333346f145b68c6
https://conda.anaconda.org/conda-forge/osx-64/lerc-4.0.0-hb486fe8_0.tar.bz2#f9d6a4c82889d5ecedec1d90eb673c55
https://conda.anaconda.org/conda-forge/osx-64/libasprintf-0.22.5-hdfe23c8_3.conda#55363e1d53635b3497cdf753ab0690c1
https://conda.anaconda.org/conda-forge/osx-64/libcxx-devel-19.1.1-h7c275be_0.conda#3b6885706110b2947f1e0ac26b3508b4
https://conda.anaconda.org/conda-forge/osx-64/libedit-3.1.20191231-h0678c8f_2.tar.bz2#6016a8a1d0e63cac3de2c352cd40208b
https://conda.anaconda.org/conda-forge/osx-64/libgettextpo-0.22.5-hdfe23c8_3.conda#ba6eeccaee150e24a544be8ae71aeca1
https://conda.anaconda.org/conda-forge/osx-64/libgfortran5-13.2.0-h2873a65_3.conda#e4fb4d23ec2870ff3c40d10afe305aec
https://conda.anaconda.org/conda-forge/osx-64/libnghttp2-1.58.0-h64cf6d3_1.conda#faecc55c2a8155d9ff1c0ff9a0fef64f
https://conda.anaconda.org/conda-forge/osx-64/libpng-1.6.44-h4b8f8c9_0.conda#f32ac2c8dd390dbf169f550887ed09d9
https://conda.anaconda.org/conda-forge/osx-64/libsqlite-3.46.1-h4b8f8c9_0.conda#84de0078b58f899fc164303b0603ff0e
https://conda.anaconda.org/conda-forge/osx-64/libssh2-1.11.0-hd019ec5_0.conda#ca3a72efba692c59a90d4b9fc0dfe774
https://conda.anaconda.org/conda-forge/osx-64/libxml2-2.12.7-heaf3512_4.conda#ea1be6ecfe814da889e882c8b6ead79d
https://conda.anaconda.org/conda-forge/osx-64/pcre2-10.44-h7634a1b_2.conda#58cde0663f487778bcd7a0c8daf50293
https://conda.anaconda.org/conda-forge/osx-64/pixman-0.43.4-h73e2aa4_0.conda#cb134c1e03fd32f4e6bea3f6de2614fd
https://conda.anaconda.org/conda-forge/osx-64/readline-8.2-h9e318b2_1.conda#f17f77f2acf4d344734bda76829ce14e
https://conda.anaconda.org/conda-forge/osx-64/sigtool-0.1.3-h88f4db0_0.tar.bz2#fbfb84b9de9a6939cb165c02c69b1865
https://conda.anaconda.org/conda-forge/osx-64/tapi-1300.6.5-h390ca13_0.conda#c6ee25eb54accb3f1c8fc39203acfaf1
https://conda.anaconda.org/conda-forge/osx-64/tk-8.6.13-h1abcd95_1.conda#bf830ba5afc507c6232d4ef0fb1a882d
https://conda.anaconda.org/conda-forge/osx-64/zlib-1.3.1-hd23fc13_2.conda#c989e0295dcbdc08106fe5d9e935f0b9
https://conda.anaconda.org/conda-forge/osx-64/zstd-1.5.6-h915ae27_0.conda#4cb2cd56f039b129bb0e491c1164167e
https://conda.anaconda.org/conda-forge/osx-64/bwidget-1.9.14-h694c41f_1.tar.bz2#bfebc1f663c38331b8d0dca32a515e95
https://conda.anaconda.org/conda-forge/osx-64/freetype-2.12.1-h60636b9_2.conda#25152fce119320c980e5470e64834b50
https://conda.anaconda.org/conda-forge/osx-64/krb5-1.21.3-h37d8d59_0.conda#d4765c524b1d91567886bde656fb514b
https://conda.anaconda.org/conda-forge/osx-64/libgfortran-5.0.0-13_2_0_h97931a8_3.conda#0b6e23a012ee7a9a5f6b244f5a92c1d5
https://conda.anaconda.org/conda-forge/osx-64/libglib-2.82.1-h63bbcf2_0.conda#0a17d0518293f31c5495674ad3ab4e89
https://conda.anaconda.org/conda-forge/osx-64/libllvm19-19.1.1-h308e1d1_0.conda#91cd397067a8bbcfaaca4ebf38bdae9c
https://conda.anaconda.org/conda-forge/osx-64/libtiff-4.7.0-h583c2ba_1.conda#4b78bcdcc8780cede8b3d090deba874d
https://conda.anaconda.org/conda-forge/osx-64/mpfr-4.2.1-haed47dc_3.conda#d511e58aaaabfc23136880d9956fa7a6
https://conda.anaconda.org/conda-forge/osx-64/python-3.13.0-h8a9149f_100_cp313.conda#1aa71d8a76ca8c86ca151e977660624c
https://conda.anaconda.org/conda-forge/osx-64/quarto-1.5.57-h694c41f_0.conda#22f51e78ab9f09e1352bf5b7625225d5
https://conda.anaconda.org/conda-forge/osx-64/tktable-2.10-hba9d6f1_6.conda#37fbdac8967151ada2e588cafd46b4b2
https://conda.anaconda.org/conda-forge/noarch/argcomplete-3.5.1-pyhd8ed1ab_0.conda#f1f7b435e0e99368020f21447e477b70
https://conda.anaconda.org/conda-forge/osx-64/fontconfig-2.14.2-h5bb23bf_0.conda#86cc5867dfbee4178118392bae4a3c89
https://conda.anaconda.org/conda-forge/osx-64/ld64_osx-64-951.9-h3c7722d_1.conda#037fbd1bbc7873f53bf23d0cc3057d90
https://conda.anaconda.org/conda-forge/osx-64/libclang-cpp19.1-19.1.1-default_hb173f14_0.conda#d8fe75eeb3494d76930214b4c6044411
https://conda.anaconda.org/conda-forge/osx-64/libcurl-8.10.1-h58e7537_0.conda#6c8669d8228a2bbd0283911cc6d6726e
https://conda.anaconda.org/conda-forge/osx-64/libopenblas-0.3.27-openmp_h8869122_1.conda#c0798ad76ddd730dade6ff4dff66e0b5
https://conda.anaconda.org/conda-forge/osx-64/llvm-tools-19-19.1.1-he1be028_0.conda#442f5916b52824f6551cb7cfd8e946ce
https://conda.anaconda.org/conda-forge/osx-64/mpc-1.3.1-h9d8efa1_1.conda#0520855aaae268ea413d6bc913f1384c
https://conda.anaconda.org/conda-forge/osx-64/pyyaml-6.0.2-py313ha37c0e0_1.conda#cdaa065902c8bbf2975cf7744fb5c27d
https://conda.anaconda.org/conda-forge/noarch/setuptools-75.1.0-pyhd8ed1ab_0.conda#d5cd48392c67fb6849ba459c2c2b671f
https://conda.anaconda.org/conda-forge/noarch/toml-0.10.2-pyhd8ed1ab_0.tar.bz2#f832c45a477c78bebd107098db465095
https://conda.anaconda.org/conda-forge/noarch/tomlkit-0.13.2-pyha770c72_0.conda#0062a5f3347733f67b0f33ca48cc21dd
https://conda.anaconda.org/conda-forge/noarch/xmltodict-0.14.1-pyhd8ed1ab_0.conda#7b0fe5a16177e97bb0c71acf55b82197
https://conda.anaconda.org/conda-forge/osx-64/cairo-1.18.0-h37bd5c4_3.conda#448aad56614db52338dc4fd4c758cfb6
https://conda.anaconda.org/conda-forge/osx-64/clang-19-19.1.1-default_hb173f14_0.conda#1c71c0666fbbe1416dd5cec00ab0afc3
https://conda.anaconda.org/conda-forge/osx-64/curl-8.10.1-h58e7537_0.conda#c21fe6ee51849309dc7b3651ca3c75ad
https://conda.anaconda.org/conda-forge/osx-64/gfortran_impl_osx-64-13.2.0-h2bc304d_3.conda#57aa4cb95277a27aa0a1834ed97be45b
https://conda.anaconda.org/conda-forge/osx-64/libblas-3.9.0-22_osx64_openblas.conda#b80966a8c8dd0b531f8e65f709d732e8
https://conda.anaconda.org/conda-forge/osx-64/llvm-tools-19.1.1-hb1c210f_0.conda#a75a07117a366640253e85908602c3e8
https://conda.anaconda.org/conda-forge/noarch/yq-3.4.3-pyhd8ed1ab_0.conda#b5a8334311d5f6751cce8281ab6458d3
https://conda.anaconda.org/conda-forge/osx-64/cctools_osx-64-1010.6-hd0ff2cf_1.conda#0fdd5399ddb037f512e0a44edae7032e
https://conda.anaconda.org/conda-forge/osx-64/clang-19.1.1-default_he371ed4_0.conda#668299695077c740a79bdc898d255ed6
https://conda.anaconda.org/conda-forge/osx-64/harfbuzz-9.0.0-h098a298_1.conda#8dd3c790d5ce9f3bc94c46e5b218e5f8
https://conda.anaconda.org/conda-forge/osx-64/libcblas-3.9.0-22_osx64_openblas.conda#b9fef82772330f61b2b0201c72d2c29b
https://conda.anaconda.org/conda-forge/osx-64/liblapack-3.9.0-22_osx64_openblas.conda#f21b282ff7ba14df6134a0fe6ab42b1b
https://conda.anaconda.org/conda-forge/osx-64/clangxx-19.1.1-default_he371ed4_0.conda#f1df09b73874f4b90d82585c62907ef2
https://conda.anaconda.org/conda-forge/noarch/compiler-rt_osx-64-19.1.1-hf2b8a54_0.conda#58b8e833ea755624bd189c2659c988ee
https://conda.anaconda.org/conda-forge/osx-64/gsl-2.7-h93259b0_0.tar.bz2#b4942b1ee2a52fd67f446074488d774d
https://conda.anaconda.org/conda-forge/osx-64/pango-1.54.0-h115fe74_2.conda#9bfd18e7d9292154b2b79ddb7145f9cf
https://conda.anaconda.org/conda-forge/osx-64/compiler-rt-19.1.1-h1020d70_0.conda#58fbc648899fde59bfa2ff109bf3dfdf
https://conda.anaconda.org/conda-forge/osx-64/clang_impl_osx-64-19.1.1-he96a445_21.conda#d8135eae1cdf369fcb00a1534cd7ef39
https://conda.anaconda.org/conda-forge/osx-64/clang_osx-64-19.1.1-hb91bd55_21.conda#5c08f00eed24aa3d52ec5cf37ad1ecf8
https://conda.anaconda.org/conda-forge/osx-64/clangxx_impl_osx-64-19.1.1-h7b29254_21.conda#8f0bda9b6fc8f0d5b45fd5b1d232a61e
https://conda.anaconda.org/conda-forge/osx-64/gfortran_osx-64-13.2.0-h18f7dce_1.conda#71d59c1ae3fea7a97154ff0e20b38df3
https://conda.anaconda.org/conda-forge/osx-64/clangxx_osx-64-19.1.1-hb91bd55_21.conda#7683476cc0fac142882d95c0be22d705
https://conda.anaconda.org/conda-forge/osx-64/r-base-4.3.3-hc011bdf_15.conda#ff52130b13f20f3d22365763f284f1d5
https://conda.anaconda.org/bioconda/noarch/bioconductor-biocgenerics-0.48.1-r43hdfd78af_2.tar.bz2#a313dd8a932cfd178fad2f3e7e6a6184
https://conda.anaconda.org/bioconda/noarch/bioconductor-data-packages-20231203-hdfd78af_0.tar.bz2#797a95b275a72d48553852e7845edf19
https://conda.anaconda.org/bioconda/osx-64/bioconductor-preprocesscore-1.64.0-r43h4c50009_2.tar.bz2#18433774242156056c18956296e2eb7b
https://conda.anaconda.org/bioconda/osx-64/bioconductor-zlibbioc-1.48.0-r43h4c50009_2.tar.bz2#e7f0bd83a5bbc4b95a8d74f4941993ee
https://conda.anaconda.org/conda-forge/noarch/r-abind-1.4_5-r43hc72bb7e_1006.conda#75d26096ffa98e1cde7b27b9530899a1
https://conda.anaconda.org/conda-forge/noarch/r-assertthat-0.2.1-r43hc72bb7e_5.conda#830d74ef2014697ec7f95922cd6edcef
https://conda.anaconda.org/conda-forge/osx-64/r-backports-1.5.0-r43h6b9d099_1.conda#e739f0a3248bb656dcc93dd673ad6992
https://conda.anaconda.org/conda-forge/osx-64/r-base64enc-0.1_3-r43h6b9d099_1007.conda#15ecd1388d7e3a5678ee3940e04aafbf
https://conda.anaconda.org/conda-forge/noarch/r-bh-1.84.0_0-r43hc72bb7e_1.conda#a0dd88599aad5e9bb67741b5f418ced8
https://conda.anaconda.org/conda-forge/osx-64/r-bit-4.5.0-r43h199b6f9_0.conda#6690dc187073e997614b9f2d40ea9706
https://conda.anaconda.org/conda-forge/osx-64/r-bitops-1.0_9-r43h199b6f9_0.conda#8f5b328908c6521975bef69af67094ad
https://conda.anaconda.org/conda-forge/osx-64/r-cli-3.6.3-r43h25d921d_1.conda#84404e8c777426e851fc9afc90016822
https://conda.anaconda.org/conda-forge/noarch/r-clipr-0.8.0-r43hc72bb7e_3.conda#57efbe0d7deb70566c3314c2f6be7a22
https://conda.anaconda.org/conda-forge/osx-64/r-cluster-2.1.6-r43h9612530_1.conda#ce7552ffa5f4d06649da54b4fdeac28c
https://conda.anaconda.org/conda-forge/noarch/r-codetools-0.2_20-r43hc72bb7e_1.conda#f54a935134de901af63096b29a56697e
https://conda.anaconda.org/conda-forge/osx-64/r-colorspace-2.1_1-r43h6b9d099_0.conda#fe37f7ee4ec77a284b03a84702ccea97
https://conda.anaconda.org/conda-forge/osx-64/r-commonmark-1.9.2-r43h199b6f9_0.conda#d1ffad8ab5d525f240a461f4c7e782f4
https://conda.anaconda.org/conda-forge/noarch/r-cpp11-0.5.0-r43hc72bb7e_0.conda#fdf23cce04ebfbdca0adb2ed88a92092
https://conda.anaconda.org/conda-forge/noarch/r-crayon-1.5.3-r43hc72bb7e_1.conda#bafc77be1942ea00228cf18d2cb30e35
https://conda.anaconda.org/conda-forge/osx-64/r-curl-5.2.1-r43he8ffcfd_1.conda#0fc50080d0e58d7a269eb647eea61c7c
https://conda.anaconda.org/conda-forge/osx-64/r-data.table-1.15.4-r43hd524c53_1.conda#215d4bdd907e429ed9682418a5be75e2
https://conda.anaconda.org/conda-forge/noarch/r-dbi-1.2.3-r43hc72bb7e_1.conda#6a3941852688f1291271e4ef5772425d
https://conda.anaconda.org/conda-forge/osx-64/r-digest-0.6.37-r43h25d921d_0.conda#e5f5fe851f7abbbc85a9be4d1fadb319
https://conda.anaconda.org/conda-forge/noarch/r-evaluate-1.0.1-r43hc72bb7e_0.conda#8d25f602ce6b814cfae40fae50e0e806
https://conda.anaconda.org/conda-forge/osx-64/r-fansi-1.0.6-r43h6b9d099_1.conda#997266b47e9e163856628b301aa8982b
https://conda.anaconda.org/conda-forge/osx-64/r-farver-2.1.2-r43h25d921d_1.conda#bce811aa3bd9b1e69a56d788276f315e
https://conda.anaconda.org/conda-forge/osx-64/r-fastmap-1.2.0-r43h25d921d_1.conda#a4bf96516bd9184f1bad907c812e01ad
https://conda.anaconda.org/conda-forge/osx-64/r-filelock-1.0.3-r43h6b9d099_1.conda#73bf4c37dc4ad418a837ba6eadf52b4f
https://conda.anaconda.org/conda-forge/noarch/r-findpython-1.0.8-r43hc72bb7e_2.conda#38cbadb7db8352ee0f06716ca17c67f8
https://conda.anaconda.org/conda-forge/noarch/r-formatr-1.14-r43hc72bb7e_2.conda#20d39b48868b55b5335a0c578fdda15b
https://conda.anaconda.org/conda-forge/osx-64/r-fs-1.6.4-r43h25d921d_1.conda#27c5450d46b666bcb1aac5d02c9dc62e
https://conda.anaconda.org/conda-forge/noarch/r-futile.options-1.0.1-r43hc72bb7e_1005.conda#57962626cdffa616861bb383076195a2
https://conda.anaconda.org/conda-forge/noarch/r-generics-0.1.3-r43hc72bb7e_3.conda#2d352e143ff3536b257fe53e4ba91a00
https://conda.anaconda.org/conda-forge/osx-64/r-glue-1.8.0-r43h199b6f9_0.conda#297339fd045002446358ed9c4c49e074
https://conda.anaconda.org/conda-forge/osx-64/r-gower-1.0.1-r43h6b9d099_2.conda#08fbd1bbd88d462d0c7804e768aa7f96
https://conda.anaconda.org/conda-forge/noarch/r-gridbase-0.4_7-r43hc72bb7e_1006.conda#cb20b20001ea951cb8fbb86ed14bd061
https://conda.anaconda.org/conda-forge/osx-64/r-isoband-0.2.7-r43h25d921d_3.conda#3e65c1bdd7b3b29fc0ded7d50bdf509e
https://conda.anaconda.org/conda-forge/noarch/r-iterators-1.0.14-r43hc72bb7e_3.conda#982226a9b2f88353204d23b7369683d7
https://conda.anaconda.org/conda-forge/osx-64/r-jsonlite-1.8.9-r43h199b6f9_0.conda#8da9a4e5683afe816d0c4a0b5774abfa
https://conda.anaconda.org/conda-forge/osx-64/r-kernsmooth-2.23_24-r43hae98203_1.conda#334f3c50cdf979c5141a24bba1a991c1
https://conda.anaconda.org/conda-forge/noarch/r-labeling-0.4.3-r43hc72bb7e_1.conda#0464c37b6ff6701cbb8606e8f4bfebe4
https://conda.anaconda.org/conda-forge/osx-64/r-lattice-0.22_6-r43h6b9d099_1.conda#238e56af678fe826dfcf8ab0cbb04bbe
https://conda.anaconda.org/conda-forge/osx-64/r-lazyeval-0.2.2-r43h6b9d099_5.conda#e94061da461830f0ebce000f0997053e
https://conda.anaconda.org/conda-forge/noarch/r-listenv-0.9.1-r43hc72bb7e_1.conda#ec5e5ed484ed53445c5ae5debc3f3f53
https://conda.anaconda.org/conda-forge/osx-64/r-log4r-0.4.3-r43h6b9d099_2.conda#8729171427cbba0ff4d5ee3a6373e7cb
https://conda.anaconda.org/conda-forge/osx-64/r-lpsolve-5.6.21-r43h199b6f9_0.conda#a1322d7406e50a3bcc0afb227483c26d
https://conda.anaconda.org/conda-forge/osx-64/r-magrittr-2.0.3-r43h6b9d099_3.conda#9c935948961f583ba8150f483c635fd5
https://conda.anaconda.org/conda-forge/osx-64/r-mass-7.3_60.0.1-r43h6b9d099_1.conda#08f31cbc14fdbb61c8419e2faa257535
https://conda.anaconda.org/conda-forge/osx-64/r-matrixstats-1.4.1-r43h199b6f9_0.conda#83f245b38f8770fef1477ec46b609b53
https://conda.anaconda.org/conda-forge/osx-64/r-mime-0.12-r43h6b9d099_3.conda#1c0b7beb96f2c848f9aa853299137c32
https://conda.anaconda.org/conda-forge/noarch/r-numderiv-2016.8_1.1-r43hc72bb7e_6.conda#f9bd335fa3579f2e0ed2cdd315fc05ed
https://conda.anaconda.org/conda-forge/noarch/r-packrat-0.9.2-r43hc72bb7e_1.conda#5a09f861ff99aa340d0b435ead5c2054
https://conda.anaconda.org/conda-forge/osx-64/r-parallelly-1.38.0-r43h6b9d099_0.conda#c80d5bd9784acca28a7b30314ff526ee
https://conda.anaconda.org/conda-forge/noarch/r-pkgconfig-2.0.3-r43hc72bb7e_4.conda#509adf7f5bc34d77064f28f487d7fa6e
https://conda.anaconda.org/conda-forge/noarch/r-plogr-0.2.0-r43hc72bb7e_1006.conda#75003e5611e863848d5c7b9d1544d11d
https://conda.anaconda.org/conda-forge/osx-64/r-png-0.1_8-r43h9a19d2a_2.conda#21ccec72773becb8f15b9e09ffe9ff73
https://conda.anaconda.org/conda-forge/noarch/r-pracma-2.4.4-r43hc72bb7e_1.conda#b01b8a12320a725816c72396eb6e0ad2
https://conda.anaconda.org/conda-forge/osx-64/r-proxy-0.4_27-r43h6b9d099_3.conda#5acb0a40767f0937514c1aea1973966e
https://conda.anaconda.org/conda-forge/osx-64/r-ps-1.7.7-r43h6b9d099_0.conda#a9f0c89efd9ff47d4a17c8cb75be4670
https://conda.anaconda.org/conda-forge/osx-64/r-quadprog-1.5_8-r43hae98203_6.conda#267f07f25e327a8a5547ad395d61e36c
https://conda.anaconda.org/conda-forge/noarch/r-r6-2.5.1-r43hc72bb7e_3.conda#66ea76748b9fac0ca0ef549f796228d3
https://conda.anaconda.org/conda-forge/osx-64/r-randomforest-4.7_1.2-r43h7526d82_0.conda#997b81affe4dc61848f53c2ab60e3326
https://conda.anaconda.org/conda-forge/osx-64/r-rappdirs-0.3.3-r43h6b9d099_3.conda#64106e297c2550d577b451d76410055c
https://conda.anaconda.org/conda-forge/noarch/r-rcolorbrewer-1.1_3-r43h785f33e_3.conda#ceb1c167b7d9e5eefed0ecbe759540de
https://conda.anaconda.org/conda-forge/osx-64/r-rcpp-1.0.13-r43h25d921d_0.conda#4895fbea2230d1f7f059571e0aeb37c6
https://conda.anaconda.org/conda-forge/noarch/r-registry-0.5_1-r43hc72bb7e_5.conda#f50f3b41b4a36021e3e4b9f31ea1ac18
https://conda.anaconda.org/conda-forge/noarch/r-renv-1.0.10-r43hc72bb7e_0.conda#8a34049b2345d25c16e965d09dbe1391
https://conda.anaconda.org/conda-forge/osx-64/r-rjson-0.2.23-r43hc83a2cd_0.conda#9f99256880a90bd7d8f859b6505a9382
https://conda.anaconda.org/conda-forge/osx-64/r-rlang-1.1.4-r43h25d921d_1.conda#f7ff14ee68c6e388c856482a82dfbe63
https://conda.anaconda.org/conda-forge/osx-64/r-rpart-4.1.23-r43h6b9d099_1.conda#05ccfcdd3f3c88808f1d1287e65b4d3b
https://conda.anaconda.org/conda-forge/osx-64/r-rrapply-1.2.7-r43h6b9d099_1.conda#4e2bb8ee34d06601f97efa2bd030044b
https://conda.anaconda.org/conda-forge/noarch/r-rstudioapi-0.16.0-r43hc72bb7e_1.conda#bf49fab78ca6311b4e74f5cc7e72880b
https://conda.anaconda.org/conda-forge/noarch/r-shape-1.4.6.1-r43ha770c72_1.conda#f3dc2930e4ff73b8913f773988fe47a9
https://conda.anaconda.org/conda-forge/noarch/r-snow-0.4_4-r43hc72bb7e_3.conda#60eeeef67921f38a80c1778eae3bbbb9
https://conda.anaconda.org/conda-forge/osx-64/r-sourcetools-0.1.7_1-r43h25d921d_2.conda#a967935d708dfab75755cf4dc7dd4907
https://conda.anaconda.org/conda-forge/noarch/r-squarem-2021.1-r43hc72bb7e_3.conda#7540130cd26e12a02742dac9ddc184d6
https://conda.anaconda.org/conda-forge/osx-64/r-stringi-1.8.4-r43hf60abff_3.conda#990b03d88100d864971d12b2df3d41c4
https://conda.anaconda.org/conda-forge/osx-64/r-sys-3.4.3-r43h199b6f9_0.conda#f9e205d7d69b217cc43948ea472ef2e9
https://conda.anaconda.org/conda-forge/noarch/r-timedate-4041.110-r43hc72bb7e_0.conda#77c4992076f8edd8f5fa4b3ed2717fa2
https://conda.anaconda.org/conda-forge/osx-64/r-utf8-1.2.4-r43h6b9d099_1.conda#b08ffc8e28c8532268df1b26b27aa5a1
https://conda.anaconda.org/conda-forge/noarch/r-viridislite-0.4.2-r43hc72bb7e_2.conda#2a5b8c2803b5714f3319a238c66cc9e7
https://conda.anaconda.org/conda-forge/noarch/r-withr-3.0.1-r43hc72bb7e_0.conda#7d7e5e3740a49c0fe78ff729d49ea1a5
https://conda.anaconda.org/conda-forge/osx-64/r-xfun-0.48-r43hc83a2cd_0.conda#89a6692ffbc9ccff0353c6eab26c3753
https://conda.anaconda.org/conda-forge/osx-64/r-xml-3.99_0.17-r43h695470d_1.conda#d145df185c089572d77b49ee1a007d1f
https://conda.anaconda.org/conda-forge/noarch/r-xtable-1.8_4-r43hc72bb7e_6.conda#f4d27961aef7407a530df9c06957f043
https://conda.anaconda.org/conda-forge/osx-64/r-yaml-2.3.10-r43h6b9d099_0.conda#7280551cee2b468ef97bba86793ff20d
https://conda.anaconda.org/conda-forge/osx-64/r-zip-2.3.1-r43h6b9d099_1.conda#a87b4444148398cc2f1f9834f52f6557
https://conda.anaconda.org/bioconda/osx-64/bioconductor-biobase-2.62.0-r43h4c50009_2.tar.bz2#d6dc5bcc6f8243e62ab0b8ea61da1a41
https://conda.anaconda.org/bioconda/noarch/bioconductor-genomeinfodbdata-1.2.11-r43hdfd78af_1.tar.bz2#14721a7fde8cfe4703796dfd5a119d76
https://conda.anaconda.org/bioconda/noarch/bioconductor-matrixgenerics-1.14.0-r43hdfd78af_3.tar.bz2#c79f36cc0cd464874aefd50a700d0079
https://conda.anaconda.org/bioconda/osx-64/bioconductor-rhtslib-2.4.0-r43h4c50009_2.tar.bz2#87acafb6a63e0426c27c759ba2dc097b
https://conda.anaconda.org/bioconda/osx-64/bioconductor-s4vectors-0.40.2-r43h4c50009_2.tar.bz2#935e0479f88ba1893d264e95ff235b27
https://conda.anaconda.org/conda-forge/noarch/r-argparse-2.2.3-r43hc72bb7e_1.conda#4a112f5abf0991d2f72d0efc7abbfc04
https://conda.anaconda.org/conda-forge/osx-64/r-askpass-1.2.1-r43h199b6f9_0.conda#4a4d49b04c9be27164b6320476be9a2f
https://conda.anaconda.org/conda-forge/noarch/r-assertable-0.2.8-r43hc72bb7e_3.conda#5ac3ab178c067426e29ddf107c337bfd
https://conda.anaconda.org/conda-forge/noarch/r-bibtex-0.5.1-r43hc72bb7e_2.conda#4514eabc038859b5ae5e119208b23f6d
https://conda.anaconda.org/conda-forge/osx-64/r-bit64-4.5.2-r43h199b6f9_0.conda#2970c5ac606947b15875f3cca84d483a
https://conda.anaconda.org/conda-forge/osx-64/r-cachem-1.1.0-r43h6b9d099_1.conda#738d9920931f9c9751d3dbaf5703e2b4
https://conda.anaconda.org/conda-forge/osx-64/r-class-7.3_22-r43h6b9d099_2.conda#3ee82437d08bfb91d9a7629985d5ba65
https://conda.anaconda.org/conda-forge/noarch/r-diagram-1.6.5-r43ha770c72_3.conda#bbb01e34de1b65e7161e39cbaae2171e
https://conda.anaconda.org/conda-forge/osx-64/r-ellipsis-0.3.2-r43h6b9d099_3.conda#65cb3e966750685304c9448cfba1e777
https://conda.anaconda.org/conda-forge/noarch/r-foreach-1.5.2-r43hc72bb7e_3.conda#1b0d9e2f20eead453cf64c3257076abd
https://conda.anaconda.org/conda-forge/noarch/r-globals-0.16.3-r43hc72bb7e_1.conda#7786db60901e0d45dbd08c29b9246ec6
https://conda.anaconda.org/conda-forge/osx-64/r-hexbin-1.28.4-r43h7526d82_0.conda#8ab8e0ae29c9a58ee2ab3fa6d687e98b
https://conda.anaconda.org/conda-forge/noarch/r-highr-0.11-r43hc72bb7e_1.conda#23e4d2048f51cbe7c0fb8b9230edc701
https://conda.anaconda.org/conda-forge/noarch/r-lambda.r-1.2.4-r43hc72bb7e_4.conda#bf0eed6164eb10fefeda18059a78193c
https://conda.anaconda.org/conda-forge/osx-64/r-later-1.3.2-r43h25d921d_1.conda#57e123262112496c4818103e8221e656
https://conda.anaconda.org/conda-forge/noarch/r-lifecycle-1.0.4-r43hc72bb7e_1.conda#7a0a8ba1fe2cf12b39062d8291e2fca8
https://conda.anaconda.org/conda-forge/osx-64/r-limsolve-1.5.7.1-r43h9612530_1.conda#a7e23384461c4d22774fa03a6c806899
https://conda.anaconda.org/conda-forge/osx-64/r-matrix-1.6_5-r43h9cf22e7_1.conda#54862e354e1f93bf27959f58040624a9
https://conda.anaconda.org/conda-forge/osx-64/r-modelmetrics-1.2.2.2-r43hccab667_4.conda#f46fe2c5e28e6a4fc0e9e41f7d0aed84
https://conda.anaconda.org/conda-forge/noarch/r-munsell-0.5.1-r43hc72bb7e_1.conda#8b2f9bb8064ae0896ffedd984661a2d5
https://conda.anaconda.org/conda-forge/osx-64/r-nlme-3.1_165-r43h9612530_1.conda#388675d1728055c4ce9c4c4a57859206
https://conda.anaconda.org/conda-forge/osx-64/r-nnet-7.3_19-r43h6b9d099_2.conda#517120637781ce2012096bf0fe490a7a
https://conda.anaconda.org/conda-forge/osx-64/r-openxlsx2-1.9-r43hc83a2cd_0.conda#3a24b4bdc944e17c83fc6fb9f5b772a3
https://conda.anaconda.org/conda-forge/osx-64/r-pki-0.1_14-r43hc743e98_1.conda#30c7115676dab3ed06eb9bdbc3dea8fe
https://conda.anaconda.org/conda-forge/osx-64/r-plyr-1.8.9-r43h25d921d_1.conda#1ca3bad195633deed13c8cd8bfd4852e
https://conda.anaconda.org/conda-forge/noarch/r-prettyunits-1.2.0-r43hc72bb7e_1.conda#cf655364ee1c16ad385e829987a67458
https://conda.anaconda.org/conda-forge/osx-64/r-processx-3.8.4-r43h6b9d099_1.conda#d6051f70994a2724ddfa695cea4e7a05
https://conda.anaconda.org/conda-forge/noarch/r-progressr-0.14.0-r43hc72bb7e_1.conda#ce5d69c0d781106778e951b44313404d
https://conda.anaconda.org/conda-forge/osx-64/r-rcurl-1.98_1.16-r43h761bb74_1.conda#3ffbcd224e67a988a71aabeb02438d07
https://conda.anaconda.org/conda-forge/osx-64/r-timechange-0.3.0-r43h25d921d_1.conda#51c015491614a690d8809baf3d49b3f0
https://conda.anaconda.org/conda-forge/noarch/r-tinytex-0.53-r43hc72bb7e_0.conda#05a17971be0ee1c205b6992ac03fdbc0
https://conda.anaconda.org/conda-forge/osx-64/r-tzdb-0.4.0-r43h25d921d_2.conda#f8ce491c4ae680522fa98d6a5e8be407
https://conda.anaconda.org/conda-forge/osx-64/r-xml2-1.3.6-r43h0ea9301_2.conda#c2cc8dcdf9921c0070c71f6d804b83ab
https://conda.anaconda.org/bioconda/noarch/bioconductor-biocio-1.12.0-r43hdfd78af_0.tar.bz2#bff7970f9c895f54216ca423a271e3dc
https://conda.anaconda.org/bioconda/osx-64/bioconductor-iranges-2.36.0-r43h4c50009_2.tar.bz2#32daa8972d493afca2f7b7e7311e99b3
https://conda.anaconda.org/conda-forge/noarch/r-doparallel-1.0.17-r43hc72bb7e_3.conda#4206403c7e833e5c4eaa75c7d110ca2a
https://conda.anaconda.org/conda-forge/osx-64/r-e1071-1.7_16-r43hc83a2cd_0.conda#068fa4a349ce289dabf00a870d832b67
https://conda.anaconda.org/conda-forge/noarch/r-futile.logger-1.4.3-r43hc72bb7e_1006.conda#dbfd04b54b6ac781070393f2184b3c6d
https://conda.anaconda.org/conda-forge/noarch/r-future-1.34.0-r43h785f33e_0.conda#59eb0ebd94ea7921156d03a3e44dbf2c
https://conda.anaconda.org/conda-forge/noarch/r-gtable-0.3.5-r43hc72bb7e_1.conda#373d1655e4d3c45b6abe455d8a52b14e
https://conda.anaconda.org/conda-forge/osx-64/r-htmltools-0.5.8.1-r43h25d921d_1.conda#33af1cfe705e1c51f76325dd1fae552b
https://conda.anaconda.org/conda-forge/noarch/r-knitr-1.48-r43hc72bb7e_0.conda#78b89f7a7df2bacfa367589fc95a36db
https://conda.anaconda.org/conda-forge/osx-64/r-lubridate-1.9.3-r43h6b9d099_1.conda#5dd8eafd93897d8fd0dddc5a8bba4081
https://conda.anaconda.org/conda-forge/noarch/r-memoise-2.0.1-r43hc72bb7e_3.conda#98e3d2eb6635a5f7b8af487f47184a98
https://conda.anaconda.org/conda-forge/osx-64/r-mgcv-1.9_1-r43h374a70c_1.conda#aa498fa8c1b485ac3df32ca44f05be95
https://conda.anaconda.org/conda-forge/osx-64/r-openssl-2.2.2-r43h83cc2e4_0.conda#d44689f04c95775ab18325a47c185da4
https://conda.anaconda.org/conda-forge/osx-64/r-proc-1.18.5-r43h25d921d_1.conda#365a839e0391fb9626ee2b51893b33ac
https://conda.anaconda.org/conda-forge/osx-64/r-promises-1.3.0-r43h25d921d_1.conda#f8dfeee3d88623cbd44a78e574e00e92
https://conda.anaconda.org/bioconda/osx-64/r-restfulr-0.0.15-r43hfa19939_4.tar.bz2#96ae8ec5e1d54d94623eb63c08b0d370
https://conda.anaconda.org/conda-forge/noarch/r-scales-1.3.0-r43hc72bb7e_1.conda#119d9c10dc652ac1492fc49951d86860
https://conda.anaconda.org/conda-forge/osx-64/r-survival-3.7_0-r43h6b9d099_1.conda#73681c40f9c24ca88a3c73a71cc2911e
https://conda.anaconda.org/conda-forge/osx-64/r-vctrs-0.6.5-r43h25d921d_1.conda#7f85731322d3b7675d08b3ab1a24fbf2
https://conda.anaconda.org/bioconda/osx-64/bioconductor-biocparallel-1.36.0-r43hc0ef7c4_2.tar.bz2#79ac73ccaf0ed62ba62fa965a2682f28
https://conda.anaconda.org/bioconda/noarch/bioconductor-genomeinfodb-1.38.1-r43hdfd78af_1.tar.bz2#03e20a01b672b693c9470dec80d83993
https://conda.anaconda.org/bioconda/osx-64/bioconductor-s4arrays-1.2.0-r43h4c50009_2.tar.bz2#163c6c0d6b68403f1f9f9947654aa7a8
https://conda.anaconda.org/bioconda/osx-64/bioconductor-xvector-0.42.0-r43h4c50009_2.tar.bz2#7a354624b66a9e6f59cefd784ada3787
https://conda.anaconda.org/conda-forge/noarch/r-blob-1.2.4-r43hc72bb7e_2.conda#c0111a5bf605a519c06fc7a8b15ee7c2
https://conda.anaconda.org/conda-forge/osx-64/r-clock-0.7.1-r43h25d921d_0.conda#5ca0204886a554ad2165468a91cd38b5
https://conda.anaconda.org/conda-forge/noarch/r-crosstalk-1.2.1-r43hc72bb7e_1.conda#c7d263b41b8fdc09bcc9be0176571274
https://conda.anaconda.org/conda-forge/noarch/r-fontawesome-0.5.2-r43hc72bb7e_1.conda#7eae1f1e19732ec65fab5c3acb836de9
https://conda.anaconda.org/conda-forge/noarch/r-future.apply-1.11.2-r43hc72bb7e_1.conda#6cea705f71400fe45719a97b5fb84859
https://conda.anaconda.org/conda-forge/noarch/r-hms-1.1.3-r43hc72bb7e_2.conda#5eed9ddd04bbb39ecf29045e2b4cc079
https://conda.anaconda.org/conda-forge/osx-64/r-httpuv-1.6.15-r43h25d921d_1.conda#026e0bdf7ca8b1298177b52a67d33e2e
https://conda.anaconda.org/conda-forge/noarch/r-httr-1.4.7-r43hc72bb7e_1.conda#746050b53c705dbe5ac9c5fbce51737a
https://conda.anaconda.org/conda-forge/noarch/r-jquerylib-0.1.4-r43hc72bb7e_3.conda#39eb4928bdd8752b548f7cbe8fa7cabd
https://conda.anaconda.org/conda-forge/noarch/r-pillar-1.9.0-r43hc72bb7e_2.conda#49a43daa7f46eecd9d42f1073da96662
https://conda.anaconda.org/conda-forge/osx-64/r-purrr-1.0.2-r43h6b9d099_1.conda#5dcd66f418021b6422a28e2f21b691c8
https://conda.anaconda.org/conda-forge/noarch/r-rsconnect-1.3.1-r43hc72bb7e_1.conda#e3e766ff0cddc04e5fca62b6388da99a
https://conda.anaconda.org/conda-forge/osx-64/r-sass-0.4.9-r43h25d921d_1.conda#6fdc79a2868f24df8a8dff12bb32c592
https://conda.anaconda.org/conda-forge/noarch/r-stringr-1.5.1-r43h785f33e_1.conda#b997c27a396a991db9fba6ad9c07da40
https://conda.anaconda.org/conda-forge/noarch/r-tidyselect-1.2.1-r43hc72bb7e_1.conda#f55367f874307bb57575ac1506079178
https://conda.anaconda.org/bioconda/osx-64/bioconductor-biostrings-2.70.1-r43h4c50009_2.tar.bz2#1184c94de5fc6a922cf44c21b4ef1953
https://conda.anaconda.org/bioconda/osx-64/bioconductor-genomicranges-1.54.1-r43h4c50009_2.tar.bz2#9b2c85bd7bbf93a76f692f51e7a4f197
https://conda.anaconda.org/bioconda/osx-64/bioconductor-sparsearray-1.2.2-r43h4c50009_2.tar.bz2#26722d12493c5b93ba4216b2dc29f770
https://conda.anaconda.org/conda-forge/noarch/r-bslib-0.8.0-r43hc72bb7e_0.conda#1ad48e7ec3071fd043d89ce5f8c9eb7d
https://conda.anaconda.org/conda-forge/noarch/r-lava-1.8.0-r43hc72bb7e_0.conda#519288c805987bdd7282398304874171
https://conda.anaconda.org/conda-forge/noarch/r-pkgmaker-0.32.10-r43hc72bb7e_2.conda#f08fcaff1760bd8762f38e4def0893aa
https://conda.anaconda.org/conda-forge/noarch/r-progress-1.2.3-r43hc72bb7e_1.conda#e50711aa4ed08fae208148998c92f296
https://conda.anaconda.org/conda-forge/osx-64/r-reshape2-1.4.4-r43h25d921d_4.conda#c5fe66b1a3e732d5508c4c255a94e906
https://conda.anaconda.org/conda-forge/osx-64/r-rsqlite-2.3.7-r43hb79fae8_1.conda#5a0792984fc90b39aa6e5edd5b6ad2bf
https://conda.anaconda.org/conda-forge/osx-64/r-tibble-3.2.1-r43h6b9d099_3.conda#6df3f4711a412c2cb3bb4cc559b14791
https://conda.anaconda.org/bioconda/osx-64/bioconductor-delayedarray-0.28.0-r43h4c50009_2.tar.bz2#b6c35ed69accb71f444267ef07591bfd
https://conda.anaconda.org/bioconda/noarch/bioconductor-keggrest-1.42.0-r43hdfd78af_0.tar.bz2#54323027d5b00c42545a8b7870d95bbf
https://conda.anaconda.org/bioconda/osx-64/bioconductor-rsamtools-2.18.0-r43hc0ef7c4_2.tar.bz2#6b667d0859b5d1119bc84eebfd1df743
https://conda.anaconda.org/conda-forge/osx-64/r-dplyr-1.1.4-r43h25d921d_1.conda#2a7ed558cf5e9170c82cd0126e84e3fc
https://conda.anaconda.org/conda-forge/noarch/r-ggplot2-3.5.1-r43hc72bb7e_1.conda#a828d1513cabc43cf0711ee0eaec53b2
https://conda.anaconda.org/conda-forge/noarch/r-hardhat-1.4.0-r43hc72bb7e_1.conda#4323bf067b9088c4bd971305e84cd003
https://conda.anaconda.org/conda-forge/osx-64/r-prodlim-2024.06.25-r43h25d921d_1.conda#6ea1d37636e71549c231e257829ad1d3
https://conda.anaconda.org/conda-forge/noarch/r-rmarkdown-2.28-r43hc72bb7e_0.conda#93294aae24898657d02e71733af00436
https://conda.anaconda.org/conda-forge/noarch/r-rngtools-1.5.2-r43hc72bb7e_3.conda#01419fe217ffd7f3b2120e33bf7a1247
https://conda.anaconda.org/conda-forge/noarch/r-shiny-1.9.1-r43h785f33e_0.conda#d11e92abff668fae19456d0c77edb796
https://conda.anaconda.org/conda-forge/osx-64/r-vroom-1.6.5-r43h25d921d_1.conda#a7b3148e79ee6d3a6b10529c98b2ce00
https://conda.anaconda.org/bioconda/noarch/bioconductor-annotationdbi-1.64.1-r43hdfd78af_0.tar.bz2#2fb7b9df6be98331067946cc8183c92f
https://conda.anaconda.org/bioconda/noarch/bioconductor-summarizedexperiment-1.32.0-r43hdfd78af_0.tar.bz2#6bed161da6d64cef9f9ebd5fbc2452e7
https://conda.anaconda.org/conda-forge/noarch/r-cowplot-1.1.3-r43hc72bb7e_1.conda#2f20d2368e1258a42227b1af7b1f7270
https://conda.anaconda.org/conda-forge/noarch/r-ggdendro-0.2.0-r43hc72bb7e_1.conda#337668e73e80390ad78352346b5bb955
https://conda.anaconda.org/conda-forge/noarch/r-htmlwidgets-1.6.4-r43h785f33e_3.conda#70fe86ab3d54f9a4daf938aedf2d1734
https://conda.anaconda.org/conda-forge/osx-64/r-ipred-0.9_15-r43h6b9d099_1.conda#be4793733055085645c418225d0aac19
https://conda.anaconda.org/conda-forge/osx-64/r-nmf-0.21.0-r43h25d921d_1007.conda#d6d1a7f209d532cabec3ee0c0930cb6b
https://conda.anaconda.org/conda-forge/noarch/r-quarto-1.4.4-r43hc72bb7e_1.conda#940c45785ae7404f5f4bfc61f93fd433
https://conda.anaconda.org/conda-forge/osx-64/r-readr-2.1.5-r43h25d921d_1.conda#b213c314d341b730581eb9fb3911392b
https://conda.anaconda.org/conda-forge/osx-64/r-tidyr-1.3.1-r43h25d921d_1.conda#0f4ae2fd241d726accb0a09e5364b0d0
https://conda.anaconda.org/bioconda/osx-64/bioconductor-genomicalignments-1.38.0-r43h4c50009_1.tar.bz2#8e3650876ed010d81e978e1de59be1e5
https://conda.anaconda.org/bioconda/noarch/bioconductor-quantiseqr-1.10.0-r43hdfd78af_0.tar.bz2#2d1d8c0bc665a6ebbc1f76ab2d393a84
https://conda.anaconda.org/conda-forge/noarch/r-dbplyr-2.5.0-r43hc72bb7e_1.conda#73cd48c8632ca1a98381cc0f1ebed3d4
https://conda.anaconda.org/conda-forge/noarch/r-dt-0.33-r43hc72bb7e_1.conda#4eb6bb2fc9da28a4777a83394641aefc
https://conda.anaconda.org/conda-forge/noarch/r-formattable-0.2.1-r43ha770c72_3.conda#ec04698b282961ec6ff914f0f8562435
https://conda.anaconda.org/conda-forge/noarch/r-ggalluvial-0.12.5-r43hc72bb7e_2.conda#b87ed3cda1393a882ada05efb801e738
https://conda.anaconda.org/conda-forge/noarch/r-plotly-4.10.4-r43hc72bb7e_1.conda#030d74ad170584977b14cc6f5dea4fe6
https://conda.anaconda.org/conda-forge/noarch/r-recipes-1.1.0-r43hc72bb7e_1.conda#3c6b8915c6a6823420943fc2d3acd4a1
https://conda.anaconda.org/bioconda/noarch/bioconductor-biocfilecache-2.10.1-r43hdfd78af_0.tar.bz2#532a3a1ca1cc38e1d31e56f1de94fec4
https://conda.anaconda.org/bioconda/osx-64/bioconductor-rtracklayer-1.62.0-r43h4c50009_1.tar.bz2#96a6910a7f04a29df732f8452cc3bac4
https://conda.anaconda.org/conda-forge/osx-64/r-caret-6.0_94-r43h6b9d099_2.conda#8d004d63eadb19626bb0d575b707e14f
https://conda.anaconda.org/bioconda/noarch/bioconductor-biomart-2.58.0-r43hdfd78af_0.tar.bz2#863f49a8729f533415ec09e562fa7f3c
https://conda.anaconda.org/bioconda/noarch/bioconductor-bsgenome-1.70.1-r43hdfd78af_0.tar.bz2#f512b74569fb95a2903444ce684a49f8
https://conda.anaconda.org/bioconda/noarch/bioconductor-bsgenome.hsapiens.ucsc.hg19-1.4.3-r43hdfd78af_8.tar.bz2#aa0bff7db3b121aaaa5c7d95fab9e716
https://conda.anaconda.org/bioconda/noarch/bioconductor-bsgenome.hsapiens.ucsc.hg38-1.4.5-r43hdfd78af_2.tar.bz2#3b72021dfa812d6e93f3a88d89ff788f
https://conda.anaconda.org/bioconda/noarch/bioconductor-genomicfeatures-1.54.1-r43hdfd78af_0.tar.bz2#445ea419486180673fffc192b5fe8edb
https://conda.anaconda.org/bioconda/osx-64/bioconductor-variantannotation-1.48.1-r43h4c50009_1.tar.bz2#4bc1f791804daa0570cd35a63ca0a268
https://conda.anaconda.org/bioconda/noarch/bioconductor-mutationalpatterns-3.12.0-r43hdfd78af_0.tar.bz2#d22030798f7d464ddb092e4651625210
https://conda.anaconda.org/pcgr/noarch/r-pcgrr-2.1.1-r43_0.tar.bz2#a6d3e29976dc88b38c32d5e81efddd8a
https://conda.anaconda.org/pcgr/noarch/r-cpsr-2.1.1-r43_0.tar.bz2#3d35b8fcdfe8db6bcfca0c2bffe6d9da
