# Generated by conda-lock.
# platform: osx-64
# input_hash: 856209eb798ed3d6827f381e03bff5f14760a7559ce1b426b0699616e06f1ae7
@EXPLICIT
https://conda.anaconda.org/conda-forge/osx-64/argtable2-2.13-h10d778d_1004.conda#7ebcbc431363dfbf9ae25e6a7205d414
https://conda.anaconda.org/conda-forge/osx-64/ca-certificates-2025.1.31-h8857fd0_0.conda#3418b6c8cac3e71c0bc089fc5ea53042
https://conda.anaconda.org/conda-forge/osx-64/icu-73.2-hf5e326d_0.conda#5cc301d759ec03f28328428e28f65591
https://conda.anaconda.org/conda-forge/osx-64/libdeflate-1.20-h49d49c5_0.conda#d46104f6a896a0bc6a1d37b88b2edf5c
https://conda.anaconda.org/conda-forge/osx-64/libev-4.33-h10d778d_2.conda#899db79329439820b7e8f8de41bca902
https://conda.anaconda.org/conda-forge/osx-64/libunistring-0.9.10-h0d85af4_0.tar.bz2#40f27dc16f73256d7b93e53c4f03d92f
https://conda.anaconda.org/bioconda/osx-64/paml-4.10.7-h2413b67_1.tar.bz2#3b63064a2150fc52a2e29dc9dd819b16
https://conda.anaconda.org/conda-forge/osx-64/pandoc-3.6.3-h694c41f_0.conda#eb1ef420766e7f9bd8f61a2bc7c2961d
https://conda.anaconda.org/conda-forge/osx-64/perl-5.32.1-7_h10d778d_perl5.conda#dc442e0885c3a6b65e61c61558161a9e
https://conda.anaconda.org/conda-forge/osx-64/python_abi-3.12-5_cp312.conda#c34dd4920e0addf7cfcc725809f25d8e
https://conda.anaconda.org/conda-forge/noarch/tzdata-2025a-h78e105d_0.conda#dbcace4706afdfb7eb891f7b37d07c04
https://conda.anaconda.org/conda-forge/osx-64/unzip-6.0-h0d85af4_3.tar.bz2#e4bc5df44c5bb4892929b02596dc68c9
https://conda.anaconda.org/bioconda/osx-64/vcfanno-0.3.5-h527b516_1.tar.bz2#d0621866e457d007f02b28d781b50395
https://conda.anaconda.org/conda-forge/osx-64/yaml-0.2.5-h0d85af4_2.tar.bz2#d7e08fcf8259d742156188e8762b4d20
https://conda.anaconda.org/conda-forge/osx-64/bzip2-1.0.8-hfdf4475_7.conda#7ed4301d437b59045be7e051a0308211
https://conda.anaconda.org/conda-forge/osx-64/c-ares-1.34.4-hf13058a_0.conda#133255af67aaf1e0c0468cc753fd800b
https://conda.anaconda.org/conda-forge/osx-64/libcxx-19.1.7-hf95d169_0.conda#4b8f8dc448d814169dbc58fc7286057d
https://conda.anaconda.org/conda-forge/osx-64/libexpat-2.6.4-h240833e_0.conda#20307f4049a735a78a29073be1be2626
https://conda.anaconda.org/conda-forge/osx-64/libffi-3.4.6-h281671d_0.conda#b8667b0d0400b8dcb6844d8e06b2027d
https://conda.anaconda.org/conda-forge/osx-64/libiconv-1.18-h4b5e92a_1.conda#6283140d7b2b55b6b095af939b71b13f
https://conda.anaconda.org/conda-forge/osx-64/liblzma-5.6.4-hd471939_0.conda#db9d7b0152613f097cdb61ccf9f70ef5
https://conda.anaconda.org/conda-forge/osx-64/libntlm-1.8-h6e16a3a_0.conda#23d706dbe90b54059ad86ff826677f39
https://conda.anaconda.org/conda-forge/osx-64/libzlib-1.2.13-h87427d6_6.conda#c0ef3c38a80c02ae1d86588c055184fc
https://conda.anaconda.org/conda-forge/osx-64/llvm-openmp-19.1.7-ha54dae1_0.conda#65d08c50518999e69f421838c1d5b91f
https://conda.anaconda.org/conda-forge/osx-64/macports-legacy-support-1.3.0-hfdf4475_0.conda#08f41941a3154f2ed18f61e4a4cb8776
https://conda.anaconda.org/conda-forge/osx-64/ncurses-6.5-h0622a9a_3.conda#ced34dd9929f491ca6dab6a2927aff25
https://conda.anaconda.org/conda-forge/osx-64/openssl-3.4.1-hc426f3f_0.conda#a7d63f8e7ab23f71327ea6d27e2d5eae
https://conda.anaconda.org/bioconda/noarch/perl-algorithm-diff-1.1903-pl5321hdfd78af_3.tar.bz2#e66fb178d12c7e26622d863809a14fcc
https://conda.anaconda.org/bioconda/noarch/perl-base-2.23-pl5321hdfd78af_2.tar.bz2#56bcf32d7efd3cb8f9bb6c3e4c592f48
https://conda.anaconda.org/bioconda/noarch/perl-capture-tiny-0.48-pl5321hdfd78af_2.tar.bz2#b69b3ca72d566f61f29839319be23b30
https://conda.anaconda.org/bioconda/noarch/perl-class-data-inheritable-0.09-pl5321hdfd78af_0.tar.bz2#1523b871c9a6361adcd51be5260b6a67
https://conda.anaconda.org/bioconda/noarch/perl-common-sense-3.75-pl5321hdfd78af_0.tar.bz2#e2b8ed203949cd454cdfa947b31eef3e
https://conda.anaconda.org/conda-forge/osx-64/perl-compress-raw-zlib-2.202-pl5321h0aa47d9_0.conda#4a65e9e75232e882fbd9787a737c34ab
https://conda.anaconda.org/bioconda/noarch/perl-constant-1.33-pl5321hdfd78af_2.tar.bz2#bda05b652c9a6d069ccf520149e1c171
https://conda.anaconda.org/bioconda/osx-64/perl-data-dump-1.25-pl5321ha5712d3_1.tar.bz2#425b0bdfe1d012aafbf972bf121b5a6e
https://conda.anaconda.org/bioconda/osx-64/perl-data-dumper-2.183-pl5321ha5712d3_1.tar.bz2#1f41c5dd0653f065c372c3c53d4f66d9
https://conda.anaconda.org/bioconda/osx-64/perl-dbi-1.643-pl5321ha5712d3_1.tar.bz2#77015266fc0e4b6d4c83ac8bd33248f2
https://conda.anaconda.org/bioconda/noarch/perl-devel-stacktrace-2.04-pl5321hdfd78af_1.tar.bz2#7446f526072f9ed4518e90d0575f962e
https://conda.anaconda.org/bioconda/noarch/perl-digest-hmac-1.04-pl5321hdfd78af_0.tar.bz2#872d481415766335aea1abc5b4b0a16d
https://conda.anaconda.org/bioconda/osx-64/perl-digest-md5-2.58-pl5321ha5712d3_1.tar.bz2#5719dbe3af7d3f9690df1c7c804b8e45
https://conda.anaconda.org/bioconda/noarch/perl-exporter-5.72-pl5321hdfd78af_2.tar.bz2#7353e88329199d78b6e4c7bef4fc835e
https://conda.anaconda.org/bioconda/noarch/perl-exporter-tiny-1.002002-pl5321hdfd78af_0.tar.bz2#4cf435ed1fd536725957dda475522f57
https://conda.anaconda.org/conda-forge/noarch/perl-extutils-makemaker-7.70-pl5321hd8ed1ab_0.conda#ec3e57ed34f7765bfc7054a05868ce5d
https://conda.anaconda.org/bioconda/noarch/perl-file-slurp-tiny-0.004-pl5321hdfd78af_2.tar.bz2#67f2e04a41c08c7faab45ffd890a653b
https://conda.anaconda.org/bioconda/noarch/perl-file-sort-1.01-pl5321hdfd78af_3.tar.bz2#4e92e20759a9e525a2e98018b25e6100
https://conda.anaconda.org/bioconda/noarch/perl-file-spec-3.48_01-pl5321hdfd78af_2.tar.bz2#aab3e394e9759fffdbd042d98d30aeb8
https://conda.anaconda.org/bioconda/noarch/perl-getopt-long-2.58-pl5321hdfd78af_0.tar.bz2#10469a3defbd6dbab17d3d10dd6fd828
https://conda.anaconda.org/bioconda/noarch/perl-html-tagset-3.20-pl5321hdfd78af_4.tar.bz2#69c71855f076d4e826c1af7b4d197969
https://conda.anaconda.org/conda-forge/osx-64/perl-inc-latest-0.500-pl5321h694c41f_0.conda#ea9e9feb1bcdf9a8a83ff4e90cc4f274
https://conda.anaconda.org/bioconda/noarch/perl-io-html-1.004-pl5321hdfd78af_0.tar.bz2#41b9702808c81294c0b1dc112f239214
https://conda.anaconda.org/bioconda/noarch/perl-io-string-1.08-pl5321hdfd78af_4.tar.bz2#c34ef3559a60db3eeddbdd10718906a4
https://conda.anaconda.org/bioconda/osx-64/perl-io-tty-1.16-pl5321ha5712d3_1.tar.bz2#5fdbbb9b6250db126501166b79dc0a01
https://conda.anaconda.org/bioconda/noarch/perl-io-zlib-1.14-pl5321hdfd78af_0.tar.bz2#eadd0d684a0e22f08cccd6783c97606e
https://conda.anaconda.org/bioconda/osx-64/perl-list-moreutils-xs-0.430-pl5321h18d8cf3_4.tar.bz2#8d8df6d40bbebea68a036aa6d6695a24
https://conda.anaconda.org/bioconda/osx-64/perl-mime-base64-3.16-pl5321ha5712d3_2.tar.bz2#b41dfe12ae0c7069873b9c9c5cd122ce
https://conda.anaconda.org/bioconda/noarch/perl-module-load-0.34-pl5321hdfd78af_0.tar.bz2#45df92e53ca24c6a8e1bda8be712c0bf
https://conda.anaconda.org/bioconda/noarch/perl-mozilla-ca-20211001-pl5321hdfd78af_0.tar.bz2#3143471a42244ba6dd52fb8f156a3915
https://conda.anaconda.org/bioconda/noarch/perl-parent-0.236-pl5321hdfd78af_2.tar.bz2#39654d6adccb863ac8973da0f745dd52
https://conda.anaconda.org/bioconda/osx-64/perl-scalar-list-utils-1.62-pl5321ha5712d3_0.tar.bz2#66feb90334a558f23e7583c252517676
https://conda.anaconda.org/bioconda/osx-64/perl-sereal-decoder-4.025-pl5321ha5712d3_1.tar.bz2#ca35c1d32e02c48998b5145741043d1b
https://conda.anaconda.org/bioconda/osx-64/perl-sereal-encoder-4.025-pl5321ha5712d3_1.tar.bz2#7197c3dcbfefd6a76a0c838c27645a69
https://conda.anaconda.org/bioconda/osx-64/perl-socket-2.027-pl5321h2413b67_6.tar.bz2#a6fb63ecceffa5dde0b2ca77cce0a3d0
https://conda.anaconda.org/bioconda/osx-64/perl-sub-uplevel-0.2800-pl5321ha5712d3_4.tar.bz2#2614a42bdc9eede1c39aab8afb3c3fbd
https://conda.anaconda.org/bioconda/noarch/perl-test-deep-1.130-pl5321hdfd78af_0.tar.bz2#e15ab2531827b0c8a803456ac6072c11
https://conda.anaconda.org/bioconda/noarch/perl-test-harness-3.44-pl5321hdfd78af_0.tar.bz2#f6a9c19b95737821062fbe49c4fcd4e1
https://conda.anaconda.org/bioconda/noarch/perl-timedate-2.33-pl5321hdfd78af_2.tar.bz2#c4686f71d90a9ecbaf76c6794a309843
https://conda.anaconda.org/bioconda/noarch/perl-try-tiny-0.31-pl5321hdfd78af_1.tar.bz2#392bfccbd3a8c498b6b9c72bef1a2f21
https://conda.anaconda.org/bioconda/osx-64/perl-url-encode-0.03-pl5321h527b516_1.tar.bz2#81ef4e066c04eafd9f5227fcca089f7d
https://conda.anaconda.org/bioconda/noarch/perl-xml-regexp-0.04-pl5321hdfd78af_3.tar.bz2#8a5a1bd078a08890084e93cd5eff3fa7
https://conda.anaconda.org/bioconda/noarch/perl-xml-xpathengine-0.14-pl5321hdfd78af_3.tar.bz2#4af616066d02762108e88cf5413d3ded
https://conda.anaconda.org/bioconda/osx-64/clustalo-1.2.4-h5eaf441_9.tar.bz2#25873d609fe624de1f2096c6027471ca
https://conda.anaconda.org/bioconda/osx-64/clustalw-2.1-h5fa12a8_12.tar.bz2#a7f173d586a9db3a085722e6957fdaae
https://conda.anaconda.org/conda-forge/osx-64/expat-2.6.4-h240833e_0.conda#81ca1acbdfb112e1c8270d613c92bce4
https://conda.anaconda.org/conda-forge/osx-64/gmp-6.3.0-hf036a51_2.conda#427101d13f19c4974552a4e5b072eef1
https://conda.anaconda.org/conda-forge/osx-64/libabseil-20240116.2-cxx17_hf036a51_1.conda#d6c78ca84abed3fea5f308ac83b8f54e
https://conda.anaconda.org/conda-forge/osx-64/libasprintf-0.23.1-h27064b9_0.conda#43e1d9e1712208ac61941a513259248d
https://conda.anaconda.org/conda-forge/osx-64/libdb-6.2.32-he49afe7_0.tar.bz2#b685b11e8fd0aa0be67e65984c11a15c
https://conda.anaconda.org/conda-forge/osx-64/libedit-3.1.20250104-pl5321ha958ccf_0.conda#1f4ed31220402fcddc083b4bff406868
https://conda.anaconda.org/conda-forge/osx-64/libevent-2.1.12-ha90c15b_1.conda#e38e467e577bd193a7d5de7c2c540b04
https://conda.anaconda.org/conda-forge/osx-64/libgfortran5-13.2.0-h2873a65_3.conda#e4fb4d23ec2870ff3c40d10afe305aec
https://conda.anaconda.org/conda-forge/osx-64/libintl-0.23.1-h27064b9_0.conda#4182fe11073548596723d9cd2c23b1ac
https://conda.anaconda.org/conda-forge/osx-64/libllvm14-14.0.6-hc8e404f_4.conda#ed06753e2ba7c66ed0ca7f19578fcb68
https://conda.anaconda.org/conda-forge/osx-64/liblzma-devel-5.6.4-hd471939_0.conda#06eccf9183d7bfeb45888e07804e6297
https://conda.anaconda.org/conda-forge/osx-64/libnghttp2-1.58.0-h64cf6d3_1.conda#faecc55c2a8155d9ff1c0ff9a0fef64f
https://conda.anaconda.org/conda-forge/osx-64/libsqlite-3.46.0-h1b8f9f3_0.conda#5dadfbc1a567fe6e475df4ce3148be09
https://conda.anaconda.org/conda-forge/osx-64/libssh2-1.11.0-hd019ec5_0.conda#ca3a72efba692c59a90d4b9fc0dfe774
https://conda.anaconda.org/conda-forge/osx-64/lz4-c-1.9.4-hf0c8a7f_0.conda#aa04f7143228308662696ac24023f991
https://conda.anaconda.org/bioconda/osx-64/muscle-5.3-h8e8ab34_1.tar.bz2#c2fc479303532513f93956c0b0966244
https://conda.anaconda.org/conda-forge/osx-64/mysql-common-8.3.0-hfd7a639_4.conda#65af0764c5a5617539d07c9d243250e3
https://conda.anaconda.org/conda-forge/osx-64/mysql-connector-c-6.1.11-h89ed7f3_1008.conda#d82a54c426918eb8c09d8b38b9a6c539
https://conda.anaconda.org/bioconda/osx-64/ncbi-vdb-3.2.0-h5fa12a8_0.tar.bz2#e3b05161e356a116a89a8228f34c2c23
https://conda.anaconda.org/bioconda/noarch/perl-carp-1.38-pl5321hdfd78af_4.tar.bz2#e4cbd5d05ff5018e31668ae0b4a47a05
https://conda.anaconda.org/bioconda/osx-64/perl-compress-raw-bzip2-2.201-pl5321h9722bc1_0.tar.bz2#4c703ab9164ee0caa175690828397a60
https://conda.anaconda.org/bioconda/osx-64/perl-encode-3.19-pl5321ha5712d3_1.tar.bz2#71a8b8daa5e0104fbd489f31cfef4722
https://conda.anaconda.org/bioconda/noarch/perl-exception-class-1.45-pl5321hdfd78af_0.tar.bz2#5c3c97db8109bee156618a9931bdd893
https://conda.anaconda.org/bioconda/noarch/perl-ipc-run-20200505.0-pl5321hdfd78af_0.tar.bz2#b0234081e5c5fd205c900dd9bc920da6
https://conda.anaconda.org/bioconda/noarch/perl-list-moreutils-0.430-pl5321hdfd78af_0.tar.bz2#7f04c79d216d0f8e7b6d5a51de4aafa0
https://conda.anaconda.org/conda-forge/osx-64/perl-module-build-0.4234-pl5321h694c41f_1.conda#e782de96274bee0d334904d2d9a72075
https://conda.anaconda.org/bioconda/noarch/perl-ntlm-1.09-pl5321hdfd78af_5.tar.bz2#dac95634eb35296b62569c77e2ceef5c
https://conda.anaconda.org/bioconda/noarch/perl-sereal-4.019-pl5321hdfd78af_0.tar.bz2#8413d0d137956073a48aa058aacbb998
https://conda.anaconda.org/bioconda/noarch/perl-test-exception-0.43-pl5321hdfd78af_3.tar.bz2#797a92af7cef65264766217ca05de66f
https://conda.anaconda.org/bioconda/noarch/perl-test-requiresinternet-0.05-pl5321hdfd78af_1.tar.bz2#715b1cf617730df28080c5c3981212e4
https://conda.anaconda.org/bioconda/noarch/perl-test-warn-0.36-pl5321hdfd78af_2.tar.bz2#ae17bf3b6cebb12ccd548084fc7d015c
https://conda.anaconda.org/bioconda/noarch/perl-text-csv-2.01-pl5321hdfd78af_0.tar.bz2#91e32b6e42be7049b18d23bd9d6ea4e4
https://conda.anaconda.org/bioconda/noarch/perl-text-diff-1.45-pl5321hdfd78af_1.tar.bz2#e9b9f91c7e44a671faa8fbf20cbdd6f6
https://conda.anaconda.org/bioconda/noarch/perl-tree-dag_node-1.32-pl5321hdfd78af_0.tar.bz2#09b05f575f3ae5f4a87003c857e3ad5d
https://conda.anaconda.org/bioconda/noarch/perl-types-serialiser-1.01-pl5321hdfd78af_0.tar.bz2#cfc65753e827bbef80c00eaa395f6ae7
https://conda.anaconda.org/conda-forge/osx-64/readline-8.2-h9e318b2_1.conda#f17f77f2acf4d344734bda76829ce14e
https://conda.anaconda.org/conda-forge/osx-64/sigtool-0.1.3-h88f4db0_0.tar.bz2#fbfb84b9de9a6939cb165c02c69b1865
https://conda.anaconda.org/conda-forge/osx-64/tapi-1100.0.11-h9ce4665_0.tar.bz2#f9ff42ccf809a21ba6f8607f8de36108
https://conda.anaconda.org/conda-forge/osx-64/tk-8.6.13-h1abcd95_1.conda#bf830ba5afc507c6232d4ef0fb1a882d
https://conda.anaconda.org/conda-forge/osx-64/xz-gpl-tools-5.6.4-h357f2ed_0.conda#bbe2c5315d02654eb195bdf012bad66c
https://conda.anaconda.org/conda-forge/osx-64/xz-tools-5.6.4-hd471939_0.conda#479783497192d1ad6671cbd0080f6dcb
https://conda.anaconda.org/conda-forge/osx-64/zlib-1.2.13-h87427d6_6.conda#700b922d6d22e7deb5fb2964d0c8cf6a
https://conda.anaconda.org/conda-forge/osx-64/zstd-1.5.6-h915ae27_0.conda#4cb2cd56f039b129bb0e491c1164167e
https://conda.anaconda.org/conda-forge/osx-64/gettext-tools-0.23.1-h27064b9_0.conda#a6bc310a08cf42286627c818da4c0ba1
https://conda.anaconda.org/conda-forge/osx-64/krb5-1.21.3-h37d8d59_0.conda#d4765c524b1d91567886bde656fb514b
https://conda.anaconda.org/conda-forge/osx-64/libasprintf-devel-0.23.1-h27064b9_0.conda#85b6f23aab6898c44f477f354c675721
https://conda.anaconda.org/conda-forge/osx-64/libgettextpo-0.23.1-h27064b9_0.conda#352ffb2b7788775a65a32c018d972a8a
https://conda.anaconda.org/conda-forge/osx-64/libgfortran-5.0.0-13_2_0_h97931a8_3.conda#0b6e23a012ee7a9a5f6b244f5a92c1d5
https://conda.anaconda.org/conda-forge/osx-64/libintl-devel-0.23.1-h27064b9_0.conda#6d4a30603b01f15bb643e14a9807e46c
https://conda.anaconda.org/conda-forge/osx-64/libllvm12-12.0.1-hd011deb_2.tar.bz2#f1efc65ed2e85c3f138b0c68a8f0d5b7
https://conda.anaconda.org/conda-forge/osx-64/libprotobuf-4.25.3-h4e4d658_0.conda#57b7ee4f1fd8573781cfdabaec4a7782
https://conda.anaconda.org/conda-forge/osx-64/mpfr-4.2.1-haed47dc_3.conda#d511e58aaaabfc23136880d9956fa7a6
https://conda.anaconda.org/conda-forge/osx-64/mysql-client-8.3.0-hbece87f_4.conda#58fa316ca7a39b983dd80849f1a70592
https://conda.anaconda.org/conda-forge/osx-64/mysql-libs-8.3.0-ha9146f8_4.conda#507610a153e96fad858e1735779b3781
https://conda.anaconda.org/bioconda/noarch/perl-business-isbn-data-20210112.006-pl5321hdfd78af_0.tar.bz2#9b57a4df4970f5d01a1da0f1807b862e
https://conda.anaconda.org/conda-forge/osx-64/perl-db_file-1.858-pl5321h6e16a3a_0.conda#965f7aeb2205194ed2264e63ec57f6c0
https://conda.anaconda.org/bioconda/noarch/perl-encode-locale-1.05-pl5321hdfd78af_7.tar.bz2#b431fde1d115040cf39bb54280a03dc8
https://conda.anaconda.org/bioconda/osx-64/perl-extutils-cppguess-0.26-pl5321h5fa12a8_3.tar.bz2#75d43ddb1eaefdaee59a023a5cb03d34
https://conda.anaconda.org/bioconda/osx-64/perl-io-compress-2.201-pl5321h5eaf441_4.tar.bz2#60ddfc654a47dc2355b05c3af19bf0d3
https://conda.anaconda.org/bioconda/osx-64/perl-json-xs-4.03-pl5321h5fa12a8_4.tar.bz2#dcfbe2a2e3af52ec2280186e24c75d3d
https://conda.anaconda.org/bioconda/noarch/perl-lwp-mediatypes-6.04-pl5321hdfd78af_1.tar.bz2#386b035f45e9389e6e9b1a367fdd19bb
https://conda.anaconda.org/conda-forge/osx-64/perl-net-ssleay-1.92-pl5321h278ddf8_1.tar.bz2#56bc05ee9387d25940f6a4343bad758f
https://conda.anaconda.org/bioconda/osx-64/perl-pathtools-3.75-pl5321ha5712d3_3.tar.bz2#e6e95f39172ea28c0e575c6dc7d35d39
https://conda.anaconda.org/bioconda/osx-64/perl-perlio-gzip-0.20-pl5321h10309d6_6.tar.bz2#2fa82ceb132aac11818024aa85e3bc13
https://conda.anaconda.org/bioconda/noarch/perl-test-differences-0.69-pl5321hdfd78af_0.tar.bz2#1f7a9aa718798b8f9544d0a80dea3673
https://conda.anaconda.org/bioconda/osx-64/perl-time-hires-1.9764-pl5321h18d8cf3_6.tar.bz2#1d2d311217d7f8c320c5502792cfa0e5
https://conda.anaconda.org/bioconda/noarch/perl-time-local-1.35-pl5321hdfd78af_0.tar.bz2#e813d43b775e17589b5dd9cd99b3e8b6
https://conda.anaconda.org/bioconda/osx-64/perl-xml-parser-2.44-pl5321h50c80e2_8.tar.bz2#8bacf361155def67272da3560bdd03fa
https://conda.anaconda.org/bioconda/osx-64/rpsbproc-0.5.0-h43736c0_1.tar.bz2#3803ac616e49b1391c88698983c57630
https://conda.anaconda.org/conda-forge/osx-64/xz-5.6.4-h357f2ed_0.conda#702db4b35cffa4f94b94414066ffbb2b
https://conda.anaconda.org/bioconda/osx-64/bedtools-2.31.1-hdd9cfa2_2.tar.bz2#1f66f8ceac0e134b67f297caa63c0450
https://conda.anaconda.org/conda-forge/osx-64/cyrus-sasl-2.1.27-hf9bab2b_7.conda#b3a8aa48d3d5e1bfb31ee3bde1f2c544
https://conda.anaconda.org/conda-forge/osx-64/gawk-5.3.1-h0631170_0.conda#b6e1434b21225b3f8d5dfa8e7aee72b0
https://conda.anaconda.org/conda-forge/osx-64/ld64_osx-64-609-hc6b1d1e_10.tar.bz2#4a5fdb42da6da735f2f4778d63b4b9f0
https://conda.anaconda.org/conda-forge/osx-64/libclang-cpp12-12.0.1-default_he082bbe_4.tar.bz2#2e53c06139a0b687f970e0538c0c4fd7
https://conda.anaconda.org/conda-forge/osx-64/libcurl-8.8.0-hf9fcc65_1.conda#11711bab5306a6534797a68b3c4c2bed
https://conda.anaconda.org/conda-forge/osx-64/libgettextpo-devel-0.23.1-h27064b9_0.conda#fea8af9c8a5d38b3b1b7f72dc3d7080a
https://conda.anaconda.org/conda-forge/osx-64/libopenblas-0.3.29-openmp_hbf64a52_0.conda#a30dc52b2a8b6300f17eaabd2f940d41
https://conda.anaconda.org/conda-forge/osx-64/llvm-tools-12.0.1-hd011deb_2.tar.bz2#9864ddf73340515b93c2ff18da33ec8d
https://conda.anaconda.org/conda-forge/osx-64/mysql-devel-8.3.0-hfd7a639_4.conda#fd78c5d95b62e5f884bcc0e5b327463c
https://conda.anaconda.org/bioconda/noarch/perl-archive-tar-2.40-pl5321hdfd78af_0.tar.bz2#ef5f007762b5ad9425694104d7db4463
https://conda.anaconda.org/bioconda/noarch/perl-bioperl-core-1.7.8-pl5321hdfd78af_1.tar.bz2#e627a38fe206468089dc73a0aafb6c8c
https://conda.anaconda.org/bioconda/noarch/perl-business-isbn-3.007-pl5321hdfd78af_0.tar.bz2#3cdaa3f73497365e08346443d81dac81
https://conda.anaconda.org/bioconda/noarch/perl-http-date-6.06-pl5321hdfd78af_0.tar.bz2#dbf1658443c214ea04fce36312d7efe3
https://conda.anaconda.org/bioconda/noarch/perl-io-socket-ssl-2.074-pl5321hdfd78af_0.tar.bz2#848d5e23136422e87522336ba1865a5b
https://conda.anaconda.org/bioconda/noarch/perl-json-4.10-pl5321hdfd78af_1.tar.bz2#c6c43c11e14d90b836f42c611e106ea9
https://conda.anaconda.org/bioconda/noarch/perl-libxml-perl-0.08-pl5321hdfd78af_3.tar.bz2#1c365765ae910890ad8787ef53dab70c
https://conda.anaconda.org/bioconda/osx-64/perl-set-intervaltree-0.12-pl5321h5eaf441_5.tar.bz2#49329ed1270662e5e110fa29d70b4411
https://conda.anaconda.org/bioconda/noarch/perl-test-most-0.38-pl5321hdfd78af_0.tar.bz2#af484f1f44bf33bb0a6ab33e109ab8cb
https://conda.anaconda.org/conda-forge/osx-64/python-3.12.3-h1411813_0_cpython.conda#df1448ec6cbf8eceb03d29003cf72ae6
https://conda.anaconda.org/conda-forge/osx-64/cctools_osx-64-973.0.1-hcc6d90d_12.conda#5e2c08283fa0292e0e40776a2b9ebb1c
https://conda.anaconda.org/conda-forge/osx-64/clang-12-12.0.1-default_he082bbe_4.tar.bz2#24691a609d62717554c14f2d466677dd
https://conda.anaconda.org/conda-forge/noarch/click-8.1.8-pyh707e725_0.conda#f22f4d4970e09d68a10b922cbb0408d3
https://conda.anaconda.org/conda-forge/osx-64/curl-8.8.0-hea67d85_1.conda#5c62b67625dffc2b592d8dd7d6493385
https://conda.anaconda.org/conda-forge/osx-64/gettext-0.23.1-hd385c8e_0.conda#22d89ca70e22979c38bd0146abf21c2a
https://conda.anaconda.org/bioconda/osx-64/htslib-1.21-hec81eee_0.tar.bz2#4a419103de22807192ac8958dac81516
https://conda.anaconda.org/conda-forge/noarch/humanfriendly-10.0-pyh707e725_8.conda#7fe569c10905402ed47024fc481bb371
https://conda.anaconda.org/conda-forge/osx-64/libblas-3.9.0-31_h7f60823_openblas.conda#a8c1c9f95d1c46d67028a6146c1ea77c
https://conda.anaconda.org/bioconda/osx-64/mafft-7.525-h2413b67_1.tar.bz2#04c50db823c32795686ad381695bb949
https://conda.anaconda.org/conda-forge/osx-64/mysql-server-8.3.0-hf319a18_4.conda#911b01f935665348995c1225876e2776
https://conda.anaconda.org/bioconda/noarch/perl-bio-asn1-entrezgene-1.73-pl5321hdfd78af_3.tar.bz2#1fa1e8f39aad93a6dc5a07b5bbb0d648
https://conda.anaconda.org/bioconda/noarch/perl-bio-coordinate-1.007001-pl5321hdfd78af_3.tar.bz2#e85ab6482178c1510bcb6d4339ad98ac
https://conda.anaconda.org/bioconda/osx-64/perl-bio-samtools-1.43-pl5321h1f540d2_3.tar.bz2#798ee985ec66d7b679b0a7a82b956f88
https://conda.anaconda.org/bioconda/noarch/perl-bio-searchio-hmmer-1.7.3-pl5321hdfd78af_0.tar.bz2#8251ea4d5dc4fd65272ac6700c1d8a21
https://conda.anaconda.org/bioconda/noarch/perl-file-listing-6.16-pl5321hdfd78af_0.tar.bz2#aee1982ba098bb88b04a68f6e06dd825
https://conda.anaconda.org/bioconda/noarch/perl-uri-5.12-pl5321hdfd78af_0.tar.bz2#6b571eaa643024a4bdaa12704928375f
https://conda.anaconda.org/bioconda/osx-64/pysam-0.22.1-py312h7023193_2.tar.bz2#fa515e5d5c09ad4860de15b61c538aaa
https://conda.anaconda.org/conda-forge/noarch/python-tzdata-2025.1-pyhd8ed1ab_0.conda#392c91c42edd569a7ec99ed8648f597a
https://conda.anaconda.org/conda-forge/noarch/pytz-2024.1-pyhd8ed1ab_0.conda#3eeeeb9e4827ace8c0c1419c85d590ad
https://conda.anaconda.org/conda-forge/osx-64/pyyaml-6.0.2-py312h3520af0_2.conda#4a2d83ac55752681d54f781534ddd209
https://conda.anaconda.org/conda-forge/noarch/setuptools-75.8.0-pyhff2d567_0.conda#8f28e299c11afdd79e0ec1e279dcdc52
https://conda.anaconda.org/conda-forge/noarch/six-1.17.0-pyhd8ed1ab_0.conda#a451d576819089b0d672f18768be0f65
https://conda.anaconda.org/bioconda/osx-64/viennarna-2.7.0-py312pl5321h12671c3_0.tar.bz2#1f847dd7bba6d9d03b603b302caeccf7
https://conda.anaconda.org/conda-forge/noarch/wheel-0.45.1-pyhd8ed1ab_1.conda#75cb7132eb58d97896e173ef12ac9986
https://conda.anaconda.org/conda-forge/osx-64/clang-12.0.1-h694c41f_4.tar.bz2#4d268a40da1d13cbb60eaf9c9e301c17
https://conda.anaconda.org/conda-forge/noarch/coloredlogs-15.0.1-pyhd8ed1ab_4.conda#b866ff7007b934d564961066c8195983
https://conda.anaconda.org/conda-forge/osx-64/libcblas-3.9.0-31_hff6cab4_openblas.conda#c655cc2b0c48ec454f7a4db92415d012
https://conda.anaconda.org/conda-forge/osx-64/libidn2-2.3.7-h10d778d_0.conda#a985867eae03167666bba45c2a297da1
https://conda.anaconda.org/conda-forge/osx-64/liblapack-3.9.0-31_h236ab99_openblas.conda#d0f3bc17e0acef003cb9d9195a205888
https://conda.anaconda.org/conda-forge/osx-64/mysql-8.3.0-h88f4db0_4.conda#8138a25e44d726181bcfd101397ca80c
https://conda.anaconda.org/bioconda/noarch/perl-bioperl-run-1.007003-pl5321hdfd78af_0.tar.bz2#5b7b092efda407c9af1981426d83f3f5
https://conda.anaconda.org/bioconda/noarch/perl-http-message-6.36-pl5321hdfd78af_0.tar.bz2#a213d1308ffa8e0789996ae6ecda98ae
https://conda.anaconda.org/bioconda/noarch/perl-net-http-6.22-pl5321hdfd78af_0.tar.bz2#f3b44f2b9932c3def346e6ad9aabe43d
https://conda.anaconda.org/bioconda/noarch/perl-www-robotrules-6.02-pl5321hdfd78af_4.tar.bz2#8305f4ed6306b1125a8c8caf2f05aec8
https://conda.anaconda.org/conda-forge/noarch/pip-25.0.1-pyh8b19718_0.conda#79b5c1440aedc5010f687048d9103628
https://conda.anaconda.org/conda-forge/noarch/python-dateutil-2.9.0.post0-pyhff2d567_1.conda#5ba79d7c71f03c678c8ead841f347d6e
https://conda.anaconda.org/bioconda/osx-64/samtools-1.21-h94387ee_0.tar.bz2#2ee3b46acad1e32462286ac65e970868
https://conda.anaconda.org/bioconda/osx-64/vt-0.57721-h80f4402_11.tar.bz2#f8f720e50552c19c84a226a44494bd1f
https://conda.anaconda.org/conda-forge/osx-64/clangxx-12.0.1-default_he082bbe_4.tar.bz2#02ecfcb40a46039c64fcccb703bf9f7a
https://conda.anaconda.org/conda-forge/osx-64/gsl-2.7-h93259b0_0.tar.bz2#b4942b1ee2a52fd67f446074488d774d
https://conda.anaconda.org/conda-forge/osx-64/numpy-2.2.3-py312h6693b03_0.conda#19ba5fe74ffc9d196a75fbe1a3cd5fe3
https://conda.anaconda.org/bioconda/noarch/perl-bio-tools-phylo-paml-1.7.3-pl5321hdfd78af_3.tar.bz2#6d6d8eb0deb2e754811767358989c8df
https://conda.anaconda.org/bioconda/noarch/perl-bio-tools-run-alignment-clustalw-1.7.4-pl5321hdfd78af_3.tar.bz2#f248e955dd6d2cac60b844cb6df7d68f
https://conda.anaconda.org/bioconda/osx-64/perl-html-parser-3.81-pl5321hb3ea9af_0.tar.bz2#b9e7da71c099ae1dcda3cd9f21b69c2e
https://conda.anaconda.org/bioconda/noarch/perl-http-cookies-6.10-pl5321hdfd78af_0.tar.bz2#e814a81fb8024d2be457805250df690c
https://conda.anaconda.org/bioconda/noarch/perl-http-daemon-6.16-pl5321hdfd78af_0.tar.bz2#55e2a97aa9794010e0f1cedc1abb3f19
https://conda.anaconda.org/bioconda/noarch/perl-http-negotiate-6.01-pl5321hdfd78af_4.tar.bz2#8a56e406990d3b84b89a50caf5f2811d
https://conda.anaconda.org/bioconda/noarch/vcf2maf-umccr-1.6.21.20230511-hdfd78af_0.tar.bz2#ec3a03df0bce17c35b2a2d1436c718ea
https://conda.anaconda.org/conda-forge/osx-64/wget-1.21.4-hca547e6_0.conda#479910a14056bea9c36bbb867c3f1471
https://conda.anaconda.org/bioconda/osx-64/bcftools-1.21-h0126a07_0.tar.bz2#5d8a98bddbd3096ad683ea1417d229ff
https://conda.anaconda.org/conda-forge/noarch/compiler-rt_osx-64-12.0.1-hd3f61c9_0.tar.bz2#ad214e8ed70a3875d7274e2d35ff29ed
https://conda.anaconda.org/bioconda/osx-64/cyvcf2-0.31.1-py312hda6e3e2_1.tar.bz2#1fe8bff7f489d909d78dd65cf0d2d1ab
https://conda.anaconda.org/bioconda/osx-64/entrez-direct-22.4-h193322a_0.tar.bz2#88d15c92752c1358f80caa7f40ee7274
https://conda.anaconda.org/conda-forge/osx-64/pandas-2.2.3-py312h98e817e_1.conda#a7f7c58bbbfcdf820edb6e544555fe8f
https://conda.anaconda.org/bioconda/osx-64/pybedtools-0.10.0-py312ha99f805_2.tar.bz2#e2c9eb033b175fb8c806f74b6c48d4de
https://conda.anaconda.org/conda-forge/osx-64/scipy-1.15.2-py312hd04560d_0.conda#cea880e674e00193c7fb915eea6c8200
https://conda.anaconda.org/bioconda/osx-64/blast-2.16.0-h461d46c_3.tar.bz2#b8ddcb7f32f103e38d76c990ebd8c2e6
https://conda.anaconda.org/conda-forge/osx-64/compiler-rt-12.0.1-he01351e_0.tar.bz2#aa2cb3794dae4a09f19c3b7169b5df1f
https://conda.anaconda.org/pcgr/noarch/pcgr-2.1.2.9002-py_0.tar.bz2#37a4d82cffaa64565ed1164f9c0c887f
https://conda.anaconda.org/bioconda/noarch/vcf2tsvpy-0.6.1-pyhda70652_0.tar.bz2#cb9612a58cefb7e2a144c759027c0a94
https://conda.anaconda.org/conda-forge/osx-64/clang_osx-64-12.0.1-h633439f_9.tar.bz2#c9d0ceb9a3d553b2bdbb1538535f84fa
https://conda.anaconda.org/bioconda/osx-64/t-coffee-12.00.7fb08c2-h26a2512_0.tar.bz2#fe6f3532da0e9d3868b58ecd07f33744
https://conda.anaconda.org/bioconda/noarch/perl-bio-tools-run-alignment-tcoffee-1.7.4-pl5321hdfd78af_5.tar.bz2#932416c9ba6a9af43609e04ec5952574
https://conda.anaconda.org/bioconda/osx-64/perl-devel-checklib-1.16-pl5321ha5712d3_0.tar.bz2#30970e4077bf0d2f39614ad38bed7c02
https://conda.anaconda.org/bioconda/osx-64/perl-dbd-mysql-4.050-pl5321h5fa12a8_3.tar.bz2#5dab89b250c95cb5573bd88447816f36
https://conda.anaconda.org/bioconda/osx-64/perl-bio-bigfile-1.07-pl5321hfab4cba_5.tar.bz2#dbb8d01ace0a232fc8d9956acba0463c
https://conda.anaconda.org/bioconda/osx-64/perl-bio-db-hts-3.01-pl5321h7f84b70_10.tar.bz2#ab9a4c103a23efb5fa53bdc080994cf3
https://conda.anaconda.org/bioconda/noarch/ensembl-vep-113.0-pl5321h2a3209d_0.tar.bz2#b656f1321c5f365bf40a14c8c4b39659
https://conda.anaconda.org/bioconda/noarch/perl-bioperl-1.7.8-hdfd78af_1.tar.bz2#a693939710e572d0f85f6058b534e319
https://conda.anaconda.org/bioconda/noarch/perl-libwww-perl-6.68-pl5321hdfd78af_0.tar.bz2#6f7abab610c59c55a40fcc97178e4420
https://conda.anaconda.org/bioconda/noarch/perl-lwp-protocol-https-6.10-pl5321hdfd78af_0.tar.bz2#6ad432164666124b1cd2ded4865a0e89
https://conda.anaconda.org/bioconda/noarch/perl-xml-dom-1.46-pl5321hdfd78af_1.tar.bz2#45b7ce435727456727f45b3e2121b23b
https://conda.anaconda.org/bioconda/noarch/perl-xml-dom-xpath-0.14-pl5321hdfd78af_2.tar.bz2#b959a7e6e307abaec3f06b0bc007809a
https://conda.anaconda.org/bioconda/noarch/perl-bio-featureio-1.6.905-pl5321hdfd78af_4.tar.bz2#1b4b260b45e9cac33fcb45918cda428b
