# Generated by conda-lock.
# platform: osx-64
# input_hash: a9567ce6fa372bee449b404f2a9a7dd2604bdce90a45cb1ae075fa14f12d6028
@EXPLICIT
https://conda.anaconda.org/conda-forge/osx-64/pandoc-2.16.2-h0d85af4_0.tar.bz2#4ae08610c2ffddffb0ff0f15b9e98262
https://conda.anaconda.org/bioconda/osx-64/vcfanno-0.3.3-h527b516_0.tar.bz2#ee214759088c8b26074cd20f964f4843
https://conda.anaconda.org/conda-forge/osx-64/bzip2-1.0.8-h0d85af4_4.tar.bz2#37edc4e6304ca87316e160f5ca0bd1b5
https://conda.anaconda.org/conda-forge/osx-64/c-ares-1.18.1-h0d85af4_0.tar.bz2#00b3e98a61e6430808fe7a2534681f28
https://conda.anaconda.org/conda-forge/osx-64/ca-certificates-2021.10.8-h033912b_0.tar.bz2#bb82d0243db9882b509702ecb69e38f0
https://conda.anaconda.org/conda-forge/osx-64/giflib-5.2.1-hbcb3906_2.tar.bz2#be8f747c37e4d7e346c133e641966750
https://conda.anaconda.org/conda-forge/osx-64/jpeg-9d-hbcb3906_0.tar.bz2#ff6fba028f282f94ceb10597d58a56e8
https://conda.anaconda.org/conda-forge/osx-64/libcxx-12.0.1-habf9029_1.tar.bz2#444dfb8ed0bf2a8864f73eb6436b29e0
https://conda.anaconda.org/conda-forge/osx-64/libdeflate-1.6-h0b31af3_0.tar.bz2#ddb0ca6a4ede3850eec49ec7b21d9fee
https://conda.anaconda.org/conda-forge/osx-64/libev-4.33-haf1e3a3_1.tar.bz2#79dc2be110b2a3d1e97ec21f691c50ad
https://conda.anaconda.org/conda-forge/osx-64/libffi-3.4.2-h0d85af4_5.tar.bz2#ccb34fb14960ad8b125962d3d79b31a9
https://conda.anaconda.org/conda-forge/osx-64/libiconv-1.16-haf1e3a3_0.tar.bz2#c5fab167412a52e491c8e11453ae016f
https://conda.anaconda.org/conda-forge/osx-64/libzlib-1.2.11-h9173be1_1013.tar.bz2#a3a6a53beaa92c5cfe52ee3a198e78cc
https://conda.anaconda.org/conda-forge/osx-64/llvm-openmp-12.0.1-hda6cdc1_1.tar.bz2#35b1fd6ed9f0f1c68583dc9c9f672513
https://conda.anaconda.org/conda-forge/osx-64/ncurses-6.2-h2e338ed_4.tar.bz2#9cef1910395d1543527583e73dba30f1
https://conda.anaconda.org/bioconda/osx-64/paml-4.9-hb4d813b_6.tar.bz2#aeb40f81eced024768a7a88a4f775709
https://conda.anaconda.org/conda-forge/osx-64/perl-5.26.2-hbcb3906_1008.tar.bz2#6beb52b2725bab4b0d757a1119a2d7bb
https://conda.anaconda.org/bioconda/osx-64/tidyp-1.04-hb4d813b_3.tar.bz2#71ef6dbbd5c6d143988c28bb861fe133
https://conda.anaconda.org/conda-forge/osx-64/unzip-6.0-hbcf498f_2.tar.bz2#33895ca593e32c60328ee6b0eb5af937
https://conda.anaconda.org/conda-forge/osx-64/xz-5.2.5-haf1e3a3_1.tar.bz2#41116deb499e9bc58048c297d6403ce6
https://conda.anaconda.org/bioconda/osx-64/clustalw-2.1-hb280591_6.tar.bz2#b906da5b63f02dfb018b162637623067
https://conda.anaconda.org/conda-forge/osx-64/expat-2.4.2-he49afe7_0.tar.bz2#f2676d01827827c3ec42b7c1a0e53232
https://conda.anaconda.org/conda-forge/osx-64/icu-69.1-he49afe7_0.tar.bz2#ee3bde95f8c74ebd296543525775ada5
https://conda.anaconda.org/conda-forge/osx-64/libdb-6.2.32-he49afe7_0.tar.bz2#b685b11e8fd0aa0be67e65984c11a15c
https://conda.anaconda.org/conda-forge/osx-64/libedit-3.1.20191231-h0678c8f_2.tar.bz2#6016a8a1d0e63cac3de2c352cd40208b
https://conda.anaconda.org/conda-forge/osx-64/libgfortran5-9.3.0-h6c81a4c_23.tar.bz2#a6956ceb628b14594613cefee5127a7a
https://conda.anaconda.org/conda-forge/osx-64/lz4-c-1.9.3-he49afe7_1.tar.bz2#05c08241b66631c00ca4f9e0b75320bc
https://conda.anaconda.org/conda-forge/osx-64/openssl-1.1.1l-h0d85af4_0.tar.bz2#f7bcdbb7a5dae97030eee20b884b1f8a
https://conda.anaconda.org/bioconda/osx-64/perl-algorithm-diff-1.1903-pl526_2.tar.bz2#2858a4bc299c32d760ff1c3a788f59c9
https://conda.anaconda.org/bioconda/osx-64/perl-algorithm-munkres-0.08-pl526_1.tar.bz2#b581470edaed6d6fecb5dcc978705985
https://conda.anaconda.org/bioconda/osx-64/perl-app-cpanminus-1.7044-pl526_1.tar.bz2#236fbf1ce9555b2208b3a1dec7b30082
https://conda.anaconda.org/bioconda/osx-64/perl-appconfig-1.71-pl526_1.tar.bz2#67742bb3a1b63de3e526c5568834693e
https://conda.anaconda.org/bioconda/osx-64/perl-autoloader-5.74-pl526_2.tar.bz2#f244f84666ef830ef0a60dcec9a0c16b
https://conda.anaconda.org/bioconda/osx-64/perl-base-2.23-pl526_1.tar.bz2#920c5cf4149c32402b882e9cfa2c7535
https://conda.anaconda.org/bioconda/osx-64/perl-capture-tiny-0.48-pl526_0.tar.bz2#4e1aef207bc82370ec25d10f54ed0efa
https://conda.anaconda.org/bioconda/osx-64/perl-class-data-inheritable-0.08-pl526_1.tar.bz2#51d5e9160aeaeabeb89ba0b4ed56ad1e
https://conda.anaconda.org/bioconda/osx-64/perl-class-inspector-1.34-pl526_0.tar.bz2#4ccd6802261e64ec17303547261bd9f0
https://conda.anaconda.org/bioconda/osx-64/perl-class-method-modifiers-2.12-pl526_0.tar.bz2#2de500cdaff242def249343638be60b9
https://conda.anaconda.org/bioconda/osx-64/perl-common-sense-3.74-pl526_2.tar.bz2#514e0a92db4b7e2d87a80e7b29fa9b99
https://conda.anaconda.org/bioconda/osx-64/perl-compress-raw-bzip2-2.087-pl526h6de7cb9_0.tar.bz2#63315b52c87d8d6da6335c87eb9dc711
https://conda.anaconda.org/bioconda/osx-64/perl-compress-raw-zlib-2.087-pl526h770b8ee_0.tar.bz2#68718b74132ec00741b06d1d380ddda7
https://conda.anaconda.org/bioconda/osx-64/perl-constant-1.33-pl526_1.tar.bz2#7c7c1871c4d3037b7534e34c582508bd
https://conda.anaconda.org/bioconda/osx-64/perl-convert-binary-c-0.78-pl526h04f5b5a_3.tar.bz2#ea9d32c8d3b74b2a05e9d669aceb28f9
https://conda.anaconda.org/bioconda/osx-64/perl-convert-binhex-1.125-pl526_1.tar.bz2#4cae3398611313b5f8396eb4a288eca8
https://conda.anaconda.org/bioconda/osx-64/perl-crypt-rc4-2.02-pl526_1.tar.bz2#9fd27a2db186837c805b47085cd531b8
https://conda.anaconda.org/bioconda/osx-64/perl-data-dumper-2.173-pl526_0.tar.bz2#e382aaa6de3e4b8efea609b938e86964
https://conda.anaconda.org/bioconda/osx-64/perl-date-format-2.30-pl526_2.tar.bz2#d2b120d40f9a133cb4f0e2f839ee0da0
https://conda.anaconda.org/bioconda/osx-64/perl-dbi-1.642-pl526_0.tar.bz2#c1678e9baf852927d7781d58c0e2891a
https://conda.anaconda.org/bioconda/noarch/perl-devel-stacktrace-2.04-pl526_0.tar.bz2#c26d7ca3e81c27cf6b1883fc16bc98eb
https://conda.anaconda.org/bioconda/osx-64/perl-digest-hmac-1.03-pl526_3.tar.bz2#d390f69c88ebc0e7e9b7c30543b6efc9
https://conda.anaconda.org/bioconda/osx-64/perl-digest-md5-2.55-pl526_0.tar.bz2#aed54ddce47782a8e0ab06b078ee67a9
https://conda.anaconda.org/bioconda/osx-64/perl-digest-perl-md5-1.9-pl526_1.tar.bz2#b178751e12913959e5d88b2eee032dee
https://conda.anaconda.org/bioconda/osx-64/perl-digest-sha1-2.13-pl526h04f5b5a_1.tar.bz2#b9cb8997a1f4a73e990fa4c079108e44
https://conda.anaconda.org/bioconda/osx-64/perl-dynaloader-1.25-pl526_1.tar.bz2#d1e768d80b9339f163bb280e05647a32
https://conda.anaconda.org/bioconda/osx-64/perl-email-date-format-1.005-pl526_2.tar.bz2#3f3c4618126d47a8f26fba0d7bf3da13
https://conda.anaconda.org/bioconda/osx-64/perl-error-0.17027-pl526_1.tar.bz2#4796de0ee6b059dee88ef33f68548587
https://conda.anaconda.org/bioconda/osx-64/perl-exporter-5.72-pl526_1.tar.bz2#47f54b85636468fe0c3f684b8e62ae5e
https://conda.anaconda.org/bioconda/osx-64/perl-exporter-tiny-1.002001-pl526_0.tar.bz2#7c367cb7ef15175cdcb04844e935c77c
https://conda.anaconda.org/bioconda/osx-64/perl-extutils-makemaker-7.36-pl526_1.tar.bz2#ce023c3bdf623d8b6379bf61281cd8cc
https://conda.anaconda.org/bioconda/osx-64/perl-file-slurp-tiny-0.004-pl526_1.tar.bz2#76ec722b9fb9ddc5f2c15517ab6b5f9f
https://conda.anaconda.org/bioconda/osx-64/perl-file-sort-1.01-pl526_2.tar.bz2#cb939cc17ece725c9848faf83b1c97ec
https://conda.anaconda.org/bioconda/osx-64/perl-file-which-1.23-pl526_0.tar.bz2#2a1451f1eb602129537a04e4098c82f8
https://conda.anaconda.org/bioconda/osx-64/perl-font-afm-1.20-pl526_2.tar.bz2#9ba2ae462e58fe779ac6890477f3734c
https://conda.anaconda.org/bioconda/osx-64/perl-getopt-long-2.50-pl526_1.tar.bz2#c63dec4475d9bf095a78770fc809d243
https://conda.anaconda.org/bioconda/osx-64/perl-graph-0.9704-pl526_1.tar.bz2#d4574b13ab8bca41e09197441dab0976
https://conda.anaconda.org/bioconda/osx-64/perl-html-entities-numbered-0.04-pl526_1.tar.bz2#de8a446bec10c75935260962df4eeec1
https://conda.anaconda.org/bioconda/osx-64/perl-html-tagset-3.20-pl526_3.tar.bz2#65fb77dff678cc20a4fe4f49e857bc99
https://conda.anaconda.org/bioconda/osx-64/perl-image-size-3.300-pl526_2.tar.bz2#c928956bcb5b1ef8b6d78a6965bdbd89
https://conda.anaconda.org/bioconda/osx-64/perl-io-html-1.001-pl526_2.tar.bz2#a1930b3e417c2d6c0f24f3cc80f21bda
https://conda.anaconda.org/bioconda/osx-64/perl-io-sessiondata-1.03-pl526_1.tar.bz2#738e2a45b7293b0dd80fdccb511a7d79
https://conda.anaconda.org/bioconda/osx-64/perl-io-string-1.08-pl526_3.tar.bz2#609ba98197b58ba8f1d4c738d2db94c0
https://conda.anaconda.org/bioconda/osx-64/perl-io-stringy-2.111-pl526_1.tar.bz2#f208376663d7db4b81d5feea95f09f7e
https://conda.anaconda.org/bioconda/osx-64/perl-io-tty-1.12-pl526_1.tar.bz2#e4cc70f43e52293868442ea60e06c0c6
https://conda.anaconda.org/bioconda/osx-64/perl-ipc-sharelite-0.17-pl526h04f5b5a_1.tar.bz2#b8651a72655c27e3d60e4f10cc34abff
https://conda.anaconda.org/bioconda/osx-64/perl-jcode-2.07-pl526_2.tar.bz2#7e9231cc727c95c54a9568d0365e8f8f
https://conda.anaconda.org/bioconda/osx-64/perl-lib-0.63-pl526_1.tar.bz2#af8042c537729fe1587a44344a7c2709
https://conda.anaconda.org/bioconda/osx-64/perl-math-cdf-0.1-pl526h1de35cc_5.tar.bz2#d4ea1c0a66db02d5d35a73863f21a82e
https://conda.anaconda.org/bioconda/osx-64/perl-math-derivative-1.01-pl526_0.tar.bz2#33a1199d9b16fbc6a445f05349ee851c
https://conda.anaconda.org/bioconda/osx-64/perl-math-random-0.72-pl526h1de35cc_2.tar.bz2#d92c52959b9d2901e09c8ff9e20c94a5
https://conda.anaconda.org/bioconda/osx-64/perl-mime-types-2.17-pl526_0.tar.bz2#7d979f66edf3e1854f53272e59703c3d
https://conda.anaconda.org/bioconda/osx-64/perl-mldbm-2.05-pl526_1.tar.bz2#14187675b325930b4243153044d9e361
https://conda.anaconda.org/bioconda/osx-64/perl-module-runtime-0.016-pl526_1.tar.bz2#6c7902d8104672b012ee2e9b11972fb6
https://conda.anaconda.org/bioconda/osx-64/perl-mozilla-ca-20180117-pl526_1.tar.bz2#1474332ee972c6b5ee7a911680616672
https://conda.anaconda.org/bioconda/osx-64/perl-mro-compat-0.13-pl526_0.tar.bz2#1cd9c1eb6acebaa7ef97522aff6fbcdf
https://conda.anaconda.org/bioconda/osx-64/perl-ole-storage_lite-0.19-pl526_3.tar.bz2#ab872eee2fe5eef7b94a353e0a2add35
https://conda.anaconda.org/bioconda/osx-64/perl-params-util-1.07-pl526h04f5b5a_4.tar.bz2#34ba46bf5b8fae9291ab72a331973e1f
https://conda.anaconda.org/bioconda/osx-64/perl-parent-0.236-pl526_1.tar.bz2#3fff03fa561b5336f5e22849016a4614
https://conda.anaconda.org/bioconda/osx-64/perl-parse-recdescent-1.967015-pl526_0.tar.bz2#5660d01c6f237632b1fa9fc890a53cc3
https://conda.anaconda.org/bioconda/osx-64/perl-postscript-0.06-pl526_2.tar.bz2#a29d308c20318c94f73da0d94b9cbec3
https://conda.anaconda.org/bioconda/osx-64/perl-scalar-list-utils-1.52-pl526h01d97ff_0.tar.bz2#eae2b69459ef38772914b48d1e113fe5
https://conda.anaconda.org/bioconda/osx-64/perl-sereal-decoder-4.007-pl526h1de35cc_0.tar.bz2#070b4b1bb1cf888f174e13da7ab74e02
https://conda.anaconda.org/bioconda/osx-64/perl-sereal-encoder-4.007-pl526h1de35cc_0.tar.bz2#f9f37ae551b8c59f86ea269112fa92a4
https://conda.anaconda.org/bioconda/osx-64/perl-set-intervaltree-0.12-pl526h6de7cb9_0.tar.bz2#b913da76434b966d2647c2390b14abdc
https://conda.anaconda.org/bioconda/osx-64/perl-set-scalar-1.29-pl526_2.tar.bz2#f549b628769f194fcd1917030605420d
https://conda.anaconda.org/bioconda/osx-64/perl-socket-2.027-pl526_1.tar.bz2#404a7ed6a028a54a46ff640451df1a9c
https://conda.anaconda.org/bioconda/osx-64/perl-sort-naturally-1.03-pl526_2.tar.bz2#7ffcb16a508c0c26452ddc8e5c0323ed
https://conda.anaconda.org/bioconda/osx-64/perl-sub-exporter-progressive-0.001013-pl526_0.tar.bz2#cc57076e4ae75638ba751f9591b768e6
https://conda.anaconda.org/bioconda/osx-64/perl-sub-identify-0.14-pl526h1de35cc_0.tar.bz2#203ac001d9164915efad31bae661c1f9
https://conda.anaconda.org/bioconda/osx-64/perl-sub-name-0.21-pl526_1.tar.bz2#63a16518a3c7fd516a9fd99135f58410
https://conda.anaconda.org/bioconda/osx-64/perl-sub-quote-2.006003-pl526_1.tar.bz2#75078c8a7cb706c796dd1aaf4087a233
https://conda.anaconda.org/bioconda/osx-64/perl-sub-uplevel-0.2800-pl526h1de35cc_2.tar.bz2#3703b73adc87b56dc2dd5de2506ae2ac
https://conda.anaconda.org/bioconda/osx-64/perl-svg-2.84-pl526_0.tar.bz2#fa18ad7f3db971d8b7742395f2724fe6
https://conda.anaconda.org/bioconda/osx-64/perl-task-weaken-1.06-pl526_0.tar.bz2#6ad96dd6506c5422fb150d01a18c13ea
https://conda.anaconda.org/bioconda/osx-64/perl-test-deep-1.128-pl526_1.tar.bz2#83f566aa2eeaa6271084920c614ba4ae
https://conda.anaconda.org/bioconda/osx-64/perl-test-harness-3.42-pl526_0.tar.bz2#bc09d66dedc21e5c345e8963635701d4
https://conda.anaconda.org/bioconda/osx-64/perl-test-leaktrace-0.16-pl526h1de35cc_2.tar.bz2#8a5f0efe0ce560aa600b5e84d1834c8f
https://conda.anaconda.org/bioconda/osx-64/perl-tie-ixhash-1.23-pl526_2.tar.bz2#2c85c95430049a5ed25c8638e4a65713
https://conda.anaconda.org/bioconda/osx-64/perl-timedate-2.30-pl526_1.tar.bz2#ea75cfd5e6704b1af56293c901f9212d
https://conda.anaconda.org/bioconda/osx-64/perl-try-tiny-0.30-pl526_1.tar.bz2#c31e998f598db2c5db1a0005f94b8f47
https://conda.anaconda.org/bioconda/osx-64/perl-unicode-map-0.112-pl526h04f5b5a_3.tar.bz2#6b6b875b0766b374b0f4c13940ce1c06
https://conda.anaconda.org/bioconda/osx-64/perl-xml-regexp-0.04-pl526_2.tar.bz2#84b3d1c190729b78adf0f3e0c1e9bd9a
https://conda.anaconda.org/bioconda/osx-64/perl-xml-sax-base-1.09-pl526_0.tar.bz2#91b0f650078a73e27bea2d3649c66838
https://conda.anaconda.org/bioconda/osx-64/perl-xml-writer-0.625-pl526_2.tar.bz2#d7a6c9abd003aa55e58e5a4c30721027
https://conda.anaconda.org/bioconda/osx-64/perl-xml-xpathengine-0.14-pl526_2.tar.bz2#cb3f84f28950b6d5b0275bf3451c38e0
https://conda.anaconda.org/bioconda/osx-64/perl-xsloader-0.24-pl526_0.tar.bz2#65125e7ff25e3b7c3d03759aa3f2036f
https://conda.anaconda.org/bioconda/noarch/perl-yaml-1.29-pl526_0.tar.bz2#9bf9b027106526977ff3efe2032c3ae5
https://conda.anaconda.org/conda-forge/osx-64/readline-8.1-h05e3726_0.tar.bz2#2832e9b6a7caa7cb192fcda6cfcd8871
https://conda.anaconda.org/conda-forge/osx-64/zlib-1.2.11-h9173be1_1013.tar.bz2#cf985617d679990418c380099620b01a
https://conda.anaconda.org/bioconda/osx-64/bedtools-2.30.0-haa7f73a_2.tar.bz2#6214ce808673ae4f3e32acba2fae964c
https://conda.anaconda.org/conda-forge/osx-64/libgfortran-5.0.0-9_3_0_h6c81a4c_23.tar.bz2#60f48cef2d50674e0428c5579b6c3f66
https://conda.anaconda.org/conda-forge/osx-64/libnghttp2-1.43.0-h6f36284_1.tar.bz2#8489d081927ce544b21a64c9e1c254ee
https://conda.anaconda.org/conda-forge/osx-64/libpng-1.6.37-h7cec526_2.tar.bz2#9e52521faba2b53269672628d34e1513
https://conda.anaconda.org/conda-forge/osx-64/libssh2-1.10.0-h52ee1ee_2.tar.bz2#8c8f3804e8e252b47443cfe8e40eddf9
https://conda.anaconda.org/conda-forge/osx-64/libxml2-2.9.12-h7e28ab6_1.tar.bz2#2c7f67fde580b88748f9fab02f98b2ba
https://conda.anaconda.org/conda-forge/osx-64/mysql-connector-c-6.1.11-h0f02589_1007.tar.bz2#de4b8b14c3d7e41de6a6b59b3ab1fbaa
https://conda.anaconda.org/bioconda/osx-64/perl-carp-1.38-pl526_3.tar.bz2#844ebd848b892bd18a3736e6fd885628
https://conda.anaconda.org/bioconda/osx-64/perl-clone-0.42-pl526h01d97ff_0.tar.bz2#96c040a3133f2a5858267a50d4ded95e
https://conda.anaconda.org/bioconda/osx-64/perl-db-file-1.855-pl526h0b31af3_0.tar.bz2#a1e1fa9ce3f664a106097fcedc5d318b
https://conda.anaconda.org/bioconda/osx-64/perl-dbd-sqlite-1.64-pl526h01d97ff_0.tar.bz2#2bcff412228bbded4de5487039f8621c
https://conda.anaconda.org/bioconda/osx-64/perl-devel-globaldestruction-0.14-pl526_0.tar.bz2#a4bc94f075eb72b986404e9826c545bb
https://conda.anaconda.org/bioconda/osx-64/perl-encode-2.88-pl526_1.tar.bz2#c856452e01d67fac94f99e91b3e089b1
https://conda.anaconda.org/bioconda/osx-64/perl-exception-class-1.44-pl526_0.tar.bz2#755a1fe69228dd4227948a77e3e19c0c
https://conda.anaconda.org/bioconda/osx-64/perl-file-path-2.16-pl526_0.tar.bz2#829443f73a214c46e4fee9fc7a8e3444
https://conda.anaconda.org/bioconda/osx-64/perl-html-parser-3.72-pl526h04f5b5a_5.tar.bz2#0405f366ccf0a7adf5374d4a75611149
https://conda.anaconda.org/bioconda/osx-64/perl-io-compress-2.087-pl526h6de7cb9_0.tar.bz2#fd2c76c0de115da140ab9e56bc8e99fc
https://conda.anaconda.org/bioconda/osx-64/perl-ipc-run-20180523.0-pl526_0.tar.bz2#8b10d3e911d4d6ba09c48989fa104f78
https://conda.anaconda.org/bioconda/osx-64/perl-list-moreutils-xs-0.428-pl526_0.tar.bz2#a08019056f84e0ac9bcc903521080ff4
https://conda.anaconda.org/bioconda/noarch/perl-mailtools-2.21-pl526_0.tar.bz2#2e44b03f9ec0c8ab35f01612861f73da
https://conda.anaconda.org/bioconda/osx-64/perl-math-spline-0.02-pl526_2.tar.bz2#cfe75c1649b15ec68340fbc3dfe5829f
https://conda.anaconda.org/bioconda/osx-64/perl-mime-base64-3.15-pl526_1.tar.bz2#cd9f076249ffcaac86f113c9640e0bd8
https://conda.anaconda.org/bioconda/osx-64/perl-ntlm-1.09-pl526_4.tar.bz2#b85df3e5788f11d7b6176d92652fd283
https://conda.anaconda.org/bioconda/osx-64/perl-package-stash-xs-0.28-pl526h0a44026_1.tar.bz2#80411a66cf672957d9ad47a941529da4
https://conda.anaconda.org/bioconda/osx-64/perl-perlio-gzip-0.20-pl526ha441bb4_1.tar.bz2#b5bde37115d11ec820a5156eb43e8fad
https://conda.anaconda.org/bioconda/osx-64/perl-pod-escapes-1.07-pl526_1.tar.bz2#e794939c824ac7ed73d458e2e4135a00
https://conda.anaconda.org/bioconda/noarch/perl-role-tiny-2.000008-pl526_0.tar.bz2#ac07880e4a117a8c96b3eaf0dd545d40
https://conda.anaconda.org/bioconda/noarch/perl-sereal-4.007-pl526_0.tar.bz2#732dcdc25dd5baddb521f14d4afa4fde
https://conda.anaconda.org/bioconda/osx-64/perl-spreadsheet-writeexcel-2.40-pl526_2.tar.bz2#3d99b325b58d4138067cbf7022449565
https://conda.anaconda.org/bioconda/osx-64/perl-storable-3.15-pl526h1de35cc_0.tar.bz2#5b8bb028dbdb5db75381d6715c4d8384
https://conda.anaconda.org/bioconda/osx-64/perl-test-1.26-pl526_1.tar.bz2#86821cbb8448162dc726c3b36d225163
https://conda.anaconda.org/bioconda/osx-64/perl-test-exception-0.43-pl526_2.tar.bz2#26aefa087cd208b0ab16d594746ce605
https://conda.anaconda.org/bioconda/osx-64/perl-test-requiresinternet-0.05-pl526_0.tar.bz2#7f3d0529157b5a49503ef106b32e123d
https://conda.anaconda.org/bioconda/osx-64/perl-test-warn-0.36-pl526_1.tar.bz2#1311b9433ddee52bae28db9ffa90f3c4
https://conda.anaconda.org/bioconda/noarch/perl-text-csv-2.00-pl526_0.tar.bz2#532059d71a08b060c6c837ea6b874c54
https://conda.anaconda.org/bioconda/osx-64/perl-text-diff-1.45-pl526_0.tar.bz2#ec97d5bfa647f309fbdf0243610824c3
https://conda.anaconda.org/bioconda/osx-64/perl-tree-dag_node-1.31-pl526_0.tar.bz2#bccc08347da45976aef781a460b2894b
https://conda.anaconda.org/bioconda/osx-64/perl-type-tiny-1.004004-pl526_0.tar.bz2#11f25bd1f9c915638dbfd267c84b29c3
https://conda.anaconda.org/bioconda/osx-64/perl-types-serialiser-1.0-pl526_2.tar.bz2#dddd57971f67328ed28ed6400b340bde
https://conda.anaconda.org/bioconda/osx-64/perl-xml-filter-buffertext-1.01-pl526_2.tar.bz2#b7756e3d50ec5bb2b3e37227bfa51909
https://conda.anaconda.org/bioconda/osx-64/perl-xml-namespacesupport-1.12-pl526_0.tar.bz2#4d4623843b0cf3c6915d3ef87c50a47a
https://conda.anaconda.org/conda-forge/osx-64/perl-xml-parser-2.44_01-pl5262h06ef574_1002.tar.bz2#ab7955b386db71dd4f2445da7bc95d12
https://conda.anaconda.org/conda-forge/osx-64/sqlite-3.37.0-h23a322b_0.tar.bz2#68f13bbe00ac288ffc1c1b868bc4da23
https://conda.anaconda.org/conda-forge/osx-64/tk-8.6.11-h5dbffcc_1.tar.bz2#e35b11155bd70facee39dfdec7368ad0
https://conda.anaconda.org/conda-forge/osx-64/zstd-1.4.9-h582d3a0_0.tar.bz2#551e04087371339ee63524f2988faa62
https://conda.anaconda.org/conda-forge/osx-64/freetype-2.10.4-h4cff582_1.tar.bz2#5a136a432c6062362cd7990c514bd8d6
https://conda.anaconda.org/conda-forge/osx-64/krb5-1.19.2-hcfbf3a7_3.tar.bz2#22a613e8000ad9c0d8a14c5ca1e8e40b
https://conda.anaconda.org/conda-forge/osx-64/libopenblas-0.3.18-openmp_h3351f45_0.tar.bz2#a0636ed965924977a848fd0d0258cf17
https://conda.anaconda.org/conda-forge/osx-64/libtiff-4.1.0-ha78913b_3.tar.bz2#224de8f4c2e6e60fe0aafb3ed905e083
https://conda.anaconda.org/conda-forge/osx-64/libxslt-1.1.33-h1acebb3_3.tar.bz2#9a354fc7d6d3b2e587352d5543bf1918
https://conda.anaconda.org/bioconda/osx-64/perl-business-isbn-data-20140910.003-pl526_0.tar.bz2#d7ff8f2ac43c229c7d536553bbb3cac6
https://conda.anaconda.org/bioconda/osx-64/perl-cache-cache-1.08-pl526_0.tar.bz2#6e229666d62ae094e994b901173f460b
https://conda.anaconda.org/bioconda/osx-64/perl-dbd-mysql-4.046-pl526h04f5b5a_1.tar.bz2#42156c0927755806a44bad8ed29c595e
https://conda.anaconda.org/bioconda/osx-64/perl-dist-checkconflicts-0.11-pl526_2.tar.bz2#e2876d8fec877a87b19b5a1735dce5fe
https://conda.anaconda.org/bioconda/osx-64/perl-encode-locale-1.05-pl526_6.tar.bz2#5e10016dfe697bf17c6a99e53bb09fbb
https://conda.anaconda.org/bioconda/osx-64/perl-eval-closure-0.14-pl526h04f5b5a_4.tar.bz2#b7461aca6dd374cd29278e8bb8e761f9
https://conda.anaconda.org/bioconda/osx-64/perl-file-temp-0.2304-pl526_2.tar.bz2#7bed8fcb0f646b952bb074d523d10b38
https://conda.anaconda.org/bioconda/osx-64/perl-font-ttf-1.06-pl526_0.tar.bz2#1c0fab69f1014e2ea5df8f9b81c4909f
https://conda.anaconda.org/bioconda/osx-64/perl-html-tidy-1.60-pl526_0.tar.bz2#c6fa62e120f07f2bfd4cfba540f5bb27
https://conda.anaconda.org/bioconda/osx-64/perl-html-tree-5.07-pl526_1.tar.bz2#bf4452d9ca06011d66b7808f9835097f
https://conda.anaconda.org/bioconda/osx-64/perl-json-xs-2.34-pl526h04f5b5a_3.tar.bz2#a526baf09d5f335a7d33d115547645fc
https://conda.anaconda.org/bioconda/osx-64/perl-libxml-perl-0.08-pl526_2.tar.bz2#08816bb23a7a9181aa3abbf4be9e11bd
https://conda.anaconda.org/bioconda/osx-64/perl-list-moreutils-0.428-pl526_1.tar.bz2#19a14d484c09730592ad89c2e9c6e21d
https://conda.anaconda.org/bioconda/osx-64/perl-lwp-mediatypes-6.04-pl526_0.tar.bz2#caa580a16916653a227e23b949d3caa5
https://conda.anaconda.org/bioconda/osx-64/perl-mime-lite-3.030-pl526_1.tar.bz2#990a9cf97e1699103d077c2d0048bae5
https://conda.anaconda.org/bioconda/osx-64/perl-mime-tools-5.508-pl526_1.tar.bz2#5a9ac2677b996a4fd92e54fb3f3ea9e3
https://conda.anaconda.org/bioconda/osx-64/perl-module-implementation-0.09-pl526_2.tar.bz2#36f1f316fa117539d210266b8b55f59c
https://conda.anaconda.org/bioconda/osx-64/perl-net-ssleay-1.88-pl526hb1dc21d_0.tar.bz2#48cc3037367a3b9ac3f498951a830b5a
https://conda.anaconda.org/bioconda/osx-64/perl-pathtools-3.75-pl526h1de35cc_1.tar.bz2#fca2723e55a2a5e2a7f989f701eb9f85
https://conda.anaconda.org/bioconda/osx-64/perl-pod-usage-1.69-pl526_1.tar.bz2#aa7bf469e7f5702526bbc0262910cba6
https://conda.anaconda.org/bioconda/osx-64/perl-spreadsheet-parseexcel-0.65-pl526_2.tar.bz2#bb6459b704221b1041eaf44223b109cc
https://conda.anaconda.org/bioconda/osx-64/perl-sub-install-0.928-pl526_2.tar.bz2#81bde2699172e4d1367c06db4547f1f6
https://conda.anaconda.org/bioconda/noarch/perl-test-differences-0.67-pl526_0.tar.bz2#256f0110145fa69a7c0ccf41a993fae5
https://conda.anaconda.org/bioconda/osx-64/perl-time-hires-1.9760-pl526h1de35cc_1.tar.bz2#a285af9e4b9664514d9e948cd82488c2
https://conda.anaconda.org/bioconda/osx-64/perl-time-local-1.28-pl526_1.tar.bz2#c18b3b22d3401b5fc15632e9f5706cd6
https://conda.anaconda.org/bioconda/osx-64/perl-xml-sax-writer-0.57-pl526_0.tar.bz2#42c7a5d1b5518dba032010b0f7cb4b80
https://conda.anaconda.org/bioconda/osx-64/perl-xml-xpath-1.44-pl526_0.tar.bz2#9221db6c2097870d709b5961f33bf22b
https://conda.anaconda.org/conda-forge/osx-64/python-3.7.12-haf480d7_100_cpython.tar.bz2#058bace71590dc856684ac8d7e75fb07
https://conda.anaconda.org/conda-forge/osx-64/fontconfig-2.13.1-h10f422b_1005.tar.bz2#95d7756fee0926aa2b6d111299c173f7
https://conda.anaconda.org/conda-forge/osx-64/graphviz-2.42.3-h98dfb87_0.tar.bz2#1469180a4d2689b1a6a4496c20e3dc62
https://conda.anaconda.org/conda-forge/osx-64/libblas-3.9.0-12_osx64_openblas.tar.bz2#3d38a706f06849a4b08f8a3f642bec93
https://conda.anaconda.org/conda-forge/osx-64/libcurl-7.81.0-hf45b732_0.tar.bz2#d0396298c85013ee3b186cb982f9f0dd
https://conda.anaconda.org/conda-forge/osx-64/libwebp-1.0.2-hd3bf737_5.tar.bz2#501397f9574c8db70249ec4f39c0d1cb
https://conda.anaconda.org/bioconda/osx-64/perl-aceperl-1.92-pl526_2.tar.bz2#08e6aac832783b878b979d467c2b44f9
https://conda.anaconda.org/bioconda/osx-64/perl-apache-test-1.40-pl526_1.tar.bz2#9b56971debada61b3a32ccc642230825
https://conda.anaconda.org/bioconda/osx-64/perl-business-isbn-3.004-pl526_0.tar.bz2#dc59fad57c60cda03d13f3507ded2f0a
https://conda.anaconda.org/bioconda/osx-64/perl-cgi-4.44-pl526h1de35cc_1.tar.bz2#60cb621c537dd54fa6f13851a00d24dc
https://conda.anaconda.org/bioconda/osx-64/perl-data-optlist-0.110-pl526_2.tar.bz2#6a0ff047d2f37aaff1c8b1b2ca50b067
https://conda.anaconda.org/bioconda/osx-64/perl-html-element-extended-1.18-pl526_1.tar.bz2#8c0b77f571af16482c6f68310534fe45
https://conda.anaconda.org/bioconda/osx-64/perl-html-formatter-2.16-pl526_0.tar.bz2#422ea4f4b3872898366fe4b2bffd7750
https://conda.anaconda.org/bioconda/osx-64/perl-html-treebuilder-xpath-0.14-pl526_1.tar.bz2#03f625f8489800523587e04e4300dccb
https://conda.anaconda.org/bioconda/osx-64/perl-http-date-6.02-pl526_3.tar.bz2#38ae863df682c36d0c2cf1271aa2d381
https://conda.anaconda.org/bioconda/osx-64/perl-io-socket-ssl-2.066-pl526_0.tar.bz2#df66f5f299aada53c71aa69e871d4012
https://conda.anaconda.org/bioconda/osx-64/perl-json-4.02-pl526_0.tar.bz2#38d4f83091cd50fa5a7993dd0d2aa48a
https://conda.anaconda.org/bioconda/osx-64/perl-module-runtime-conflicts-0.003-pl526_0.tar.bz2#e349172fe9d04fdd77dbb4318dfb50d8
https://conda.anaconda.org/bioconda/noarch/perl-pdf-api2-2.035-pl526_0.tar.bz2#e0ded5596488cddcf789cef00409eaf7
https://conda.anaconda.org/bioconda/osx-64/perl-statistics-descriptive-3.0702-pl526_0.tar.bz2#74e3d758add117a300640f064f5e5544
https://conda.anaconda.org/bioconda/osx-64/perl-test-most-0.35-pl526_0.tar.bz2#832ba54658d99012a06dacffc1132058
https://conda.anaconda.org/bioconda/noarch/perl-xml-sax-1.02-pl526_0.tar.bz2#b4fda7e83376806d5eedbef2c3a3b356
https://conda.anaconda.org/conda-forge/osx-64/python_abi-3.7-2_cp37m.tar.bz2#4b564389f52917cfe8fbc537284d42e6
https://conda.anaconda.org/conda-forge/noarch/pytz-2021.3-pyhd8ed1ab_0.tar.bz2#7e4f811bff46a5a6a7e0094921389395
https://conda.anaconda.org/conda-forge/noarch/six-1.16.0-pyh6c4a22f_0.tar.bz2#e5f25f8dbc060e9a8d912e432202afc2
https://conda.anaconda.org/conda-forge/noarch/typing_extensions-4.0.1-pyha770c72_0.tar.bz2#1fc03816925d3cb7fdab9ab234e7fea7
https://conda.anaconda.org/conda-forge/noarch/wheel-0.37.1-pyhd8ed1ab_0.tar.bz2#1ca02aaf78d9c70d9a81a3bed5752022
https://conda.anaconda.org/conda-forge/noarch/zipp-3.7.0-pyhd8ed1ab_0.tar.bz2#947f7f41958eabc0f6e886557512bb76
https://conda.anaconda.org/conda-forge/osx-64/curl-7.81.0-hf45b732_0.tar.bz2#11c453fee87eb4bd10ab92c8f5354a82
https://conda.anaconda.org/bioconda/osx-64/htslib-1.10.2-h422799e_1.tar.bz2#09f7d2fad41c25d45559c0e61752ea89
https://conda.anaconda.org/conda-forge/osx-64/humanfriendly-10.0-py37hf985489_1.tar.bz2#a56b8fd8fd9345d19aeb512300cd08fb
https://conda.anaconda.org/conda-forge/osx-64/importlib-metadata-4.10.0-py37hf985489_0.tar.bz2#61141f340ec2b8b00a13ed60bf88b29d
https://conda.anaconda.org/conda-forge/osx-64/libcblas-3.9.0-12_osx64_openblas.tar.bz2#0cb9afc4cfdc6e95aa38328fc1befa05
https://repo.anaconda.com/pkgs/main/osx-64/libgd-2.2.5-h7d6b0e8_4.conda#69b867537c3dd79be4655e788cf108c1
https://conda.anaconda.org/conda-forge/osx-64/liblapack-3.9.0-12_osx64_openblas.tar.bz2#ca35c8b85ced3a53059c7a001518cbae
https://conda.anaconda.org/bioconda/osx-64/perl-file-listing-6.04-pl526_1.tar.bz2#0b7f6d1138614ffd6efc9fb2df6acb4f
https://conda.anaconda.org/bioconda/osx-64/perl-html-tableextract-2.13-pl526_2.tar.bz2#db3a1c889b7b399c693bc1a451f022ad
https://conda.anaconda.org/bioconda/osx-64/perl-package-stash-0.38-pl526h0a44026_1.tar.bz2#7388601e35d68115921874870a82b769
https://conda.anaconda.org/bioconda/osx-64/perl-sub-exporter-0.987-pl526_2.tar.bz2#a4acc3850cbcb9cb62047323daa09f30
https://conda.anaconda.org/bioconda/osx-64/perl-svg-graph-0.02-pl526_3.tar.bz2#130f4a0cd398deb32dbf4ac4c259682e
https://conda.anaconda.org/bioconda/osx-64/perl-uri-1.76-pl526_0.tar.bz2#0f59a670ab6d95abfdddf70bb2c8295a
https://conda.anaconda.org/bioconda/osx-64/perl-xml-libxml-2.0132-pl526h08abf6f_1.tar.bz2#a18f524b9efadf9b8f69cbe32e0c6272
https://conda.anaconda.org/bioconda/osx-64/perl-xml-sax-expat-0.51-pl526_3.tar.bz2#601335c5657816aeefdd65588b45f49e
https://conda.anaconda.org/bioconda/osx-64/perl-xml-twig-3.52-pl526_2.tar.bz2#2d77e97072b20f80d1d126d0c4646b5e
https://conda.anaconda.org/conda-forge/noarch/python-dateutil-2.8.2-pyhd8ed1ab_0.tar.bz2#dd999d1cc9f79e67dbb855c8924c7984
https://conda.anaconda.org/conda-forge/osx-64/setuptools-60.5.0-py37hf985489_0.tar.bz2#e302e179f9c17e9a3294824ea20c6a9e
https://conda.anaconda.org/conda-forge/osx-64/click-8.0.3-py37hf985489_1.tar.bz2#0ee466c4a8f35bf5644ce76838ec0e8f
https://conda.anaconda.org/conda-forge/osx-64/coloredlogs-15.0.1-py37hf985489_2.tar.bz2#e736879d8fcec6ddc06e1de3dbd629f1
https://conda.anaconda.org/conda-forge/osx-64/numpy-1.21.5-py37h3c8089f_0.tar.bz2#7edae7bd5f874398e47b2fe4b4346c5e
https://conda.anaconda.org/bioconda/osx-64/perl-class-load-0.25-pl526_0.tar.bz2#0a851bd54e06a59b3a0b84f445c6a659
https://conda.anaconda.org/bioconda/osx-64/perl-devel-overloadinfo-0.005-pl526_0.tar.bz2#f9f82f094afdd5d91583b7d87cd12a41
https://conda.anaconda.org/bioconda/osx-64/perl-gd-2.71-pl526h5c9b4e4_0.tar.bz2#b1442d608670f02ba193c0dc812687a0
https://conda.anaconda.org/bioconda/osx-64/perl-graphviz-2.24-pl526h734ff71_0.tar.bz2#d7a29196b9a2ae8f6311c51012f7eccb
https://conda.anaconda.org/bioconda/osx-64/perl-http-message-6.18-pl526_0.tar.bz2#49447bb2abd73ed25601a50b468d4b23
https://conda.anaconda.org/bioconda/osx-64/perl-image-info-1.38-pl526_1.tar.bz2#ad075c7818f7cf918545c71308052f14
https://conda.anaconda.org/bioconda/noarch/perl-net-http-6.19-pl526_0.tar.bz2#160f8e846ea37406d973acbf83b5a26b
https://conda.anaconda.org/bioconda/osx-64/perl-package-deprecationmanager-0.17-pl526_0.tar.bz2#267f2cc7d452e43f1eb9868b501372e3
https://conda.anaconda.org/bioconda/osx-64/perl-www-robotrules-6.02-pl526_3.tar.bz2#5ca5965efd911e74584d2cbdac17361f
https://conda.anaconda.org/bioconda/osx-64/perl-xml-libxslt-1.94-pl526_1.tar.bz2#538bee151da392dfe42ce9ba7db5703a
https://conda.anaconda.org/bioconda/osx-64/perl-xml-simple-2.25-pl526_1.tar.bz2#967b6424f30954f9aaa96496f161e982
https://conda.anaconda.org/conda-forge/noarch/pip-21.3.1-pyhd8ed1ab_0.tar.bz2#e4fe2a9af78ff11f1aced7e62128c6a8
https://conda.anaconda.org/bioconda/osx-64/samtools-1.10-hf7e01e7_3.tar.bz2#0438d1e794829c8ce720d1df57f98720
https://conda.anaconda.org/bioconda/osx-64/vt-0.57721-ha767433_3.tar.bz2#c705c6c0a383184ac8a70cb5645a036c
https://conda.anaconda.org/bioconda/osx-64/cyvcf2-0.30.11-py37h2ad577e_0.tar.bz2#81fae953888d41c2098bd4c5e1b81741
https://conda.anaconda.org/conda-forge/osx-64/pandas-1.3.5-py37h5b83a90_0.tar.bz2#f5b03c55f0d4bd06495b726ed574412c
https://conda.anaconda.org/bioconda/osx-64/perl-class-load-xs-0.10-pl526h04f5b5a_2.tar.bz2#6dd1ca8b42712b233197d55ca45c16ff
https://conda.anaconda.org/bioconda/osx-64/perl-data-stag-0.14-pl526_1.tar.bz2#8c8734b951e1892ff4374f6638d8d85c
https://conda.anaconda.org/bioconda/osx-64/perl-http-cookies-6.04-pl526_0.tar.bz2#b24d2cb8323d04e1f3a92fc3840df3d0
https://conda.anaconda.org/bioconda/osx-64/perl-http-daemon-6.01-pl526_1.tar.bz2#0c6d45174d73c4c56b5543c6991b99a1
https://conda.anaconda.org/bioconda/osx-64/perl-http-negotiate-6.01-pl526_3.tar.bz2#d7711b686a618c116ad50a35ebb965be
https://conda.anaconda.org/bioconda/osx-64/perl-template-toolkit-2.26-pl526_1.tar.bz2#df19a44f01fc8548d6b553b2c5692497
https://conda.anaconda.org/conda-forge/osx-64/scipy-1.7.3-py37h4e3cf02_0.tar.bz2#e0a33e15732767448c6ddf0458b09e3e
https://conda.anaconda.org/bioconda/noarch/vcf2maf-1.6.21-hdfd78af_0.tar.bz2#fcdafc2003f18fbd467bd79af254b8da
https://conda.anaconda.org/pcgr/noarch/pcgr-0.10.3-py_0.tar.bz2#18f192e2ae16593da1dafdde72021eff
https://conda.anaconda.org/bioconda/noarch/perl-libwww-perl-6.39-pl526_0.tar.bz2#54f96d7a0ea63cc4505f8cc653c831ee
https://conda.anaconda.org/bioconda/osx-64/perl-moose-2.2011-pl526h0a44026_1.tar.bz2#085f045166bb848b998ab6d9d215f234
https://conda.anaconda.org/bioconda/osx-64/perl-lwp-protocol-https-6.07-pl526_4.tar.bz2#360cb22341a99867145c8aa468c4fa5a
https://conda.anaconda.org/bioconda/osx-64/perl-lwp-simple-6.15-pl526h470a237_4.tar.bz2#95c4d5c6a262065359fb4f51b4f8c15e
https://conda.anaconda.org/bioconda/osx-64/perl-moo-2.003004-pl526_0.tar.bz2#f9276254e52266243d3ee80dc1b61e17
https://conda.anaconda.org/bioconda/osx-64/perl-xml-dom-1.46-pl526_0.tar.bz2#6914bb0cf06971cd7d441e05ca8cbcdf
https://conda.anaconda.org/bioconda/osx-64/perl-array-compare-3.0.1-pl526_1.tar.bz2#ed628b2cbf68f5d1f0fbcf2d805b3c46
https://conda.anaconda.org/bioconda/noarch/perl-bio-phylo-0.58-pl5262hdfd78af_3.tar.bz2#5c1d7067424e815dbb5642dd2bd3eaf5
https://conda.anaconda.org/bioconda/osx-64/perl-soap-lite-1.19-pl526_1.tar.bz2#4a92b9c213fec21befe97ceaf2c3b80f
https://conda.anaconda.org/bioconda/osx-64/perl-xml-dom-xpath-0.14-pl526_1.tar.bz2#41e2b04576010150a71e2bbd6a2d925c
https://conda.anaconda.org/bioconda/noarch/perl-bioperl-core-1.007002-pl5262hdfd78af_3.tar.bz2#1bef0cfcd0294e17aeea44bfc397f610
https://conda.anaconda.org/bioconda/noarch/perl-bio-asn1-entrezgene-1.73-pl5262hdfd78af_2.tar.bz2#ae612dabb9d0b59ac2287f6eefa12b40
https://conda.anaconda.org/bioconda/noarch/perl-bio-coordinate-1.007001-pl5262hdfd78af_2.tar.bz2#e1bf5881c8ac82e19c8d24861a1f9d19
https://conda.anaconda.org/bioconda/noarch/perl-bio-featureio-1.6.905-pl5262hdfd78af_3.tar.bz2#1d30df60376fa0c79768d9f85313f207
https://conda.anaconda.org/bioconda/osx-64/perl-bio-samtools-1.43-pl526h1341992_1.tar.bz2#656e62ffe2618d01adcb2ec3c494c991
https://conda.anaconda.org/bioconda/noarch/perl-bioperl-run-1.007002-pl5262hdfd78af_5.tar.bz2#bf6e302bd62eaf7a95f53136d9e71234
https://conda.anaconda.org/bioconda/noarch/perl-bio-tools-phylo-paml-1.7.3-pl5262hdfd78af_2.tar.bz2#c3a180cae8b54afc4fc7e0b130fde0df
https://conda.anaconda.org/bioconda/noarch/perl-bio-tools-run-alignment-clustalw-1.7.4-pl5262hdfd78af_2.tar.bz2#85f4d7898fc7911ff5f71c24c082075e
https://conda.anaconda.org/bioconda/osx-64/perl-bioperl-1.7.2-pl526_10.tar.bz2#c67c53f5182b9af2492c77bd00eb73a9
https://conda.anaconda.org/bioconda/osx-64/perl-bio-db-hts-3.01-pl526h4eb3cf5_1.tar.bz2#1fe55739823008621018b48087adfbac
https://conda.anaconda.org/bioconda/noarch/ensembl-vep-104.3-pl5262h4a94de4_1.tar.bz2#0099161447d824d1b0f35fec6effdb89
