# Generated by conda-lock.
# platform: linux-64
# input_hash: 37ce66dc69ae6eeff98a8479b8d0aabd38eaeb88ca7b62b3d1c5365068154198
@EXPLICIT
https://conda.anaconda.org/conda-forge/linux-64/_libgcc_mutex-0.1-conda_forge.tar.bz2#d7c89558ba9fa0495403155b64376d81
https://conda.anaconda.org/bioconda/linux-64/blast-legacy-2.2.26-h9ee0642_3.tar.bz2#b7fe67ef984501e8089a142f1f58ab2f
https://conda.anaconda.org/conda-forge/linux-64/ca-certificates-2023.11.17-hbcca054_0.conda#01ffc8d36f9eba0ce0b3c1955fa780ee
https://conda.anaconda.org/conda-forge/noarch/kernel-headers_linux-64-2.6.32-he073ed8_16.conda#7ca122655873935e02c91279c5b03c8c
https://conda.anaconda.org/conda-forge/linux-64/ld_impl_linux-64-2.39-hcc3a1bd_1.conda#737be0d34c22d24432049ab7a3214de4
https://conda.anaconda.org/conda-forge/linux-64/libgcc-devel_linux-64-10.4.0-hd38fd1e_19.tar.bz2#b41d6540a78ba2518655eebcb0e41e20
https://conda.anaconda.org/conda-forge/linux-64/libgfortran-3.0.0-1.tar.bz2#d7c7e92a8ccc518709474dd3eda896b9
https://conda.anaconda.org/conda-forge/linux-64/libstdcxx-ng-13.2.0-h7e041cc_3.conda#937eaed008f6bf2191c5fe76f87755e9
https://conda.anaconda.org/conda-forge/linux-64/python_abi-3.10-4_cp310.conda#26322ec5d7712c3ded99dd656142b8ce
https://conda.anaconda.org/conda-forge/noarch/tzdata-2023c-h71feb2d_0.conda#939e3e74d8be4dac89ce83b20de2492a
https://conda.anaconda.org/bioconda/linux-64/vcfanno-0.3.5-h9ee0642_0.tar.bz2#0b5da1182154b981384590891a00a072
https://conda.anaconda.org/conda-forge/linux-64/libgomp-13.2.0-h807b86a_3.conda#7124cbb46b13d395bdde68f2d215c989
https://conda.anaconda.org/conda-forge/noarch/sysroot_linux-64-2.12-he073ed8_16.conda#071ea8dceff4d30ac511f4a2f8437cd1
https://conda.anaconda.org/conda-forge/linux-64/_openmp_mutex-4.5-2_gnu.tar.bz2#73aaf86a425cc6e73fcf236a5a46396d
https://conda.anaconda.org/conda-forge/linux-64/binutils_impl_linux-64-2.39-he00db2b_1.conda#3d726e8b51a1f5bfd66892a2b7d9db2d
https://conda.anaconda.org/conda-forge/linux-64/binutils_linux-64-2.39-h5fc0e48_13.conda#7f25a524665e4e2f8a5f86522f8d0e31
https://conda.anaconda.org/conda-forge/linux-64/libgcc-ng-13.2.0-h807b86a_3.conda#23fdf1fef05baeb7eadc2aed5fb0011f
https://conda.anaconda.org/conda-forge/linux-64/argtable2-2.13-h14c3975_1001.tar.bz2#b9e0ac5d747ceab0c8b85a470358e1a6
https://conda.anaconda.org/conda-forge/linux-64/bzip2-1.0.8-hd590300_5.conda#69b8b6202a07720f448be700e300ccf4
https://conda.anaconda.org/conda-forge/linux-64/c-ares-1.23.0-hd590300_0.conda#d459949bc10f64dee1595c176c2e6291
https://conda.anaconda.org/bioconda/linux-64/clustalw-2.1-h4ac6f70_9.tar.bz2#919194f6f7d733afff4d3c6f54e08d07
https://conda.anaconda.org/conda-forge/linux-64/gettext-0.21.1-h27087fc_0.tar.bz2#14947d8770185e5153fdd04d4673ed37
https://conda.anaconda.org/conda-forge/linux-64/gmp-6.3.0-h59595ed_0.conda#0e33ef437202db431aa5a928248cf2e8
https://conda.anaconda.org/conda-forge/linux-64/icu-70.1-h27087fc_0.tar.bz2#87473a15119779e021c314249d4b4aed
https://conda.anaconda.org/conda-forge/linux-64/keyutils-1.6.1-h166bdaf_0.tar.bz2#30186d27e2c9fa62b45fb1476b7200e3
https://conda.anaconda.org/conda-forge/linux-64/libdb-6.2.32-h9c3ff4c_0.tar.bz2#3f3258d8f841fbac63b36b75bdac1afd
https://conda.anaconda.org/conda-forge/linux-64/libdeflate-1.18-h0b41bf4_0.conda#6aa9c9de5542ecb07fdda9ca626252d8
https://conda.anaconda.org/conda-forge/linux-64/libev-4.33-hd590300_2.conda#172bf1cd1ff8629f2b1179945ed45055
https://conda.anaconda.org/conda-forge/linux-64/libexpat-2.5.0-hcb278e6_1.conda#6305a3dd2752c76335295da4e581f2fd
https://conda.anaconda.org/conda-forge/linux-64/libffi-3.4.2-h7f98852_5.tar.bz2#d645c6d2ac96843a2bfaccd2d62b3ac3
https://conda.anaconda.org/conda-forge/linux-64/libgfortran5-13.2.0-ha4646dd_3.conda#c714d905cdfa0e70200f68b80cc04764
https://conda.anaconda.org/conda-forge/linux-64/libiconv-1.17-hd590300_1.conda#4b06b43d0eca61db2899e4d7a289c302
https://conda.anaconda.org/conda-forge/linux-64/libnsl-2.0.1-hd590300_0.conda#30fd6e37fe21f86f4bd26d6ee73eeec7
https://conda.anaconda.org/conda-forge/linux-64/libsanitizer-10.4.0-h5246dfb_19.tar.bz2#b068ad132a509367bc9e5a200a639429
https://conda.anaconda.org/conda-forge/linux-64/libunistring-0.9.10-h7f98852_0.tar.bz2#7245a044b4a1980ed83196176b78b73a
https://conda.anaconda.org/conda-forge/linux-64/libuuid-2.38.1-h0b41bf4_0.conda#40b61aab5c7ba9ff276c41cfffe6b80b
https://conda.anaconda.org/conda-forge/linux-64/libzlib-1.2.13-hd590300_5.conda#f36c115f1ee199da648e0597ec2047ad
https://conda.anaconda.org/bioconda/linux-64/muscle-5.1-h4ac6f70_3.tar.bz2#aea487cbcbed07625e0963472c4ac568
https://conda.anaconda.org/conda-forge/linux-64/ncurses-6.4-h59595ed_2.conda#7dbaa197d7ba6032caf7ae7f32c1efa0
https://conda.anaconda.org/conda-forge/linux-64/openssl-3.2.0-hd590300_1.conda#603827b39ea2b835268adb8c821b8570
https://conda.anaconda.org/conda-forge/linux-64/ossuuid-1.6.2-hf484d3e_1000.tar.bz2#0ca24876ead80a9290d3936aea5fefb1
https://conda.anaconda.org/bioconda/linux-64/paml-4.10.7-h031d066_0.tar.bz2#e25a921ac5019b8e442ef789a403d49c
https://conda.anaconda.org/conda-forge/linux-64/pcre-8.45-h9c3ff4c_0.tar.bz2#c05d1820a6d34ff07aaaab7a9b7eddaa
https://conda.anaconda.org/bioconda/linux-64/poa-2.0-h031d066_5.tar.bz2#7f92f2dd187e08868ffc6a9e12525f75
https://conda.anaconda.org/conda-forge/linux-64/unzip-6.0-h7f98852_3.tar.bz2#7cb7109505433a5abbf68bb34b31edac
https://conda.anaconda.org/conda-forge/linux-64/xz-5.2.6-h166bdaf_0.tar.bz2#2161070d867d1b1204ea749c8eec4ef0
https://conda.anaconda.org/conda-forge/linux-64/yaml-0.2.5-h7f98852_2.tar.bz2#4cb3ad778ec2d5a7acbdf254eb1c42ae
https://conda.anaconda.org/bioconda/linux-64/bedtools-2.31.1-hf5e1c6e_0.tar.bz2#c7afd961b4189429e8491cd059660c45
https://conda.anaconda.org/bioconda/linux-64/clustalo-1.2.4-hdbdd923_7.tar.bz2#24fd3aaebe5ab116cb8fbddd34d62e39
https://conda.anaconda.org/conda-forge/linux-64/expat-2.5.0-hcb278e6_1.conda#8b9b5aca60558d02ddaa09d599e55920
https://conda.anaconda.org/conda-forge/linux-64/gcc_impl_linux-64-10.4.0-h5231bdf_19.tar.bz2#a086547de4cee874e72d5a43230372ec
https://conda.anaconda.org/conda-forge/linux-64/libedit-3.1.20191231-he28a2e2_2.tar.bz2#4d331e44109e3f0e19b4cb8f9b82f3e1
https://conda.anaconda.org/conda-forge/linux-64/libgfortran-ng-13.2.0-h69a702a_3.conda#73031c79546ad06f1fe62e57fdd021bc
https://conda.anaconda.org/conda-forge/linux-64/libidn2-2.3.4-h166bdaf_0.tar.bz2#7440fbafd870b8bab68f83a064875d34
https://conda.anaconda.org/conda-forge/linux-64/libnghttp2-1.58.0-h47da74e_1.conda#700ac6ea6d53d5510591c4344d5c989a
https://conda.anaconda.org/conda-forge/linux-64/libsqlite-3.44.2-h2797004_0.conda#3b6a9f225c3dbe0d24f4fedd4625c5bf
https://conda.anaconda.org/conda-forge/linux-64/libssh2-1.11.0-h0841786_0.conda#1f5a58e686b13bcfde88b93f547d23fe
https://conda.anaconda.org/conda-forge/linux-64/libxml2-2.9.14-h22db469_4.tar.bz2#aced7c1f4b4dbfea08e033c6ae97c53e
https://conda.anaconda.org/conda-forge/linux-64/mpfr-4.2.1-h9458935_0.conda#4c28f3210b30250037a4a627eeee9e0f
https://conda.anaconda.org/conda-forge/linux-64/mysql-connector-c-6.1.11-h659d440_1008.conda#149e0b89cbbe09397f1147cb3736bcbe
https://conda.anaconda.org/conda-forge/linux-64/perl-5.32.1-4_hd590300_perl5.conda#3e785bff761095eb7f8676f4694bd1b1
https://conda.anaconda.org/conda-forge/linux-64/readline-8.2-h8228510_1.conda#47d31b792659ce70f470b5c82fdfb7a4
https://conda.anaconda.org/conda-forge/linux-64/tk-8.6.13-noxft_h4845f30_101.conda#d453b98d9c83e71da0741bb0ff4d76bc
https://conda.anaconda.org/conda-forge/linux-64/zlib-1.2.13-hd590300_5.conda#68c34ec6149623be41a1933ab996a209
https://conda.anaconda.org/conda-forge/linux-64/zstd-1.5.5-hfc55251_0.conda#04b88013080254850d6c01ed54810589
https://conda.anaconda.org/conda-forge/linux-64/gawk-5.3.0-ha916aea_0.conda#66ef869337c8061f6a96b0348d138a62
https://conda.anaconda.org/conda-forge/linux-64/gcc_linux-64-10.4.0-h9215b83_13.conda#a38a8d1059689117691fb736215a196a
https://conda.anaconda.org/conda-forge/linux-64/krb5-1.21.2-h659d440_0.conda#cd95826dbd331ed1be26bdf401432844
https://conda.anaconda.org/conda-forge/linux-64/libopenblas-0.3.25-pthreads_h413a1c8_0.conda#d172b34a443b95f86089e8229ddc9a17
https://conda.anaconda.org/conda-forge/linux-64/pandoc-3.1.3-h32600fe_0.conda#8287aeb8462e2d4b235eff788e75919d
https://conda.anaconda.org/conda-forge/linux-64/pcre2-10.35-h032f7d1_2.tar.bz2#f62023096f15070e1469000060a781c1
https://conda.anaconda.org/bioconda/noarch/perl-algorithm-diff-1.1903-pl5321hdfd78af_3.tar.bz2#e66fb178d12c7e26622d863809a14fcc
https://conda.anaconda.org/bioconda/noarch/perl-base-2.23-pl5321hdfd78af_2.tar.bz2#56bcf32d7efd3cb8f9bb6c3e4c592f48
https://conda.anaconda.org/bioconda/noarch/perl-capture-tiny-0.48-pl5321hdfd78af_2.tar.bz2#b69b3ca72d566f61f29839319be23b30
https://conda.anaconda.org/bioconda/noarch/perl-class-data-inheritable-0.09-pl5321hdfd78af_0.tar.bz2#1523b871c9a6361adcd51be5260b6a67
https://conda.anaconda.org/bioconda/noarch/perl-common-sense-3.75-pl5321hdfd78af_0.tar.bz2#e2b8ed203949cd454cdfa947b31eef3e
https://conda.anaconda.org/bioconda/linux-64/perl-compress-raw-bzip2-2.201-pl5321h87f3376_1.tar.bz2#1f59b739cceb60c0418df32ff64ed0c0
https://conda.anaconda.org/bioconda/linux-64/perl-compress-raw-zlib-2.105-pl5321h87f3376_0.tar.bz2#6b25bedc10361529a269b523cc589afd
https://conda.anaconda.org/bioconda/noarch/perl-constant-1.33-pl5321hdfd78af_2.tar.bz2#bda05b652c9a6d069ccf520149e1c171
https://conda.anaconda.org/bioconda/linux-64/perl-data-dumper-2.183-pl5321hec16e2b_1.tar.bz2#5c6e392bf221c457ac40be350cfb2b90
https://conda.anaconda.org/conda-forge/linux-64/perl-db_file-1.858-pl5321h166bdaf_0.tar.bz2#73e039a6ab8fbaa8b574097b4fcdd599
https://conda.anaconda.org/bioconda/linux-64/perl-dbi-1.643-pl5321hec16e2b_1.tar.bz2#641f77b2cd99d364c6fe81a507b89854
https://conda.anaconda.org/bioconda/noarch/perl-devel-stacktrace-2.04-pl5321hdfd78af_1.tar.bz2#7446f526072f9ed4518e90d0575f962e
https://conda.anaconda.org/bioconda/noarch/perl-digest-hmac-1.04-pl5321hdfd78af_0.tar.bz2#872d481415766335aea1abc5b4b0a16d
https://conda.anaconda.org/bioconda/linux-64/perl-digest-md5-2.58-pl5321hec16e2b_1.tar.bz2#a0af370445ef6aa9db1ecf41e4866d8c
https://conda.anaconda.org/bioconda/noarch/perl-exporter-5.72-pl5321hdfd78af_2.tar.bz2#7353e88329199d78b6e4c7bef4fc835e
https://conda.anaconda.org/bioconda/noarch/perl-exporter-tiny-1.002002-pl5321hdfd78af_0.tar.bz2#4cf435ed1fd536725957dda475522f57
https://conda.anaconda.org/conda-forge/noarch/perl-extutils-makemaker-7.70-pl5321hd8ed1ab_0.conda#ec3e57ed34f7765bfc7054a05868ce5d
https://conda.anaconda.org/bioconda/noarch/perl-ffi-checklib-0.28-pl5321hdfd78af_0.tar.bz2#05451eeb5e82ccf46831248c55c6218a
https://conda.anaconda.org/bioconda/noarch/perl-file-slurp-tiny-0.004-pl5321hdfd78af_2.tar.bz2#67f2e04a41c08c7faab45ffd890a653b
https://conda.anaconda.org/bioconda/noarch/perl-file-sort-1.01-pl5321hdfd78af_3.tar.bz2#4e92e20759a9e525a2e98018b25e6100
https://conda.anaconda.org/bioconda/noarch/perl-file-spec-3.48_01-pl5321hdfd78af_2.tar.bz2#aab3e394e9759fffdbd042d98d30aeb8
https://conda.anaconda.org/conda-forge/noarch/perl-file-which-1.24-pl5321hd8ed1ab_0.tar.bz2#94e5b2c9d56ef7c4c70ddf51ac38ae3d
https://conda.anaconda.org/bioconda/noarch/perl-getopt-long-2.54-pl5321hdfd78af_0.tar.bz2#3c301587f1b58f90ecd06aeee46f7cc3
https://conda.anaconda.org/bioconda/noarch/perl-html-tagset-3.20-pl5321hdfd78af_4.tar.bz2#69c71855f076d4e826c1af7b4d197969
https://conda.anaconda.org/bioconda/noarch/perl-importer-0.026-pl5321hdfd78af_0.tar.bz2#3188368f1c0b76ee2a72447aa63d141f
https://conda.anaconda.org/conda-forge/linux-64/perl-inc-latest-0.500-pl5321ha770c72_0.conda#0879971f134628d37bc4b13581113134
https://conda.anaconda.org/bioconda/noarch/perl-io-html-1.004-pl5321hdfd78af_0.tar.bz2#41b9702808c81294c0b1dc112f239214
https://conda.anaconda.org/bioconda/noarch/perl-io-string-1.08-pl5321hdfd78af_4.tar.bz2#c34ef3559a60db3eeddbdd10718906a4
https://conda.anaconda.org/bioconda/linux-64/perl-io-tty-1.16-pl5321hec16e2b_1.tar.bz2#60874d6780744ee9b424e38292464ceb
https://conda.anaconda.org/bioconda/noarch/perl-io-zlib-1.14-pl5321hdfd78af_0.tar.bz2#eadd0d684a0e22f08cccd6783c97606e
https://conda.anaconda.org/bioconda/linux-64/perl-list-moreutils-xs-0.430-pl5321h031d066_2.tar.bz2#116a0e93733b7004356aef80a1751dec
https://conda.anaconda.org/bioconda/linux-64/perl-mime-base64-3.16-pl5321hec16e2b_2.tar.bz2#df1e0427e5991a539e6a7520f3728bc9
https://conda.anaconda.org/bioconda/noarch/perl-parent-0.236-pl5321hdfd78af_2.tar.bz2#39654d6adccb863ac8973da0f745dd52
https://conda.anaconda.org/bioconda/noarch/perl-path-tiny-0.122-pl5321hdfd78af_0.tar.bz2#1c23854eee00ff2a1a4a6c4be04c12a6
https://conda.anaconda.org/bioconda/linux-64/perl-perlio-gzip-0.20-pl5321he4a0461_5.tar.bz2#a7382c92569cfc4e43d9c95dd46f6070
https://conda.anaconda.org/bioconda/linux-64/perl-scalar-list-utils-1.62-pl5321hec16e2b_1.tar.bz2#2ef171e027d0b34a7dfb3e4a3a7ef02e
https://conda.anaconda.org/bioconda/noarch/perl-scope-guard-0.21-pl5321hdfd78af_3.tar.bz2#5140ccada54e153883ccb0e1a6ff6bfd
https://conda.anaconda.org/bioconda/linux-64/perl-sereal-decoder-4.025-pl5321hec16e2b_1.tar.bz2#ffd38890f6136dbbd1594f21f4f52dce
https://conda.anaconda.org/bioconda/linux-64/perl-sereal-encoder-4.025-pl5321hec16e2b_1.tar.bz2#5eba4ab6f505a40c2d531d3ef6debd3d
https://conda.anaconda.org/bioconda/linux-64/perl-set-intervaltree-0.12-pl5321hdbdd923_3.tar.bz2#edd2d2a30cc490a5cc816355e34fb747
https://conda.anaconda.org/bioconda/linux-64/perl-socket-2.027-pl5321h031d066_4.tar.bz2#e00caa205c42f168425a9ffcb7589a66
https://conda.anaconda.org/bioconda/linux-64/perl-sub-uplevel-0.2800-pl5321hec16e2b_4.tar.bz2#c5cdd2d726c743c9e80973b616210076
https://conda.anaconda.org/bioconda/noarch/perl-test-deep-1.130-pl5321hdfd78af_0.tar.bz2#e15ab2531827b0c8a803456ac6072c11
https://conda.anaconda.org/bioconda/noarch/perl-test-harness-3.44-pl5321hdfd78af_0.tar.bz2#f6a9c19b95737821062fbe49c4fcd4e1
https://conda.anaconda.org/bioconda/noarch/perl-timedate-2.33-pl5321hdfd78af_2.tar.bz2#c4686f71d90a9ecbaf76c6794a309843
https://conda.anaconda.org/bioconda/noarch/perl-try-tiny-0.31-pl5321hdfd78af_1.tar.bz2#392bfccbd3a8c498b6b9c72bef1a2f21
https://conda.anaconda.org/bioconda/linux-64/perl-url-encode-0.03-pl5321h9ee0642_0.tar.bz2#ae808218ba4a3eb830f03e4277ba4625
https://conda.anaconda.org/conda-forge/linux-64/perl-xml-parser-2.44_01-pl5321hc3e0081_1003.tar.bz2#6409bb599d2db3d4d2324d32d5f7a930
https://conda.anaconda.org/bioconda/noarch/perl-xml-regexp-0.04-pl5321hdfd78af_3.tar.bz2#8a5a1bd078a08890084e93cd5eff3fa7
https://conda.anaconda.org/bioconda/noarch/perl-xml-sax-base-1.09-pl5321hdfd78af_1.tar.bz2#f98548d82c9f4b27eca224211ab193df
https://conda.anaconda.org/bioconda/noarch/perl-xml-xpathengine-0.14-pl5321hdfd78af_3.tar.bz2#4af616066d02762108e88cf5413d3ded
https://conda.anaconda.org/conda-forge/linux-64/python-3.10.13-hd12c33a_0_cpython.conda#f3a8c32aa764c3e7188b4b810fc9d6ce
https://conda.anaconda.org/conda-forge/linux-64/wget-1.20.3-ha35d2d1_1.tar.bz2#c990e108f39e1b43adf61e984360c9a1
https://conda.anaconda.org/conda-forge/noarch/click-8.1.7-unix_pyh707e725_0.conda#f3ad426304898027fc619827ff428eca
https://conda.anaconda.org/bioconda/linux-64/entrez-direct-16.2-he881be0_1.tar.bz2#ff30142050ba583481215a6e1b3a5de0
https://conda.anaconda.org/conda-forge/noarch/humanfriendly-10.0-pyhd8ed1ab_6.conda#2ed1fe4b9079da97c44cfe9c2e5078fd
https://conda.anaconda.org/conda-forge/linux-64/libblas-3.9.0-20_linux64_openblas.conda#2b7bb4f7562c8cf334fc2e20c2d28abc
https://conda.anaconda.org/conda-forge/linux-64/libcurl-8.5.0-hca28451_0.conda#7144d5a828e2cae218e0e3c98d8a0aeb
https://conda.anaconda.org/bioconda/linux-64/mafft-7.520-h031d066_3.tar.bz2#bda540cb842cdd39bcfe14e656d1355a
https://conda.anaconda.org/bioconda/noarch/perl-bioperl-core-1.7.8-pl5321hdfd78af_1.tar.bz2#e627a38fe206468089dc73a0aafb6c8c
https://conda.anaconda.org/bioconda/noarch/perl-carp-1.38-pl5321hdfd78af_4.tar.bz2#e4cbd5d05ff5018e31668ae0b4a47a05
https://conda.anaconda.org/bioconda/linux-64/perl-devel-checklib-1.16-pl5321hec16e2b_0.tar.bz2#ac6c328b995c746c37f6bf98b77b546e
https://conda.anaconda.org/bioconda/linux-64/perl-encode-3.19-pl5321hec16e2b_1.tar.bz2#b2925d6255f57feeb61b5fa04d99fbf3
https://conda.anaconda.org/bioconda/noarch/perl-exception-class-1.45-pl5321hdfd78af_0.tar.bz2#5c3c97db8109bee156618a9931bdd893
https://conda.anaconda.org/conda-forge/noarch/perl-file-path-2.18-pl5321hd8ed1ab_0.tar.bz2#e13e456f61b8261ba074c0aa93086afe
https://conda.anaconda.org/bioconda/noarch/perl-ipc-run-20200505.0-pl5321hdfd78af_0.tar.bz2#b0234081e5c5fd205c900dd9bc920da6
https://conda.anaconda.org/bioconda/noarch/perl-libxml-perl-0.08-pl5321hdfd78af_3.tar.bz2#1c365765ae910890ad8787ef53dab70c
https://conda.anaconda.org/bioconda/noarch/perl-list-moreutils-0.430-pl5321hdfd78af_0.tar.bz2#7f04c79d216d0f8e7b6d5a51de4aafa0
https://conda.anaconda.org/conda-forge/linux-64/perl-module-build-0.4234-pl5321ha770c72_0.conda#af01774fb685212da8e42be8f4a136cc
https://conda.anaconda.org/conda-forge/linux-64/perl-net-ssleay-1.92-pl5321hf14f497_1.tar.bz2#b804e5f0621ca70f74bddbde71ceb8ff
https://conda.anaconda.org/bioconda/noarch/perl-ntlm-1.09-pl5321hdfd78af_5.tar.bz2#dac95634eb35296b62569c77e2ceef5c
https://conda.anaconda.org/bioconda/noarch/perl-sereal-4.019-pl5321hdfd78af_0.tar.bz2#8413d0d137956073a48aa058aacbb998
https://conda.anaconda.org/bioconda/noarch/perl-test-exception-0.43-pl5321hdfd78af_3.tar.bz2#797a92af7cef65264766217ca05de66f
https://conda.anaconda.org/bioconda/noarch/perl-test-warn-0.36-pl5321hdfd78af_2.tar.bz2#ae17bf3b6cebb12ccd548084fc7d015c
https://conda.anaconda.org/bioconda/noarch/perl-text-csv-2.01-pl5321hdfd78af_0.tar.bz2#91e32b6e42be7049b18d23bd9d6ea4e4
https://conda.anaconda.org/bioconda/noarch/perl-text-diff-1.45-pl5321hdfd78af_1.tar.bz2#e9b9f91c7e44a671faa8fbf20cbdd6f6
https://conda.anaconda.org/bioconda/noarch/perl-tree-dag_node-1.32-pl5321hdfd78af_0.tar.bz2#09b05f575f3ae5f4a87003c857e3ad5d
https://conda.anaconda.org/bioconda/noarch/perl-types-serialiser-1.01-pl5321hdfd78af_0.tar.bz2#cfc65753e827bbef80c00eaa395f6ae7
https://conda.anaconda.org/bioconda/noarch/perl-xml-namespacesupport-1.12-pl5321hdfd78af_1.tar.bz2#845e2630e4ce38e8c855290a42274ed5
https://conda.anaconda.org/conda-forge/noarch/python-tzdata-2023.3-pyhd8ed1ab_0.conda#2590495f608a63625e165915fb4e2e34
https://conda.anaconda.org/conda-forge/noarch/pytz-2023.3.post1-pyhd8ed1ab_0.conda#c93346b446cd08c169d843ae5fc0da97
https://conda.anaconda.org/conda-forge/linux-64/pyyaml-6.0.1-py310h2372a71_1.conda#bb010e368de4940771368bc3dc4c63e7
https://conda.anaconda.org/conda-forge/noarch/setuptools-68.2.2-pyhd8ed1ab_0.conda#fc2166155db840c634a1291a5c35a709
https://conda.anaconda.org/conda-forge/noarch/six-1.16.0-pyh6c4a22f_0.tar.bz2#e5f25f8dbc060e9a8d912e432202afc2
https://conda.anaconda.org/bioconda/linux-64/viennarna-2.6.4-py310pl5321h6cc9453_0.tar.bz2#1d8581821ec82e02c4c1bfe7419dd8df
https://conda.anaconda.org/conda-forge/noarch/wheel-0.42.0-pyhd8ed1ab_0.conda#1cdea58981c5cbc17b51973bcaddcea7
https://conda.anaconda.org/conda-forge/noarch/coloredlogs-15.0.1-pyhd8ed1ab_3.tar.bz2#7b4fc18b7f66382257c45424eaf81935
https://conda.anaconda.org/conda-forge/linux-64/curl-8.5.0-hca28451_0.conda#e5e83fb15e752dbc8f54c4ac7da7d0f1
https://conda.anaconda.org/bioconda/linux-64/htslib-1.18-h81da01d_0.tar.bz2#cd4d586516b892e972215153099582db
https://conda.anaconda.org/conda-forge/linux-64/libcblas-3.9.0-20_linux64_openblas.conda#36d486d72ab64ffea932329a1d3729a3
https://conda.anaconda.org/conda-forge/linux-64/liblapack-3.9.0-20_linux64_openblas.conda#6fabc51f5e647d09cc010c40061557e0
https://conda.anaconda.org/bioconda/linux-64/perl-bio-samtools-1.43-pl5321he4a0461_4.tar.bz2#e766315d6c69e23e74e5917f77d96ab1
https://conda.anaconda.org/bioconda/noarch/perl-bio-searchio-hmmer-1.7.3-pl5321hdfd78af_0.tar.bz2#8251ea4d5dc4fd65272ac6700c1d8a21
https://conda.anaconda.org/bioconda/noarch/perl-business-isbn-data-20210112.006-pl5321hdfd78af_0.tar.bz2#9b57a4df4970f5d01a1da0f1807b862e
https://conda.anaconda.org/bioconda/linux-64/perl-dbd-mysql-4.050-pl5321h4ac6f70_1.tar.bz2#ad59097f8fd0c5dd42be5d1e5ebddbcb
https://conda.anaconda.org/bioconda/noarch/perl-encode-locale-1.05-pl5321hdfd78af_7.tar.bz2#b431fde1d115040cf39bb54280a03dc8
https://conda.anaconda.org/conda-forge/noarch/perl-file-temp-0.2304-pl5321hd8ed1ab_0.tar.bz2#0a039c4fc36748942287ee10d0431515
https://conda.anaconda.org/bioconda/linux-64/perl-io-compress-2.201-pl5321hdbdd923_2.tar.bz2#f40f599ce37ad75715bab686baa08197
https://conda.anaconda.org/bioconda/noarch/perl-io-socket-ssl-2.074-pl5321hdfd78af_0.tar.bz2#848d5e23136422e87522336ba1865a5b
https://conda.anaconda.org/bioconda/linux-64/perl-json-xs-2.34-pl5321h4ac6f70_6.tar.bz2#e01a73e25a790b129920f9e663e4935f
https://conda.anaconda.org/bioconda/noarch/perl-lwp-mediatypes-6.04-pl5321hdfd78af_1.tar.bz2#386b035f45e9389e6e9b1a367fdd19bb
https://conda.anaconda.org/bioconda/linux-64/perl-pathtools-3.75-pl5321hec16e2b_3.tar.bz2#9afaabf835f20ff137b71dd25022687d
https://conda.anaconda.org/bioconda/noarch/perl-sub-info-0.002-pl5321hdfd78af_1.tar.bz2#e5ac8ff06112d6817b954b491e9c93ce
https://conda.anaconda.org/bioconda/noarch/perl-term-table-0.016-pl5321hdfd78af_0.tar.bz2#91a4c19686c0e1c8b34325664bd3eee4
https://conda.anaconda.org/bioconda/noarch/perl-test-differences-0.69-pl5321hdfd78af_0.tar.bz2#1f7a9aa718798b8f9544d0a80dea3673
https://conda.anaconda.org/bioconda/noarch/perl-time-local-1.35-pl5321hdfd78af_0.tar.bz2#e813d43b775e17589b5dd9cd99b3e8b6
https://conda.anaconda.org/conda-forge/noarch/pip-23.3.1-pyhd8ed1ab_0.conda#2400c0b86889f43aa52067161e1fb108
https://conda.anaconda.org/bioconda/linux-64/pysam-0.22.0-py310h41dec4a_0.tar.bz2#a006237db7a1f3313b0e40945727e7b2
https://conda.anaconda.org/conda-forge/noarch/python-dateutil-2.8.2-pyhd8ed1ab_0.tar.bz2#dd999d1cc9f79e67dbb855c8924c7984
https://conda.anaconda.org/conda-forge/linux-64/gsl-2.7-he838d99_0.tar.bz2#fec079ba39c9cca093bf4c00001825de
https://conda.anaconda.org/conda-forge/linux-64/numpy-1.26.2-py310hb13e2d6_0.conda#d3147cfbf72d6ae7bba10562208f6def
https://conda.anaconda.org/bioconda/noarch/perl-archive-tar-2.40-pl5321hdfd78af_0.tar.bz2#ef5f007762b5ad9425694104d7db4463
https://conda.anaconda.org/bioconda/noarch/perl-bioperl-run-1.007003-pl5321hdfd78af_0.tar.bz2#5b7b092efda407c9af1981426d83f3f5
https://conda.anaconda.org/bioconda/noarch/perl-business-isbn-3.007-pl5321hdfd78af_0.tar.bz2#3cdaa3f73497365e08346443d81dac81
https://conda.anaconda.org/bioconda/noarch/perl-file-chdir-0.1010-pl5321hdfd78af_3.tar.bz2#e798e535d062ee1e3ab69b6c37d6535b
https://conda.anaconda.org/bioconda/noarch/perl-http-date-6.06-pl5321hdfd78af_0.tar.bz2#dbf1658443c214ea04fce36312d7efe3
https://conda.anaconda.org/bioconda/noarch/perl-json-4.10-pl5321hdfd78af_0.tar.bz2#05467eeb1e57206d8dddf31c3128cd00
https://conda.anaconda.org/bioconda/noarch/perl-test-most-0.38-pl5321hdfd78af_0.tar.bz2#af484f1f44bf33bb0a6ab33e109ab8cb
https://conda.anaconda.org/bioconda/noarch/perl-test2-suite-0.000145-pl5321hdfd78af_0.tar.bz2#c07db9debdb82d45be8a2115f5eb952d
https://conda.anaconda.org/bioconda/noarch/perl-xml-sax-1.02-pl5321hdfd78af_1.tar.bz2#2402f3f7aab47052aa38e00fe6a2de3d
https://conda.anaconda.org/bioconda/linux-64/samtools-1.18-h50ea8bc_1.tar.bz2#7a53b527d66566e2bd8d436766e9c39e
https://conda.anaconda.org/bioconda/linux-64/vt-2015.11.10-h5ef6573_4.tar.bz2#540c2f97ff7f75a2f83c3a642c50bd37
https://conda.anaconda.org/bioconda/linux-64/bcftools-1.18-h8b25389_0.tar.bz2#867b44092e8f67fafdf2161e3abe00ca
https://conda.anaconda.org/bioconda/linux-64/cyvcf2-0.30.25-py310hcf1fb4a_0.tar.bz2#b5ca0c35692b65184ff1aabbe3834f47
https://conda.anaconda.org/conda-forge/linux-64/pandas-2.1.4-py310hcc13569_0.conda#410f7e83992a591e492c25049a859254
https://conda.anaconda.org/bioconda/linux-64/perl-alien-build-2.48-pl5321hec16e2b_0.tar.bz2#8b1ea03a11ce6b27945962c47013f93e
https://conda.anaconda.org/bioconda/noarch/perl-bio-asn1-entrezgene-1.73-pl5321hdfd78af_3.tar.bz2#1fa1e8f39aad93a6dc5a07b5bbb0d648
https://conda.anaconda.org/bioconda/noarch/perl-bio-coordinate-1.007001-pl5321hdfd78af_3.tar.bz2#e85ab6482178c1510bcb6d4339ad98ac
https://conda.anaconda.org/bioconda/noarch/perl-bio-tools-phylo-paml-1.7.3-pl5321hdfd78af_3.tar.bz2#6d6d8eb0deb2e754811767358989c8df
https://conda.anaconda.org/bioconda/noarch/perl-bio-tools-run-alignment-clustalw-1.7.4-pl5321hdfd78af_3.tar.bz2#f248e955dd6d2cac60b844cb6df7d68f
https://conda.anaconda.org/bioconda/noarch/perl-file-listing-6.16-pl5321hdfd78af_0.tar.bz2#aee1982ba098bb88b04a68f6e06dd825
https://conda.anaconda.org/bioconda/noarch/perl-uri-5.12-pl5321hdfd78af_0.tar.bz2#6b571eaa643024a4bdaa12704928375f
https://conda.anaconda.org/conda-forge/linux-64/scipy-1.11.4-py310hb13e2d6_0.conda#f0063b2885bfae11324a00a693f88781
https://conda.anaconda.org/bioconda/noarch/vcf2maf-umccr-1.6.21.20230511-hdfd78af_0.tar.bz2#ec3a03df0bce17c35b2a2d1436c718ea
https://conda.anaconda.org/bioconda/linux-64/perl-alien-libxml2-0.17-pl5321hec16e2b_0.tar.bz2#4628ba7447031d6e4661732a2e7bdc64
https://conda.anaconda.org/bioconda/noarch/perl-http-message-6.36-pl5321hdfd78af_0.tar.bz2#a213d1308ffa8e0789996ae6ecda98ae
https://conda.anaconda.org/bioconda/noarch/perl-net-http-6.22-pl5321hdfd78af_0.tar.bz2#f3b44f2b9932c3def346e6ad9aabe43d
https://conda.anaconda.org/bioconda/noarch/perl-www-robotrules-6.02-pl5321hdfd78af_4.tar.bz2#8305f4ed6306b1125a8c8caf2f05aec8
https://conda.anaconda.org/bioconda/linux-64/pybedtools-0.9.1-py310h2b6aa90_0.tar.bz2#e561264a083c7b5a2b2290008460c9dd
https://conda.anaconda.org/bioconda/noarch/vcf2tsvpy-0.6.1-pyhda70652_0.tar.bz2#cb9612a58cefb7e2a144c759027c0a94
https://conda.anaconda.org/pcgr/noarch/pcgr-1.4.1.9000-py_0.tar.bz2#bcdb6e0e05895fcd3bb49405760c0905
https://conda.anaconda.org/bioconda/linux-64/perl-html-parser-3.81-pl5321h4ac6f70_1.tar.bz2#6ef96e2df04cabd48c4c888c1ec57523
https://conda.anaconda.org/bioconda/noarch/perl-http-cookies-6.10-pl5321hdfd78af_0.tar.bz2#e814a81fb8024d2be457805250df690c
https://conda.anaconda.org/bioconda/noarch/perl-http-daemon-6.16-pl5321hdfd78af_0.tar.bz2#55e2a97aa9794010e0f1cedc1abb3f19
https://conda.anaconda.org/bioconda/noarch/perl-http-negotiate-6.01-pl5321hdfd78af_4.tar.bz2#8a56e406990d3b84b89a50caf5f2811d
https://conda.anaconda.org/bioconda/linux-64/perl-xml-libxml-2.0207-pl5321h661654b_0.tar.bz2#1ce8ba66c656dbe547110201b1456797
https://conda.anaconda.org/bioconda/linux-64/ncbi-vdb-3.0.9-hdbdd923_0.tar.bz2#8e07a37225af3682f3c8d07ca3558304
https://conda.anaconda.org/bioconda/noarch/perl-libwww-perl-6.67-pl5321hdfd78af_0.tar.bz2#9493077e9e1dae0017f0d4cd9baf7de6
https://conda.anaconda.org/bioconda/linux-64/blast-2.15.0-pl5321h6f7f691_1.tar.bz2#f7e6a87317b5d00469d39a2d1ef2698f
https://conda.anaconda.org/bioconda/noarch/perl-xml-dom-1.46-pl5321hdfd78af_1.tar.bz2#45b7ce435727456727f45b3e2121b23b
https://conda.anaconda.org/bioconda/noarch/perl-xml-dom-xpath-0.14-pl5321hdfd78af_2.tar.bz2#b959a7e6e307abaec3f06b0bc007809a
https://conda.anaconda.org/bioconda/linux-64/t-coffee-12.00.7fb08c2-h26a2512_0.tar.bz2#a0e9a4fa83c8c2cb485f248cf5ec0a34
https://conda.anaconda.org/bioconda/noarch/perl-bio-featureio-1.6.905-pl5321hdfd78af_4.tar.bz2#1b4b260b45e9cac33fcb45918cda428b
https://conda.anaconda.org/bioconda/noarch/perl-bio-tools-run-alignment-tcoffee-1.7.4-pl5321hdfd78af_5.tar.bz2#932416c9ba6a9af43609e04ec5952574
https://conda.anaconda.org/bioconda/noarch/perl-bioperl-1.7.8-hdfd78af_1.tar.bz2#a693939710e572d0f85f6058b534e319
https://conda.anaconda.org/bioconda/linux-64/perl-bio-db-hts-3.01-pl5321h6141fd1_8.tar.bz2#9bd60dd669288d8b6fbcc06dd6c8f3e5
https://conda.anaconda.org/bioconda/noarch/ensembl-vep-110.1-pl5321h2a3209d_0.tar.bz2#2dcd35e98bc9428650142776b8cfb334
