# Generated by conda-lock.
# platform: linux-64
# input_hash: 470dfa4268b88665a9e0d8493dadc28ce08984de3e4ee3a3f0af0add0d70a338
@EXPLICIT
https://conda.anaconda.org/conda-forge/linux-64/_libgcc_mutex-0.1-conda_forge.tar.bz2#d7c89558ba9fa0495403155b64376d81
https://conda.anaconda.org/conda-forge/noarch/_r-mutex-1.0.1-anacondar_1.tar.bz2#19f9db5f4f1b7f5ef5f6d67207f25f38
https://conda.anaconda.org/conda-forge/linux-64/dart-sass-1.59.1-ha770c72_0.conda#de2018928d25b2cf33d0634f908554ef
https://conda.anaconda.org/conda-forge/linux-64/esbuild-0.25.6-ha770c72_0.conda#26df701750b9b0ea0d1e5453b09036ea
https://conda.anaconda.org/conda-forge/noarch/font-ttf-dejavu-sans-mono-2.37-hab24e00_0.tar.bz2#0c96522c6bdaed4b1566d11387caaf45
https://conda.anaconda.org/conda-forge/noarch/font-ttf-inconsolata-3.000-h77eed37_0.tar.bz2#34893075a5c9e55cdafac56607368fc6
https://conda.anaconda.org/conda-forge/noarch/font-ttf-source-code-pro-2.038-h77eed37_0.tar.bz2#4d59c254e01d9cde7957100457e2d5fb
https://conda.anaconda.org/conda-forge/noarch/font-ttf-ubuntu-0.83-h77eed37_3.conda#49023d73832ef61042f6a237cb2687e7
https://conda.anaconda.org/conda-forge/noarch/kernel-headers_linux-64-3.10.0-he073ed8_18.conda#ad8527bf134a90e1c9ed35fa0b64318c
https://conda.anaconda.org/conda-forge/linux-64/pandoc-3.6.3-ha770c72_0.conda#16ff7c679250dc09f9732aab14408d2c
https://conda.anaconda.org/conda-forge/noarch/python_abi-3.13-7_cp313.conda#e84b44e6300f1703cb25d29120c5b1d8
https://conda.anaconda.org/conda-forge/noarch/tzdata-2025b-h78e105d_0.conda#4222072737ccff51314b5ece9c7d6f5a
https://conda.anaconda.org/conda-forge/noarch/ca-certificates-2025.7.14-hbd8a1cb_0.conda#d16c90324aef024877d8713c0b7fea5b
https://conda.anaconda.org/conda-forge/noarch/fonts-conda-forge-1-0.tar.bz2#f766549260d6815b0c52253f1fb1bb29
https://conda.anaconda.org/conda-forge/linux-64/ld_impl_linux-64-2.44-h1423503_1.conda#0be7c6e070c19105f966d3758448d018
https://conda.anaconda.org/conda-forge/noarch/libgcc-devel_linux-64-15.1.0-h4c094af_103.conda#ea67e87d658d31dc33818f9574563269
https://conda.anaconda.org/conda-forge/linux-64/libgomp-15.1.0-h767d61c_3.conda#3cd1a7238a0dd3d0860fdefc496cc854
https://conda.anaconda.org/conda-forge/noarch/libstdcxx-devel_linux-64-15.1.0-h4c094af_103.conda#83bbc814f0aeccccb5ea10267bea0d2e
https://conda.anaconda.org/conda-forge/noarch/sysroot_linux-64-2.17-h0157908_18.conda#460eba7851277ec1fd80a1a24080787a
https://conda.anaconda.org/conda-forge/linux-64/_openmp_mutex-4.5-2_gnu.tar.bz2#73aaf86a425cc6e73fcf236a5a46396d
https://conda.anaconda.org/conda-forge/linux-64/binutils_impl_linux-64-2.44-h4bf12b8_1.conda#e45cfedc8ca5630e02c106ea36d2c5c6
https://conda.anaconda.org/conda-forge/noarch/fonts-conda-ecosystem-1-0.tar.bz2#fee5683a3f04bd15cbd8318b096a27ab
https://conda.anaconda.org/conda-forge/linux-64/libgcc-15.1.0-h767d61c_3.conda#9e60c55e725c20d23125a5f0dd69af5d
https://conda.anaconda.org/conda-forge/linux-64/c-ares-1.34.5-hb9d3cd8_0.conda#f7f0d6cc2dc986d42ac2689ec88192be
https://conda.anaconda.org/conda-forge/linux-64/deno-1.46.3-hcab8b69_0.conda#f8410ffda105ab8d380990bbdf9f266f
https://conda.anaconda.org/bioconda/linux-64/jq-1.5-0.tar.bz2#f380e0813e0752164752d9a9c63667d7
https://conda.anaconda.org/conda-forge/linux-64/libdeflate-1.24-h86f0d12_0.conda#64f0c503da58ec25ebd359e4d990afa8
https://conda.anaconda.org/conda-forge/linux-64/libexpat-2.7.0-h5888daf_0.conda#db0bfbe7dd197b68ad5f30333bae6ce0
https://conda.anaconda.org/conda-forge/linux-64/libffi-3.4.6-h2dba641_1.conda#ede4673863426c0883c0063d853bbd85
https://conda.anaconda.org/conda-forge/linux-64/libgcc-ng-15.1.0-h69a702a_3.conda#e66f2b8ad787e7beb0f846e4bd7e8493
https://conda.anaconda.org/conda-forge/linux-64/libgfortran5-15.1.0-hcea5267_3.conda#530566b68c3b8ce7eec4cd047eae19fe
https://conda.anaconda.org/conda-forge/linux-64/libiconv-1.18-h4ce23a2_1.conda#e796ff8ddc598affdf7c173d6145f087
https://conda.anaconda.org/conda-forge/linux-64/libjpeg-turbo-3.1.0-hb9d3cd8_0.conda#9fa334557db9f63da6c9285fd2a48638
https://conda.anaconda.org/conda-forge/linux-64/liblzma-5.8.1-hb9d3cd8_2.conda#1a580f7796c7bf6393fddb8bbbde58dc
https://conda.anaconda.org/conda-forge/linux-64/libmpdec-4.0.0-hb9d3cd8_0.conda#c7e925f37e3b40d893459e625f6a53f1
https://conda.anaconda.org/conda-forge/linux-64/libstdcxx-15.1.0-h8f9b012_3.conda#6d11a5edae89fe413c0569f16d308f5a
https://conda.anaconda.org/conda-forge/linux-64/libuv-1.51.0-hb9d3cd8_0.conda#1349c022c92c5efd3fd705a79a5804d8
https://conda.anaconda.org/conda-forge/linux-64/libwebp-base-1.6.0-hd42ef1d_0.conda#aea31d2e5b1091feca96fcfe945c3cf9
https://conda.anaconda.org/conda-forge/linux-64/libzlib-1.3.1-hb9d3cd8_2.conda#edb0dca6bc32e4f4789199455a1dbeb8
https://conda.anaconda.org/conda-forge/linux-64/make-4.4.1-hb9d3cd8_2.conda#33405d2a66b1411db9f7242c8b97c9e7
https://conda.anaconda.org/conda-forge/linux-64/ncurses-6.5-h2d0b736_3.conda#47e340acb35de30501a76c7c799c41d7
https://conda.anaconda.org/conda-forge/linux-64/openssl-3.5.1-h7b32b05_0.conda#c87df2ab1448ba69169652ab9547082d
https://conda.anaconda.org/conda-forge/linux-64/pthread-stubs-0.4-hb9d3cd8_1002.conda#b3c17d95b5a10c6e64a21fa17573e70e
https://conda.anaconda.org/conda-forge/linux-64/sed-4.9-h6688a6e_0.conda#171afc5f7ca0408bbccbcb69ade85f92
https://conda.anaconda.org/conda-forge/linux-64/xorg-libice-1.1.2-hb9d3cd8_0.conda#fb901ff28063514abb6046c9ec2c4a45
https://conda.anaconda.org/conda-forge/linux-64/xorg-libxau-1.0.12-hb9d3cd8_0.conda#f6ebe2cb3f82ba6c057dde5d9debe4f7
https://conda.anaconda.org/conda-forge/linux-64/xorg-libxdmcp-1.1.5-hb9d3cd8_0.conda#8035c64cb77ed555e3f150b7b3972480
https://conda.anaconda.org/conda-forge/linux-64/bzip2-1.0.8-h4bc722e_7.conda#62ee74e96c5ebb0af99386de58cf9553
https://conda.anaconda.org/conda-forge/linux-64/deno-dom-0.1.41-h4768de7_0.conda#89e80615c6b1b1ae4f5267bfc5fc7f66
https://conda.anaconda.org/conda-forge/linux-64/fribidi-1.0.10-h36c2ea0_0.tar.bz2#ac7bc6a654f8f41b352b38f4051135f8
https://conda.anaconda.org/conda-forge/linux-64/graphite2-1.3.14-h5888daf_0.conda#951ff8d9e5536896408e89d63230b8d5
https://conda.anaconda.org/conda-forge/linux-64/keyutils-1.6.1-h166bdaf_0.tar.bz2#30186d27e2c9fa62b45fb1476b7200e3
https://conda.anaconda.org/conda-forge/linux-64/lerc-4.0.0-h0aef613_1.conda#9344155d33912347b37f0ae6c410a835
https://conda.anaconda.org/conda-forge/linux-64/libedit-3.1.20250104-pl5321h7949ede_0.conda#c277e0a4d549b03ac1e9d6cbbe3d017b
https://conda.anaconda.org/conda-forge/linux-64/libev-4.33-hd590300_2.conda#172bf1cd1ff8629f2b1179945ed45055
https://conda.anaconda.org/conda-forge/linux-64/libgfortran-15.1.0-h69a702a_3.conda#bfbca721fd33188ef923dfe9ba172f29
https://conda.anaconda.org/conda-forge/linux-64/libpng-1.6.50-h943b412_0.conda#51de14db340a848869e69c632b43cca7
https://conda.anaconda.org/conda-forge/linux-64/libsanitizer-15.1.0-h97b714f_3.conda#bbcff9bf972a0437bea8e431e4b327bb
https://conda.anaconda.org/conda-forge/linux-64/libssh2-1.11.1-hcf80075_0.conda#eecce068c7e4eddeb169591baac20ac4
https://conda.anaconda.org/conda-forge/linux-64/libstdcxx-ng-15.1.0-h4852527_3.conda#57541755b5a51691955012b8e197c06c
https://conda.anaconda.org/conda-forge/linux-64/libuuid-2.38.1-h0b41bf4_0.conda#40b61aab5c7ba9ff276c41cfffe6b80b
https://conda.anaconda.org/conda-forge/linux-64/libxcb-1.17.0-h8a09558_0.conda#92ed62436b625154323d40d5f2f11dd7
https://conda.anaconda.org/conda-forge/linux-64/pixman-0.46.2-h29eaf8c_0.conda#39b4228a867772d610c02e06f939a5b8
https://conda.anaconda.org/conda-forge/linux-64/readline-8.2-h8c095d6_2.conda#283b96675859b20a825f8fa30f311446
https://conda.anaconda.org/conda-forge/linux-64/tk-8.6.13-noxft_hd72426e_102.conda#a0116df4f4ed05c303811a837d5b39d8
https://conda.anaconda.org/conda-forge/linux-64/typst-0.13.0-h53e704d_0.conda#7b875caf2669fa52b44de7e70a726fc4
https://conda.anaconda.org/conda-forge/linux-64/yaml-0.2.5-h7f98852_2.tar.bz2#4cb3ad778ec2d5a7acbdf254eb1c42ae
https://conda.anaconda.org/conda-forge/linux-64/zstd-1.5.7-hb8e6e7a_2.conda#6432cb5d4ac0046c3ac0a8a0f95842f9
https://conda.anaconda.org/conda-forge/linux-64/bwidget-1.10.1-ha770c72_1.conda#983b92277d78c0d0ec498e460caa0e6d
https://conda.anaconda.org/conda-forge/linux-64/gcc_impl_linux-64-15.1.0-h4393ad2_3.conda#f39f96280dd8b1ec8cbd395a3d3fdd1e
https://conda.anaconda.org/conda-forge/linux-64/icu-75.1-he02047a_0.conda#8b189310083baabfb622af68fd9d3ae3
https://conda.anaconda.org/conda-forge/linux-64/krb5-1.21.3-h659f571_0.conda#3f43953b7d3fb3aaa1d0d0723d91e368
https://conda.anaconda.org/conda-forge/linux-64/libfreetype6-2.13.3-h48d6fc4_1.conda#3c255be50a506c50765a93a6644f32fe
https://conda.anaconda.org/conda-forge/linux-64/libgfortran-ng-15.1.0-h69a702a_3.conda#6e5d0574e57a38c36e674e9a18eee2b4
https://conda.anaconda.org/conda-forge/linux-64/libnghttp2-1.64.0-h161d5f1_0.conda#19e57602824042dfd0446292ef90488b
https://conda.anaconda.org/conda-forge/linux-64/libopenblas-0.3.30-pthreads_h94d23a6_0.conda#323dc8f259224d13078aaf7ce96c3efe
https://conda.anaconda.org/conda-forge/linux-64/libtiff-4.7.0-hf01ce69_5.conda#e79a094918988bb1807462cd42c83962
https://conda.anaconda.org/conda-forge/linux-64/pcre2-10.45-hc749103_0.conda#b90bece58b4c2bf25969b70f3be42d25
https://conda.anaconda.org/conda-forge/linux-64/quarto-1.7.32-ha770c72_0.conda#73e003bb81d9f065d35f89047f4d8bc4
https://conda.anaconda.org/conda-forge/linux-64/tktable-2.10-h8d826fa_7.conda#3ac51142c19ba95ae0fadefa333c9afb
https://conda.anaconda.org/conda-forge/linux-64/xorg-libsm-1.2.6-he73a12e_0.conda#1c74ff8c35dcadf952a16f752ca5aa49
https://conda.anaconda.org/conda-forge/linux-64/xorg-libx11-1.8.12-h4f16b4b_0.conda#db038ce880f100acc74dba10302b5630
https://conda.anaconda.org/conda-forge/linux-64/gfortran_impl_linux-64-15.1.0-h3b9cdf2_3.conda#649c5fe0593a880702e434bc375f3e8a
https://conda.anaconda.org/conda-forge/linux-64/gxx_impl_linux-64-15.1.0-h6a1bac1_3.conda#d71cc504fcfdbee8dd7925ebb9c2bf85
https://conda.anaconda.org/conda-forge/linux-64/libblas-3.9.0-32_h59b9bed_openblas.conda#2af9f3d5c2e39f417ce040f5a35c40c6
https://conda.anaconda.org/conda-forge/linux-64/libcurl-8.14.1-h332b0f4_0.conda#45f6713cb00f124af300342512219182
https://conda.anaconda.org/conda-forge/linux-64/libfreetype-2.13.3-ha770c72_1.conda#51f5be229d83ecd401fb369ab96ae669
https://conda.anaconda.org/conda-forge/linux-64/libglib-2.84.2-h3618099_0.conda#072ab14a02164b7c0c089055368ff776
https://conda.anaconda.org/conda-forge/linux-64/libsqlite-3.50.2-hee844dc_2.conda#be96b9fdd7b579159df77ece9bb80e48
https://conda.anaconda.org/conda-forge/linux-64/libxml2-2.13.8-h4bc477f_0.conda#14dbe05b929e329dbaa6f2d0aa19466d
https://conda.anaconda.org/conda-forge/linux-64/xorg-libxext-1.3.6-hb9d3cd8_0.conda#febbab7d15033c913d53c7a2c102309d
https://conda.anaconda.org/conda-forge/linux-64/xorg-libxrender-0.9.12-hb9d3cd8_0.conda#96d57aba173e878a2089d5638016dc5e
https://conda.anaconda.org/conda-forge/linux-64/xorg-libxt-1.3.1-hb9d3cd8_0.conda#279b0de5f6ba95457190a1c459a64e31
https://conda.anaconda.org/conda-forge/linux-64/curl-8.14.1-h332b0f4_0.conda#60279087a10b4ab59a70daa838894e4b
https://conda.anaconda.org/conda-forge/linux-64/freetype-2.13.3-ha770c72_1.conda#9ccd736d31e0c6e41f54e704e5312811
https://conda.anaconda.org/conda-forge/linux-64/libcblas-3.9.0-32_he106b2a_openblas.conda#3d3f9355e52f269cd8bc2c440d8a5263
https://conda.anaconda.org/conda-forge/linux-64/liblapack-3.9.0-32_h7ac8fdf_openblas.conda#6c3f04ccb6c578138e9f9899da0bd714
https://conda.anaconda.org/conda-forge/linux-64/python-3.13.5-hec9711d_102_cp313.conda#89e07d92cf50743886f41638d58c4328
https://conda.anaconda.org/conda-forge/noarch/argcomplete-3.6.2-pyhd8ed1ab_0.conda#eb9d4263271ca287d2e0cf5a86da2d3a
https://conda.anaconda.org/conda-forge/linux-64/fontconfig-2.15.0-h7e30c49_1.conda#8f5b0b297b59e1ac160ad4beec99dbee
https://conda.anaconda.org/conda-forge/linux-64/gsl-2.7-he838d99_0.tar.bz2#fec079ba39c9cca093bf4c00001825de
https://conda.anaconda.org/conda-forge/linux-64/pyyaml-6.0.2-py313h8060acc_2.conda#50992ba61a8a1f8c2d346168ae1c86df
https://conda.anaconda.org/conda-forge/noarch/setuptools-80.9.0-pyhff2d567_0.conda#4de79c071274a53dcaf2a8c749d1499e
https://conda.anaconda.org/conda-forge/noarch/toml-0.10.2-pyhd8ed1ab_1.conda#b0dd904de08b7db706167240bf37b164
https://conda.anaconda.org/conda-forge/noarch/tomlkit-0.13.3-pyha770c72_0.conda#146402bf0f11cbeb8f781fa4309a95d3
https://conda.anaconda.org/conda-forge/noarch/xmltodict-0.14.2-pyhd8ed1ab_1.conda#96ef17b8734b174d35346da0762f0137
https://conda.anaconda.org/conda-forge/linux-64/cairo-1.18.4-h3394656_0.conda#09262e66b19567aff4f592fb53b28760
https://conda.anaconda.org/conda-forge/noarch/yq-3.4.3-pyhe01879c_2.conda#18cefe7c50c1228da474ea0e95a8e646
https://conda.anaconda.org/conda-forge/linux-64/harfbuzz-11.2.1-h3beb420_0.conda#0e6e192d4b3d95708ad192d957cf3163
https://conda.anaconda.org/conda-forge/linux-64/pango-1.56.4-hadf4263_0.conda#79f71230c069a287efe3a8614069ddf1
https://conda.anaconda.org/conda-forge/linux-64/r-base-4.3.3-h65010dc_18.conda#721ea26859f44b206b0146eae8444657
https://conda.anaconda.org/bioconda/noarch/bioconductor-biocgenerics-0.48.1-r43hdfd78af_2.tar.bz2#a313dd8a932cfd178fad2f3e7e6a6184
https://conda.anaconda.org/bioconda/noarch/bioconductor-data-packages-20250625-hdfd78af_0.tar.bz2#34d7066b99d7e6769305dcebf0a9de87
https://conda.anaconda.org/bioconda/linux-64/bioconductor-preprocesscore-1.64.0-r43ha9d7317_2.tar.bz2#5269edafe3c365132ae35c544d9ab6fa
https://conda.anaconda.org/bioconda/linux-64/bioconductor-zlibbioc-1.48.0-r43ha9d7317_2.tar.bz2#b460a5493c1d67ff386a0e63eb078a64
https://conda.anaconda.org/conda-forge/noarch/r-abind-1.4_5-r43hc72bb7e_1006.conda#75d26096ffa98e1cde7b27b9530899a1
https://conda.anaconda.org/conda-forge/noarch/r-assertthat-0.2.1-r43hc72bb7e_5.conda#830d74ef2014697ec7f95922cd6edcef
https://conda.anaconda.org/conda-forge/linux-64/r-backports-1.5.0-r43hb1dbf0f_1.conda#12431f6441e6e7b9181747123e88fe9e
https://conda.anaconda.org/conda-forge/linux-64/r-base64enc-0.1_3-r43hb1dbf0f_1007.conda#3509080778587bf9d42eae11e0246633
https://conda.anaconda.org/conda-forge/noarch/r-bh-1.87.0_1-r43hc72bb7e_0.conda#9e6364aa396f48b73fb81d56b44ceedc
https://conda.anaconda.org/conda-forge/linux-64/r-bit-4.6.0-r43h2b5f3a1_0.conda#6a3c84f3e9d9fb7c5dc53c6d71d15ccb
https://conda.anaconda.org/conda-forge/linux-64/r-bitops-1.0_9-r43h2b5f3a1_0.conda#8643d84c1d28ea73e48db9deb9a2eff3
https://conda.anaconda.org/conda-forge/linux-64/r-cli-3.6.5-r43h93ab643_0.conda#5d49a07fdd4ca869c4a79082692c4d2a
https://conda.anaconda.org/conda-forge/noarch/r-clipr-0.8.0-r43hc72bb7e_3.conda#57efbe0d7deb70566c3314c2f6be7a22
https://conda.anaconda.org/conda-forge/linux-64/r-cluster-2.1.8.1-r43hb67ce94_0.conda#7e4d0cf4e3378df9847f3843b9a8e087
https://conda.anaconda.org/conda-forge/noarch/r-codetools-0.2_20-r43hc72bb7e_1.conda#f54a935134de901af63096b29a56697e
https://conda.anaconda.org/conda-forge/linux-64/r-colorspace-2.1_1-r43hdb488b9_0.conda#0c6d4c26ca41246a4053d79e1b4d78ff
https://conda.anaconda.org/conda-forge/linux-64/r-commonmark-2.0.0-r43h2b5f3a1_0.conda#7467a5f2328350692097554cc27b8c91
https://conda.anaconda.org/conda-forge/noarch/r-cpp11-0.5.2-r43h785f33e_1.conda#7bc23dbad7c6015d9b2b9c59bb3e5d85
https://conda.anaconda.org/conda-forge/noarch/r-crayon-1.5.3-r43hc72bb7e_1.conda#bafc77be1942ea00228cf18d2cb30e35
https://conda.anaconda.org/conda-forge/linux-64/r-curl-6.2.2-r43h2700575_0.conda#c41790376a6567e34b7e8c04c04d9ea2
https://conda.anaconda.org/conda-forge/linux-64/r-data.table-1.17.6-r43he23165d_0.conda#04e4219f4ba4c566f35079d96dd3ba67
https://conda.anaconda.org/conda-forge/noarch/r-dbi-1.2.3-r43hc72bb7e_1.conda#6a3941852688f1291271e4ef5772425d
https://conda.anaconda.org/conda-forge/linux-64/r-digest-0.6.37-r43h0d4f4ea_0.conda#edcd201672d47f522666954cc7b25e0d
https://conda.anaconda.org/conda-forge/noarch/r-evaluate-1.0.4-r43hc72bb7e_0.conda#483ee1d772c6a47e28e2bf7b3e161ebe
https://conda.anaconda.org/conda-forge/linux-64/r-fansi-1.0.6-r43hb1dbf0f_1.conda#4c17a0f74a974316fdfafa5a9fe91b52
https://conda.anaconda.org/conda-forge/linux-64/r-farver-2.1.2-r43ha18555a_1.conda#85a82a5b78397daf57f002120aed9e3e
https://conda.anaconda.org/conda-forge/linux-64/r-fastmap-1.2.0-r43ha18555a_1.conda#ac100509c0d93c8dc19e53fb299a48b5
https://conda.anaconda.org/conda-forge/linux-64/r-filelock-1.0.3-r43hb1dbf0f_1.conda#fed4578af498b0745d546c0161a85032
https://conda.anaconda.org/conda-forge/noarch/r-findpython-1.0.9-r43hc72bb7e_0.conda#464095877eb683139b054beb4911a805
https://conda.anaconda.org/conda-forge/noarch/r-formatr-1.14-r43hc72bb7e_2.conda#20d39b48868b55b5335a0c578fdda15b
https://conda.anaconda.org/conda-forge/linux-64/r-fs-1.6.6-r43h93ab643_0.conda#6a5d79631aeaeef651fbfd7cbf5a954d
https://conda.anaconda.org/conda-forge/noarch/r-futile.options-1.0.1-r43hc72bb7e_1005.conda#57962626cdffa616861bb383076195a2
https://conda.anaconda.org/conda-forge/noarch/r-generics-0.1.4-r43hc72bb7e_0.conda#9df9346f18ca43dc30488fb2f520999c
https://conda.anaconda.org/conda-forge/linux-64/r-glue-1.8.0-r43h2b5f3a1_0.conda#381d612db7519f2a54f1b187e738ac7b
https://conda.anaconda.org/conda-forge/linux-64/r-gower-1.0.1-r43hb1dbf0f_2.conda#f61cbf09c3e0434de7d8125d576c9642
https://conda.anaconda.org/conda-forge/noarch/r-gridbase-0.4_7-r43hc72bb7e_1006.conda#cb20b20001ea951cb8fbb86ed14bd061
https://conda.anaconda.org/conda-forge/linux-64/r-isoband-0.2.7-r43ha18555a_3.conda#39459e8609d9461d90ee0683a7fd2f3a
https://conda.anaconda.org/conda-forge/noarch/r-iterators-1.0.14-r43hc72bb7e_3.conda#982226a9b2f88353204d23b7369683d7
https://conda.anaconda.org/conda-forge/linux-64/r-jsonlite-2.0.0-r43h2b5f3a1_0.conda#576ceaa3103ec089c0314e717d74e4de
https://conda.anaconda.org/conda-forge/linux-64/r-kernsmooth-2.23_26-r43h8461fee_0.conda#b2d302f924fbb35cd56c909842f32163
https://conda.anaconda.org/conda-forge/noarch/r-labeling-0.4.3-r43hc72bb7e_1.conda#0464c37b6ff6701cbb8606e8f4bfebe4
https://conda.anaconda.org/conda-forge/linux-64/r-lattice-0.22_7-r43h2b5f3a1_0.conda#1902233545ef5232dacdd973153d77c4
https://conda.anaconda.org/conda-forge/linux-64/r-lazyeval-0.2.2-r43hb1dbf0f_5.conda#5332bc619a13ca173a49cb602489a9df
https://conda.anaconda.org/conda-forge/noarch/r-listenv-0.9.1-r43hc72bb7e_1.conda#ec5e5ed484ed53445c5ae5debc3f3f53
https://conda.anaconda.org/conda-forge/linux-64/r-log4r-0.4.4-r43h2b5f3a1_0.conda#ef0e5c3ee0843ca17b5864c1d60af46d
https://conda.anaconda.org/conda-forge/linux-64/r-lpsolve-5.6.23-r43h2b5f3a1_0.conda#7bf21fcddd2c875834c840239ce68570
https://conda.anaconda.org/conda-forge/linux-64/r-magrittr-2.0.3-r43hb1dbf0f_3.conda#fc61bcf37e59037b486c8841a704e9da
https://conda.anaconda.org/conda-forge/linux-64/r-mass-7.3_60.0.1-r43hb1dbf0f_1.conda#c3c9184486ccabe19b86aba11351652e
https://conda.anaconda.org/conda-forge/linux-64/r-matrixstats-1.5.0-r43h2b5f3a1_0.conda#bbf709a87ed6a14852cb0a4171539a06
https://conda.anaconda.org/conda-forge/linux-64/r-mime-0.13-r43h2b5f3a1_0.conda#908a1d0ff246fcf4040de60d49b08049
https://conda.anaconda.org/conda-forge/noarch/r-numderiv-2016.8_1.1-r43hc72bb7e_6.conda#f9bd335fa3579f2e0ed2cdd315fc05ed
https://conda.anaconda.org/conda-forge/noarch/r-packrat-0.9.3-r43hc72bb7e_0.conda#9efe3e2734d4d6c5f79bc50ea7ba781c
https://conda.anaconda.org/conda-forge/linux-64/r-parallelly-1.45.0-r43h2b5f3a1_0.conda#424bfbf901596907768d1bd45d882754
https://conda.anaconda.org/conda-forge/noarch/r-pkgconfig-2.0.3-r43hc72bb7e_4.conda#509adf7f5bc34d77064f28f487d7fa6e
https://conda.anaconda.org/conda-forge/noarch/r-plogr-0.2.0-r43hc72bb7e_1006.conda#75003e5611e863848d5c7b9d1544d11d
https://conda.anaconda.org/conda-forge/linux-64/r-png-0.1_8-r43h21f035c_2.conda#bb38ba000f70e6776d546e1b41b8ce4c
https://conda.anaconda.org/conda-forge/noarch/r-pracma-2.4.4-r43hc72bb7e_1.conda#b01b8a12320a725816c72396eb6e0ad2
https://conda.anaconda.org/conda-forge/linux-64/r-proxy-0.4_27-r43hb1dbf0f_3.conda#d7b831353a7bfbbe20980873e81fef97
https://conda.anaconda.org/conda-forge/linux-64/r-ps-1.9.1-r43h2b5f3a1_0.conda#997835537cc3b728c0082893eec73955
https://conda.anaconda.org/conda-forge/linux-64/r-quadprog-1.5_8-r43hc2011d3_6.conda#58219f67f5637e55bd330f5ce7ef0aac
https://conda.anaconda.org/conda-forge/noarch/r-r6-2.6.1-r43hc72bb7e_0.conda#be02712c703445dc5cabbe0f22d0d063
https://conda.anaconda.org/conda-forge/linux-64/r-randomforest-4.7_1.2-r43hb67ce94_0.conda#d92b0f814b68a93cbc55868d414fd094
https://conda.anaconda.org/conda-forge/linux-64/r-rappdirs-0.3.3-r43hb1dbf0f_3.conda#9fb3dd1c37f2b0d351850edf594fb1a9
https://conda.anaconda.org/conda-forge/noarch/r-rcolorbrewer-1.1_3-r43h785f33e_3.conda#ceb1c167b7d9e5eefed0ecbe759540de
https://conda.anaconda.org/conda-forge/linux-64/r-rcpp-1.1.0-r43h93ab643_0.conda#b10c60cf4d65df16b0fe2a17e2324375
https://conda.anaconda.org/conda-forge/noarch/r-registry-0.5_1-r43hc72bb7e_5.conda#f50f3b41b4a36021e3e4b9f31ea1ac18
https://conda.anaconda.org/conda-forge/linux-64/r-renv-1.1.4-r43h2b5f3a1_1.conda#4903086416e76ba1af609737e4eabe75
https://conda.anaconda.org/conda-forge/linux-64/r-rjson-0.2.23-r43h93ab643_0.conda#9b34770d3b82c2568e086b7772904c18
https://conda.anaconda.org/conda-forge/linux-64/r-rlang-1.1.6-r43h93ab643_0.conda#057b78b5adfffc99092504a1da563abe
https://conda.anaconda.org/conda-forge/linux-64/r-rpart-4.1.24-r43h2b5f3a1_0.conda#f350255d8dfffecfc079a7e3f79a2db2
https://conda.anaconda.org/conda-forge/linux-64/r-rrapply-1.2.7-r43hdb488b9_1.conda#c56e9ae3f690cebeda18215b91ce06cb
https://conda.anaconda.org/conda-forge/noarch/r-rstudioapi-0.17.1-r43hc72bb7e_0.conda#94a2efa5a76ae146730e2e35a8efa0ad
https://conda.anaconda.org/conda-forge/noarch/r-shape-1.4.6.1-r43ha770c72_1.conda#f3dc2930e4ff73b8913f773988fe47a9
https://conda.anaconda.org/conda-forge/noarch/r-snow-0.4_4-r43hc72bb7e_3.conda#60eeeef67921f38a80c1778eae3bbbb9
https://conda.anaconda.org/conda-forge/linux-64/r-sourcetools-0.1.7_1-r43ha18555a_2.conda#ac984cdfeb93aecef6e2d5942a6d9ab3
https://conda.anaconda.org/conda-forge/noarch/r-squarem-2021.1-r43hc72bb7e_3.conda#7540130cd26e12a02742dac9ddc184d6
https://conda.anaconda.org/conda-forge/linux-64/r-stringi-1.8.7-r43h3c328a7_0.conda#05f7189c872c35b10688e523f23ccbc6
https://conda.anaconda.org/conda-forge/linux-64/r-sys-3.4.3-r43h2b5f3a1_0.conda#b7ce9f99da446a47b97950ff9a9cbb60
https://conda.anaconda.org/conda-forge/noarch/r-timedate-4041.110-r43hc72bb7e_0.conda#77c4992076f8edd8f5fa4b3ed2717fa2
https://conda.anaconda.org/conda-forge/linux-64/r-utf8-1.2.6-r43h2b5f3a1_0.conda#a2b3283964103f1ff47d6acea6f69e24
https://conda.anaconda.org/conda-forge/noarch/r-viridislite-0.4.2-r43hc72bb7e_2.conda#2a5b8c2803b5714f3319a238c66cc9e7
https://conda.anaconda.org/conda-forge/noarch/r-withr-3.0.2-r43hc72bb7e_0.conda#e503cae9a96ad7771fa6ccd3af90477b
https://conda.anaconda.org/conda-forge/linux-64/r-xfun-0.52-r43h93ab643_0.conda#5f6b312d62bad138ba4d54869a3b1c81
https://conda.anaconda.org/conda-forge/linux-64/r-xml-3.99_0.17-r43h5bae778_2.conda#0b6f80438b17c41128f8e00a15aae22d
https://conda.anaconda.org/conda-forge/noarch/r-xtable-1.8_4-r43hc72bb7e_6.conda#f4d27961aef7407a530df9c06957f043
https://conda.anaconda.org/conda-forge/linux-64/r-yaml-2.3.10-r43hdb488b9_0.conda#ad2267cd6e74c87f2720494ea13f0fa4
https://conda.anaconda.org/conda-forge/linux-64/r-zip-2.3.3-r43h2b5f3a1_0.conda#54aa516a5ab64748564d3ab423eb081e
https://conda.anaconda.org/bioconda/linux-64/bioconductor-biobase-2.62.0-r43ha9d7317_3.tar.bz2#536352cf94bc990f2d723564fe0d6ff9
https://conda.anaconda.org/bioconda/noarch/bioconductor-genomeinfodbdata-1.2.11-r43hdfd78af_1.tar.bz2#14721a7fde8cfe4703796dfd5a119d76
https://conda.anaconda.org/bioconda/noarch/bioconductor-matrixgenerics-1.14.0-r43hdfd78af_3.tar.bz2#c79f36cc0cd464874aefd50a700d0079
https://conda.anaconda.org/bioconda/linux-64/bioconductor-rhtslib-2.4.0-r43ha9d7317_2.tar.bz2#f54f24c26d9e1eb7d582f2806c3b6824
https://conda.anaconda.org/bioconda/linux-64/bioconductor-s4vectors-0.40.2-r43ha9d7317_2.tar.bz2#6aa465e83dabb7ed5b853519d8a334e4
https://conda.anaconda.org/conda-forge/noarch/r-argparse-2.2.5-r43hc72bb7e_0.conda#00122b42ae4d949f6a027aac1045b83a
https://conda.anaconda.org/conda-forge/linux-64/r-askpass-1.2.1-r43h2b5f3a1_0.conda#8ccad521ab24a75928dd54af1e42632d
https://conda.anaconda.org/conda-forge/noarch/r-assertable-0.2.8-r43hc72bb7e_3.conda#5ac3ab178c067426e29ddf107c337bfd
https://conda.anaconda.org/conda-forge/noarch/r-bibtex-0.5.1-r43hc72bb7e_2.conda#4514eabc038859b5ae5e119208b23f6d
https://conda.anaconda.org/conda-forge/linux-64/r-bit64-4.6.0_1-r43h2b5f3a1_0.conda#e8ec46dd5b7da8ffa5c2430032e19a89
https://conda.anaconda.org/conda-forge/linux-64/r-cachem-1.1.0-r43hb1dbf0f_1.conda#02b195910b59c2cfd1fb7159edbb047a
https://conda.anaconda.org/conda-forge/linux-64/r-class-7.3_23-r43h2b5f3a1_0.conda#f5a6207da238d9d499f2a3e0a7f84c8c
https://conda.anaconda.org/conda-forge/noarch/r-diagram-1.6.5-r43ha770c72_3.conda#bbb01e34de1b65e7161e39cbaae2171e
https://conda.anaconda.org/conda-forge/linux-64/r-ellipsis-0.3.2-r43hb1dbf0f_3.conda#b8349582a31b17184a7674f4c847a5ad
https://conda.anaconda.org/conda-forge/noarch/r-foreach-1.5.2-r43hc72bb7e_3.conda#1b0d9e2f20eead453cf64c3257076abd
https://conda.anaconda.org/conda-forge/noarch/r-globals-0.18.0-r43hc72bb7e_0.conda#b851ecb36cea8010e258a85ed0fe5790
https://conda.anaconda.org/conda-forge/linux-64/r-hexbin-1.28.5-r43hb67ce94_0.conda#3e1e0a8fc7da252fc9e4f59f9820d7f9
https://conda.anaconda.org/conda-forge/noarch/r-highr-0.11-r43hc72bb7e_1.conda#23e4d2048f51cbe7c0fb8b9230edc701
https://conda.anaconda.org/conda-forge/noarch/r-lambda.r-1.2.4-r43hc72bb7e_4.conda#bf0eed6164eb10fefeda18059a78193c
https://conda.anaconda.org/conda-forge/linux-64/r-later-1.4.2-r43h93ab643_0.conda#d9ebf6c42ab004e39259c3c0cb8fe795
https://conda.anaconda.org/conda-forge/noarch/r-lifecycle-1.0.4-r43hc72bb7e_1.conda#7a0a8ba1fe2cf12b39062d8291e2fca8
https://conda.anaconda.org/conda-forge/linux-64/r-limsolve-2.0.1-r43hb67ce94_0.conda#a388565e14ed8815f9757966161e754d
https://conda.anaconda.org/conda-forge/linux-64/r-matrix-1.6_5-r43he966344_1.conda#df8a1175a62460e02dbf340966cbfeab
https://conda.anaconda.org/conda-forge/linux-64/r-modelmetrics-1.2.2.2-r43h0d4f4ea_4.conda#fd7c52a5efdafc2f4eeb6b2b5a14e598
https://conda.anaconda.org/conda-forge/noarch/r-munsell-0.5.1-r43hc72bb7e_1.conda#8b2f9bb8064ae0896ffedd984661a2d5
https://conda.anaconda.org/conda-forge/linux-64/r-nlme-3.1_168-r43hb67ce94_0.conda#4add921d1d71c646c037a91202d0f75f
https://conda.anaconda.org/conda-forge/linux-64/r-nnet-7.3_20-r43h2b5f3a1_0.conda#c58e4fcb2f1e30872bbf3e11bdced351
https://conda.anaconda.org/conda-forge/linux-64/r-openxlsx2-1.17-r43h93ab643_0.conda#8426c9c27ac3a6107a7ef29d63a2c65d
https://conda.anaconda.org/conda-forge/linux-64/r-pki-0.1_14-r43he8289e2_2.conda#3d647ba8a3ac0121b562bef8594bace3
https://conda.anaconda.org/conda-forge/linux-64/r-plyr-1.8.9-r43ha18555a_1.conda#d93aedee4cc78f78413969b1e891842c
https://conda.anaconda.org/conda-forge/noarch/r-prettyunits-1.2.0-r43hc72bb7e_1.conda#cf655364ee1c16ad385e829987a67458
https://conda.anaconda.org/conda-forge/linux-64/r-processx-3.8.6-r43h2b5f3a1_0.conda#0c520bb09bccbf159041a053cfe859aa
https://conda.anaconda.org/conda-forge/noarch/r-progressr-0.15.1-r43hc72bb7e_0.conda#58328f17c8a6d7941ffd43d035c874c0
https://conda.anaconda.org/conda-forge/linux-64/r-rcpptoml-0.2.3-r43h93ab643_0.conda#67405742c69264b329344fa3e9d1ed37
https://conda.anaconda.org/conda-forge/linux-64/r-rcurl-1.98_1.16-r43he8228da_1.conda#e03c3ff98b32efffb620d7dec4df34b1
https://conda.anaconda.org/conda-forge/linux-64/r-timechange-0.3.0-r43ha18555a_1.conda#da155dc726414cca04cdc76a297c4463
https://conda.anaconda.org/conda-forge/noarch/r-tinytex-0.57-r43hc72bb7e_0.conda#1986e92b398b17e8c88353dc2e444939
https://conda.anaconda.org/conda-forge/linux-64/r-tzdb-0.5.0-r43h93ab643_0.conda#a2abc26bd2c81ad6227752ec8465fd33
https://conda.anaconda.org/conda-forge/linux-64/r-xml2-1.3.8-r43h1bb2df6_0.conda#0dd4c0d50e2770cb8fab723a08c50f0c
https://conda.anaconda.org/bioconda/noarch/bioconductor-biocio-1.12.0-r43hdfd78af_0.tar.bz2#bff7970f9c895f54216ca423a271e3dc
https://conda.anaconda.org/bioconda/linux-64/bioconductor-iranges-2.36.0-r43ha9d7317_2.tar.bz2#cca51afd40439bea147c1adf9857bec0
https://conda.anaconda.org/conda-forge/noarch/r-doparallel-1.0.17-r43hc72bb7e_3.conda#4206403c7e833e5c4eaa75c7d110ca2a
https://conda.anaconda.org/conda-forge/linux-64/r-e1071-1.7_16-r43h93ab643_0.conda#deec964f274f54c0e4f83bd5b7be5de6
https://conda.anaconda.org/conda-forge/noarch/r-futile.logger-1.4.3-r43hc72bb7e_1006.conda#dbfd04b54b6ac781070393f2184b3c6d
https://conda.anaconda.org/conda-forge/noarch/r-future-1.58.0-r43h785f33e_0.conda#355016a4d85db47aa7d98dccb5170cf7
https://conda.anaconda.org/conda-forge/noarch/r-gtable-0.3.6-r43hc72bb7e_0.conda#08f643f31ac131aa067e42ad5f832313
https://conda.anaconda.org/conda-forge/linux-64/r-htmltools-0.5.8.1-r43ha18555a_1.conda#7b26688542e1b7a39fc62affeef9d32e
https://conda.anaconda.org/conda-forge/noarch/r-knitr-1.50-r43hc72bb7e_0.conda#8223b7a4d358fa5b5f8403c33885be13
https://conda.anaconda.org/conda-forge/linux-64/r-lubridate-1.9.4-r43h2b5f3a1_0.conda#ea3d9586d87bb3644505fe792e84f884
https://conda.anaconda.org/conda-forge/noarch/r-memoise-2.0.1-r43hc72bb7e_3.conda#98e3d2eb6635a5f7b8af487f47184a98
https://conda.anaconda.org/conda-forge/linux-64/r-mgcv-1.9_3-r43h2ae2be5_0.conda#66398dfe29e3bc9c415393ddb4ea864c
https://conda.anaconda.org/conda-forge/linux-64/r-openssl-2.3.3-r43he8289e2_0.conda#00a4cd47c633cd3c83f3e5e960b3ddf5
https://conda.anaconda.org/conda-forge/linux-64/r-proc-1.18.5-r43ha18555a_1.conda#1d7db1e76a22b4bee1e95d67ef62bfd9
https://conda.anaconda.org/conda-forge/linux-64/r-promises-1.3.2-r43h93ab643_0.conda#100d31bb74177a5bdc62654a0797ae8a
https://conda.anaconda.org/bioconda/linux-64/r-restfulr-0.0.15-r43h56115f1_4.tar.bz2#98d1b64d34553c9cafe9ad01bd956844
https://conda.anaconda.org/conda-forge/noarch/r-scales-1.4.0-r43hc72bb7e_0.conda#ba5fa427e6421aded56f95bd925e3572
https://conda.anaconda.org/conda-forge/linux-64/r-survival-3.8_3-r43h2b5f3a1_0.conda#e0310ee9becb6ac350695e7e8c42c2e9
https://conda.anaconda.org/conda-forge/linux-64/r-vctrs-0.6.5-r43h0d4f4ea_1.conda#7f4c30bb576acec2a682c40790c2d406
https://conda.anaconda.org/bioconda/linux-64/bioconductor-biocparallel-1.36.0-r43hf17093f_2.tar.bz2#6e03fcbba328db0b9f2a722ce663e916
https://conda.anaconda.org/bioconda/noarch/bioconductor-genomeinfodb-1.38.1-r43hdfd78af_1.tar.bz2#03e20a01b672b693c9470dec80d83993
https://conda.anaconda.org/bioconda/linux-64/bioconductor-s4arrays-1.2.0-r43ha9d7317_2.tar.bz2#28fd3fe7fd8d087c1cfa7805bbd16661
https://conda.anaconda.org/bioconda/linux-64/bioconductor-xvector-0.42.0-r43ha9d7317_2.tar.bz2#16f45b1c97517cc3d063a442a43689a4
https://conda.anaconda.org/conda-forge/noarch/r-blob-1.2.4-r43hc72bb7e_2.conda#c0111a5bf605a519c06fc7a8b15ee7c2
https://conda.anaconda.org/conda-forge/linux-64/r-clock-0.7.3-r43h93ab643_0.conda#6a8cba97e4071c32cec7bb7e0c4b6e1c
https://conda.anaconda.org/conda-forge/noarch/r-crosstalk-1.2.1-r43hc72bb7e_1.conda#c7d263b41b8fdc09bcc9be0176571274
https://conda.anaconda.org/conda-forge/noarch/r-fontawesome-0.5.3-r43hc72bb7e_0.conda#e2061ac4dd2fcbcd59611167f03eec19
https://conda.anaconda.org/conda-forge/noarch/r-future.apply-1.20.0-r43hc72bb7e_0.conda#81aa60fb06652f5e0daa293d9122a236
https://conda.anaconda.org/conda-forge/noarch/r-hms-1.1.3-r43hc72bb7e_2.conda#5eed9ddd04bbb39ecf29045e2b4cc079
https://conda.anaconda.org/conda-forge/linux-64/r-httpuv-1.6.15-r43ha18555a_1.conda#c009717467781f6dc53fb44499d2820f
https://conda.anaconda.org/conda-forge/noarch/r-httr-1.4.7-r43hc72bb7e_1.conda#746050b53c705dbe5ac9c5fbce51737a
https://conda.anaconda.org/conda-forge/noarch/r-jose-1.2.1-r43hc72bb7e_0.conda#cbd0963f7de380887a2be29a597aab81
https://conda.anaconda.org/conda-forge/noarch/r-jquerylib-0.1.4-r43hc72bb7e_3.conda#39eb4928bdd8752b548f7cbe8fa7cabd
https://conda.anaconda.org/conda-forge/noarch/r-pillar-1.11.0-r43hc72bb7e_0.conda#657672af86f156a821b7a8d5ac88f916
https://conda.anaconda.org/conda-forge/linux-64/r-purrr-1.1.0-r43h54b55ab_0.conda#b38b66e713a00d34363835caab286412
https://conda.anaconda.org/conda-forge/linux-64/r-sass-0.4.10-r43h93ab643_0.conda#7e74b09775521a8ac1464c413e3c2646
https://conda.anaconda.org/conda-forge/linux-64/r-sparsevctrs-0.3.4-r43h2b5f3a1_0.conda#7234984d2ca3f6d4a6ee31cfa37729d3
https://conda.anaconda.org/conda-forge/noarch/r-stringr-1.5.1-r43h785f33e_1.conda#b997c27a396a991db9fba6ad9c07da40
https://conda.anaconda.org/conda-forge/noarch/r-tidyselect-1.2.1-r43hc72bb7e_1.conda#f55367f874307bb57575ac1506079178
https://conda.anaconda.org/bioconda/linux-64/bioconductor-biostrings-2.70.1-r43ha9d7317_2.tar.bz2#4cb6e5507bdb6d9bb8403e55d7996b22
https://conda.anaconda.org/bioconda/linux-64/bioconductor-genomicranges-1.54.1-r43ha9d7317_2.tar.bz2#01031256b035b2d4a15c14b690be39aa
https://conda.anaconda.org/bioconda/linux-64/bioconductor-sparsearray-1.2.2-r43ha9d7317_2.tar.bz2#41f1e8c1cfb7ff594e923c05e02d9ecb
https://conda.anaconda.org/conda-forge/noarch/r-bslib-0.9.0-r43hc72bb7e_0.conda#7d028d04efd751bc558a6aaab0940f15
https://conda.anaconda.org/conda-forge/noarch/r-lava-1.8.1-r43hc72bb7e_0.conda#0e3e78dcd3e5512625e032dc251cbdf0
https://conda.anaconda.org/conda-forge/noarch/r-pkgmaker-0.32.10-r43hc72bb7e_2.conda#f08fcaff1760bd8762f38e4def0893aa
https://conda.anaconda.org/conda-forge/noarch/r-progress-1.2.3-r43hc72bb7e_1.conda#e50711aa4ed08fae208148998c92f296
https://conda.anaconda.org/conda-forge/linux-64/r-reshape2-1.4.4-r43h0d4f4ea_4.conda#45c563cc9243b5243331b57a4dc445f0
https://conda.anaconda.org/conda-forge/noarch/r-rsconnect-1.4.2-r43hc72bb7e_0.conda#8cbcd2e94599de219bba2fbd23f1d815
https://conda.anaconda.org/conda-forge/linux-64/r-rsqlite-2.4.1-r43h93ab643_0.conda#7d59950673aecd00d8484f9ce7f2b6ca
https://conda.anaconda.org/conda-forge/linux-64/r-tibble-3.3.0-r43h2b5f3a1_0.conda#e12f4dc87c2ab21d2e4384cbf8f42111
https://conda.anaconda.org/bioconda/linux-64/bioconductor-delayedarray-0.28.0-r43ha9d7317_2.tar.bz2#cec6a218547ee2af2b823957a373a655
https://conda.anaconda.org/bioconda/noarch/bioconductor-keggrest-1.42.0-r43hdfd78af_0.tar.bz2#54323027d5b00c42545a8b7870d95bbf
https://conda.anaconda.org/bioconda/linux-64/bioconductor-rsamtools-2.18.0-r43hf17093f_2.tar.bz2#649c836338a512590feb763f9eb41870
https://conda.anaconda.org/conda-forge/linux-64/r-dplyr-1.1.4-r43h0d4f4ea_1.conda#ab942d9107cdd78e74410f9ec48e50c7
https://conda.anaconda.org/conda-forge/noarch/r-ggplot2-3.5.2-r43hc72bb7e_0.conda#0245640d7215b4e4f1f07ce7cb08378f
https://conda.anaconda.org/conda-forge/noarch/r-hardhat-1.4.1-r43hc72bb7e_0.conda#e05111b91087575e374881be9702282d
https://conda.anaconda.org/conda-forge/noarch/r-rmarkdown-2.29-r43hc72bb7e_0.conda#5ecdb9c42acf2f0730c9793dfac09b8d
https://conda.anaconda.org/conda-forge/noarch/r-rngtools-1.5.2-r43hc72bb7e_3.conda#01419fe217ffd7f3b2120e33bf7a1247
https://conda.anaconda.org/conda-forge/noarch/r-shiny-1.11.1-r43h785f33e_0.conda#dbb92d87b031bd628fcbf3b115dd451f
https://conda.anaconda.org/conda-forge/linux-64/r-vroom-1.6.5-r43h0d4f4ea_1.conda#2fc1d56664063aaa4ffd43a702a71baf
https://conda.anaconda.org/bioconda/noarch/bioconductor-annotationdbi-1.64.1-r43hdfd78af_0.tar.bz2#2fb7b9df6be98331067946cc8183c92f
https://conda.anaconda.org/bioconda/noarch/bioconductor-summarizedexperiment-1.32.0-r43hdfd78af_0.tar.bz2#6bed161da6d64cef9f9ebd5fbc2452e7
https://conda.anaconda.org/conda-forge/noarch/r-cowplot-1.2.0-r43hc72bb7e_0.conda#2ac51f0611a974f6ef174f1a5ee539f4
https://conda.anaconda.org/conda-forge/noarch/r-ggdendro-0.2.0-r43hc72bb7e_1.conda#337668e73e80390ad78352346b5bb955
https://conda.anaconda.org/conda-forge/noarch/r-htmlwidgets-1.6.4-r43h785f33e_3.conda#70fe86ab3d54f9a4daf938aedf2d1734
https://conda.anaconda.org/conda-forge/linux-64/r-nmf-0.21.0-r43h0d4f4ea_1007.conda#ef7119d0515399f227c2ed1e3c566f93
https://conda.anaconda.org/conda-forge/linux-64/r-prodlim-2025.04.28-r43h93ab643_0.conda#2d272f5f6b99b79ab4c2e6df43f8895d
https://conda.anaconda.org/conda-forge/noarch/r-quarto-1.4.4-r43hc72bb7e_1.conda#940c45785ae7404f5f4bfc61f93fd433
https://conda.anaconda.org/conda-forge/linux-64/r-readr-2.1.5-r43h0d4f4ea_1.conda#e3ffadf38171b07d753f0bb4f744d73f
https://conda.anaconda.org/conda-forge/linux-64/r-tidyr-1.3.1-r43h0d4f4ea_1.conda#f3e46eed831fa7cbce60dfead1ff6268
https://conda.anaconda.org/bioconda/linux-64/bioconductor-genomicalignments-1.38.0-r43ha9d7317_1.tar.bz2#40d3b9f5ce4f14c611a8b7bcb6cfe863
https://conda.anaconda.org/bioconda/noarch/bioconductor-quantiseqr-1.10.0-r43hdfd78af_0.tar.bz2#2d1d8c0bc665a6ebbc1f76ab2d393a84
https://conda.anaconda.org/conda-forge/noarch/r-dbplyr-2.5.0-r43hc72bb7e_1.conda#73cd48c8632ca1a98381cc0f1ebed3d4
https://conda.anaconda.org/conda-forge/noarch/r-dt-0.33-r43hc72bb7e_1.conda#4eb6bb2fc9da28a4777a83394641aefc
https://conda.anaconda.org/conda-forge/noarch/r-formattable-0.2.1-r43ha770c72_3.conda#ec04698b282961ec6ff914f0f8562435
https://conda.anaconda.org/conda-forge/noarch/r-ggalluvial-0.12.5-r43hc72bb7e_2.conda#b87ed3cda1393a882ada05efb801e738
https://conda.anaconda.org/conda-forge/linux-64/r-ipred-0.9_15-r43hdb488b9_1.conda#45bd44a48d22dfdbcf353801002c34ce
https://conda.anaconda.org/conda-forge/noarch/r-plotly-4.11.0-r43hc72bb7e_0.conda#4b8a9585f0ed81d15a96bc0b67bf8387
https://conda.anaconda.org/bioconda/noarch/bioconductor-biocfilecache-2.10.1-r43hdfd78af_0.tar.bz2#532a3a1ca1cc38e1d31e56f1de94fec4
https://conda.anaconda.org/bioconda/linux-64/bioconductor-rtracklayer-1.62.0-r43ha9d7317_1.tar.bz2#aff737773db5cb07a54402dca6be064c
https://conda.anaconda.org/conda-forge/noarch/r-recipes-1.3.1-r43hc72bb7e_0.conda#725485e2241684d34628feee62655502
https://conda.anaconda.org/bioconda/noarch/bioconductor-biomart-2.58.0-r43hdfd78af_0.tar.bz2#863f49a8729f533415ec09e562fa7f3c
https://conda.anaconda.org/bioconda/noarch/bioconductor-bsgenome-1.70.1-r43hdfd78af_0.tar.bz2#f512b74569fb95a2903444ce684a49f8
https://conda.anaconda.org/conda-forge/linux-64/r-caret-6.0_94-r43hdb488b9_2.conda#17362d3b7f9ea633d976c021dbb89b3d
https://conda.anaconda.org/bioconda/noarch/bioconductor-bsgenome.hsapiens.ucsc.hg19-1.4.3-r43hdfd78af_8.tar.bz2#aa0bff7db3b121aaaa5c7d95fab9e716
https://conda.anaconda.org/bioconda/noarch/bioconductor-bsgenome.hsapiens.ucsc.hg38-1.4.5-r43hdfd78af_2.tar.bz2#3b72021dfa812d6e93f3a88d89ff788f
https://conda.anaconda.org/bioconda/noarch/bioconductor-genomicfeatures-1.54.1-r43hdfd78af_0.tar.bz2#445ea419486180673fffc192b5fe8edb
https://conda.anaconda.org/bioconda/linux-64/bioconductor-variantannotation-1.48.1-r43ha9d7317_1.tar.bz2#01c0b8e76583c3f8872e3181dd06ffbd
https://conda.anaconda.org/bioconda/noarch/bioconductor-mutationalpatterns-3.12.0-r43hdfd78af_0.tar.bz2#d22030798f7d464ddb092e4651625210
https://conda.anaconda.org/pcgr/noarch/r-pcgrr-2.2.2-r43_0.tar.bz2#3d6b1414d890ae33fd82878cdeffe077
https://conda.anaconda.org/pcgr/noarch/r-cpsr-2.2.1-r43_0.tar.bz2#29946985033c9f27787108cd86076235
